// !$*UTF8*$!
{
	archiveVersion = 1;
	classes = {
	};
	objectVersion = 60;
	objects = {

/* Begin PBXBuildFile section */
		8507204B2B54692F0057B8BC /* widgetPopup.swift in Sources */ = {isa = PBXBuildFile; fileRef = 8507204A2B54692F0057B8BC /* widgetPopup.swift */; };
		850958A72AB8F41D00018A32 /* HotSeat.swift in Sources */ = {isa = PBXBuildFile; fileRef = A20EBD062AB8A36100EFDDE8 /* HotSeat.swift */; };
		850958AA2AB8F82D00018A32 /* LuckiestGuy-Regular.ttf in Resources */ = {isa = PBXBuildFile; fileRef = 850958A92AB8F82D00018A32 /* LuckiestGuy-Regular.ttf */; };
		850958AB2AB8F82D00018A32 /* LuckiestGuy-Regular.ttf in Resources */ = {isa = PBXBuildFile; fileRef = 850958A92AB8F82D00018A32 /* LuckiestGuy-Regular.ttf */; };
		850958AC2AB8F82D00018A32 /* LuckiestGuy-Regular.ttf in Resources */ = {isa = PBXBuildFile; fileRef = 850958A92AB8F82D00018A32 /* LuckiestGuy-Regular.ttf */; };
		8534B8B92B8001660089AD5C /* NewPollView.swift in Sources */ = {isa = PBXBuildFile; fileRef = 8534B8B82B8001660089AD5C /* NewPollView.swift */; };
		853A641C2C0D380E00041CA1 /* textTest.swift in Sources */ = {isa = PBXBuildFile; fileRef = 853A641B2C0D380E00041CA1 /* textTest.swift */; };
		856E80B12B50E9D00078A2CE /* PencilKitPractice.swift in Sources */ = {isa = PBXBuildFile; fileRef = 856E80B02B50E9CF0078A2CE /* PencilKitPractice.swift */; };
		856E80B92B50EB260078A2CE /* CardView.swift in Sources */ = {isa = PBXBuildFile; fileRef = 856E80B42B50EB260078A2CE /* CardView.swift */; };
		856E80BA2B50EB260078A2CE /* SabotageSelectionView.swift in Sources */ = {isa = PBXBuildFile; fileRef = 856E80B52B50EB260078A2CE /* SabotageSelectionView.swift */; };
		856E80BB2B50EB260078A2CE /* SabotageGameView.swift in Sources */ = {isa = PBXBuildFile; fileRef = 856E80B62B50EB260078A2CE /* SabotageGameView.swift */; };
		856E80BC2B50EB260078A2CE /* SabotageCarouselView.swift in Sources */ = {isa = PBXBuildFile; fileRef = 856E80B72B50EB260078A2CE /* SabotageCarouselView.swift */; };
		856E80BD2B50EB260078A2CE /* SabotageGameViewModel.swift in Sources */ = {isa = PBXBuildFile; fileRef = 856E80B82B50EB260078A2CE /* SabotageGameViewModel.swift */; };
		8573EC892AE6EF4A00CFB579 /* HeartParticle.swift in Sources */ = {isa = PBXBuildFile; fileRef = 8573EC882AE6EF4A00CFB579 /* HeartParticle.swift */; };
		8573EC8B2AE6EF9C00CFB579 /* ParticleView.swift in Sources */ = {isa = PBXBuildFile; fileRef = 8573EC8A2AE6EF9C00CFB579 /* ParticleView.swift */; };
		85741EA82AD03A0C0085423E /* CarouselPractice.swift in Sources */ = {isa = PBXBuildFile; fileRef = 85741EA72AD03A0C0085423E /* CarouselPractice.swift */; };
		85741EAA2AD03B2C0085423E /* SnapCarouselPractice.swift in Sources */ = {isa = PBXBuildFile; fileRef = 85741EA92AD03B2C0085423E /* SnapCarouselPractice.swift */; };
		85741EAF2AD03D370085423E /* PostModel.swift in Sources */ = {isa = PBXBuildFile; fileRef = 85741EAE2AD03D370085423E /* PostModel.swift */; };
		858128412BFE454000AAF1D1 /* NewTextWidgetView.swift in Sources */ = {isa = PBXBuildFile; fileRef = 858128402BFE454000AAF1D1 /* NewTextWidgetView.swift */; };
		85A6766B2AE9C19B003ECAAA /* MessageBubble.swift in Sources */ = {isa = PBXBuildFile; fileRef = 85A6766A2AE9C19B003ECAAA /* MessageBubble.swift */; };
		85A6766D2AE9C6BB003ECAAA /* MessageField.swift in Sources */ = {isa = PBXBuildFile; fileRef = 85A6766C2AE9C6BB003ECAAA /* MessageField.swift */; };
		8576048E2C1A56B9007F5B0E /* SendLink.swift in Sources */ = {isa = PBXBuildFile; fileRef = 8576048D2C1A56B9007F5B0E /* SendLink.swift */; };
		858128412BFE454000AAF1D1 /* TextWidgetAlpha.swift in Sources */ = {isa = PBXBuildFile; fileRef = 858128402BFE454000AAF1D1 /* TextWidgetAlpha.swift */; };
		85BB02F02B5D077E00B9A9EA /* ToolPickerPractice.swift in Sources */ = {isa = PBXBuildFile; fileRef = 85BB02EF2B5D077E00B9A9EA /* ToolPickerPractice.swift */; };
		85C6759A2AB8EE5B00FACCB2 /* HotSeatManager.swift in Sources */ = {isa = PBXBuildFile; fileRef = A20EBD082AB8A36100EFDDE8 /* HotSeatManager.swift */; };
		85C6759B2AB8EE6100FACCB2 /* SuperlativeGame.swift in Sources */ = {isa = PBXBuildFile; fileRef = A20EBD092AB8A36100EFDDE8 /* SuperlativeGame.swift */; };
		A200F21B2C0026B400BC1005 /* FirebaseMessaging in Frameworks */ = {isa = PBXBuildFile; productRef = A200F21A2C0026B400BC1005 /* FirebaseMessaging */; };
		A246A42E2B43A1B700F0F6E6 /* NewWidgetView.swift in Sources */ = {isa = PBXBuildFile; fileRef = A246A42D2B43A1B700F0F6E6 /* NewWidgetView.swift */; };
		A257D7842A6D707600A4E7BD /* TwoCentsApp.swift in Sources */ = {isa = PBXBuildFile; fileRef = A257D7832A6D707600A4E7BD /* TwoCentsApp.swift */; };
		A257D7862A6D707600A4E7BD /* ContentView.swift in Sources */ = {isa = PBXBuildFile; fileRef = A257D7852A6D707600A4E7BD /* ContentView.swift */; };
		A257D7882A6D707800A4E7BD /* Assets.xcassets in Resources */ = {isa = PBXBuildFile; fileRef = A257D7872A6D707800A4E7BD /* Assets.xcassets */; };
		A257D78B2A6D707800A4E7BD /* Preview Assets.xcassets in Resources */ = {isa = PBXBuildFile; fileRef = A257D78A2A6D707800A4E7BD /* Preview Assets.xcassets */; };
		A257D7952A6D707800A4E7BD /* TwoCentsTests.swift in Sources */ = {isa = PBXBuildFile; fileRef = A257D7942A6D707800A4E7BD /* TwoCentsTests.swift */; };
		A257D79F2A6D707800A4E7BD /* TwoCentsUITests.swift in Sources */ = {isa = PBXBuildFile; fileRef = A257D79E2A6D707800A4E7BD /* TwoCentsUITests.swift */; };
		A257D7A12A6D707800A4E7BD /* TwoCentsUITestsLaunchTests.swift in Sources */ = {isa = PBXBuildFile; fileRef = A257D7A02A6D707800A4E7BD /* TwoCentsUITestsLaunchTests.swift */; };
		A26809CA2AB8A77E003B30DE /* VoteGameReal.swift in Sources */ = {isa = PBXBuildFile; fileRef = A20EBD072AB8A36100EFDDE8 /* VoteGameReal.swift */; };
		A2AFFDDC2B154C7000B14C1E /* ChatWidget.swift in Sources */ = {isa = PBXBuildFile; fileRef = A2AFFDDB2B154C7000B14C1E /* ChatWidget.swift */; };
		A2DAF34B2C07CB1C00E778FA /* Notifcations.swift in Sources */ = {isa = PBXBuildFile; fileRef = A2DAF34A2C07CB1C00E778FA /* Notifcations.swift */; };
		A2DDB1B92BB6806C00243E1B /* PollWidget.swift in Sources */ = {isa = PBXBuildFile; fileRef = A2DDB1B82BB6806C00243E1B /* PollWidget.swift */; };
		A2DDB1BB2BB693FD00243E1B /* NewPollViewModel.swift in Sources */ = {isa = PBXBuildFile; fileRef = A2DDB1BA2BB693FD00243E1B /* NewPollViewModel.swift */; };
		A2DDB1BE2BB69DD800243E1B /* Poll.swift in Sources */ = {isa = PBXBuildFile; fileRef = A2DDB1BD2BB69DD800243E1B /* Poll.swift */; };
		A2E5F52B2B5A12D30019C6ED /* DrawingCanvas.swift in Sources */ = {isa = PBXBuildFile; fileRef = A2E5F52A2B5A12D30019C6ED /* DrawingCanvas.swift */; };
		A2F5631E2AB4E6240026D8C9 /* CanvasPage.swift in Sources */ = {isa = PBXBuildFile; fileRef = A2F563182AB4E6240026D8C9 /* CanvasPage.swift */; };
		A2F563222AB4E6700026D8C9 /* MessageManager.swift in Sources */ = {isa = PBXBuildFile; fileRef = A2F563202AB4E6700026D8C9 /* MessageManager.swift */; };
		A2F563232AB4E6700026D8C9 /* ChattingView.swift in Sources */ = {isa = PBXBuildFile; fileRef = A2F563212AB4E6700026D8C9 /* ChattingView.swift */; };
		AB01CB5F2B855E83004BEB5B /* TextWidget.swift in Sources */ = {isa = PBXBuildFile; fileRef = AB01CB5E2B855E83004BEB5B /* TextWidget.swift */; };
		AB0D07662AE6FB95003AC8A4 /* SpacesView.swift in Sources */ = {isa = PBXBuildFile; fileRef = AB0D07652AE6FB95003AC8A4 /* SpacesView.swift */; };
		AB15AC0B2AF6F00C0055D5D0 /* SpaceProfilePicView.swift in Sources */ = {isa = PBXBuildFile; fileRef = AB15AC0A2AF6F00C0055D5D0 /* SpaceProfilePicView.swift */; };
		AB15AC0D2AF6F01B0055D5D0 /* SpaceProfilePicViewModel.swift in Sources */ = {isa = PBXBuildFile; fileRef = AB15AC0C2AF6F01B0055D5D0 /* SpaceProfilePicViewModel.swift */; };
		AB2E56C62AE9B9210096A58C /* CreateSpacesView.swift in Sources */ = {isa = PBXBuildFile; fileRef = AB2E56C52AE9B9210096A58C /* CreateSpacesView.swift */; };
		AB2E56C82AE9B9590096A58C /* CreateSpacesViewModel.swift in Sources */ = {isa = PBXBuildFile; fileRef = AB2E56C72AE9B9590096A58C /* CreateSpacesViewModel.swift */; };
		AB2E56CA2AE9BB410096A58C /* SpaceManager.swift in Sources */ = {isa = PBXBuildFile; fileRef = AB2E56C92AE9BB410096A58C /* SpaceManager.swift */; };
		AB2E56CD2AE9C59D0096A58C /* VoteGameView.swift in Sources */ = {isa = PBXBuildFile; fileRef = AB2E56CC2AE9C59D0096A58C /* VoteGameView.swift */; };
		AB2E56CF2AE9C5E60096A58C /* ResultView.swift in Sources */ = {isa = PBXBuildFile; fileRef = AB2E56CE2AE9C5E60096A58C /* ResultView.swift */; };
		AB2E56D12AE9C62C0096A58C /* CapsuleView.swift in Sources */ = {isa = PBXBuildFile; fileRef = AB2E56D02AE9C62C0096A58C /* CapsuleView.swift */; };
		AB2E56D32AE9C6F00096A58C /* VoteGameViewModel.swift in Sources */ = {isa = PBXBuildFile; fileRef = AB2E56D22AE9C6F00096A58C /* VoteGameViewModel.swift */; };
		AB300FAE2AC7406500C6719D /* FriendsViewModel.swift in Sources */ = {isa = PBXBuildFile; fileRef = AB300FAD2AC7406500C6719D /* FriendsViewModel.swift */; };
		AB300FB02AC7407000C6719D /* FriendsView.swift in Sources */ = {isa = PBXBuildFile; fileRef = AB300FAF2AC7407000C6719D /* FriendsView.swift */; };
		AB4C1E4F2A8785BF00588160 /* ColorSelectionView.swift in Sources */ = {isa = PBXBuildFile; fileRef = AB4C1E4E2A8785BF00588160 /* ColorSelectionView.swift */; };
		AB58C1E22BDAED9A000B0AC1 /* SpaceSettingsView.swift in Sources */ = {isa = PBXBuildFile; fileRef = AB58C1E12BDAED9A000B0AC1 /* SpaceSettingsView.swift */; };
		AB58C1E62BDAF54B000B0AC1 /* SpaceSettingsViewModel.swift in Sources */ = {isa = PBXBuildFile; fileRef = AB58C1E52BDAF54B000B0AC1 /* SpaceSettingsViewModel.swift */; };
		AB6778E22AB8F67300C11AA7 /* ImageWidget.swift in Sources */ = {isa = PBXBuildFile; fileRef = AB6778E12AB8F67300C11AA7 /* ImageWidget.swift */; };
		AB6778E42AB8F67800C11AA7 /* CanvasWidget.swift in Sources */ = {isa = PBXBuildFile; fileRef = AB6778E32AB8F67800C11AA7 /* CanvasWidget.swift */; };
		AB6778E62AB8F67D00C11AA7 /* VideoWidget.swift in Sources */ = {isa = PBXBuildFile; fileRef = AB6778E52AB8F67D00C11AA7 /* VideoWidget.swift */; };
		AB69F03D2C1D188E00B81E79 /* SignInPhoneNumberView.swift in Sources */ = {isa = PBXBuildFile; fileRef = AB69F03C2C1D188E00B81E79 /* SignInPhoneNumberView.swift */; };
		AB69F03F2C1D189800B81E79 /* SignInPhoneNumberViewModel.swift in Sources */ = {isa = PBXBuildFile; fileRef = AB69F03E2C1D189800B81E79 /* SignInPhoneNumberViewModel.swift */; };
		AB69F0412C1D2BC700B81E79 /* VerifyCodeView.swift in Sources */ = {isa = PBXBuildFile; fileRef = AB69F0402C1D2BC700B81E79 /* VerifyCodeView.swift */; };
		AB69F0432C1D2C1D00B81E79 /* VerifyCodeViewModel.swift in Sources */ = {isa = PBXBuildFile; fileRef = AB69F0422C1D2C1D00B81E79 /* VerifyCodeViewModel.swift */; };
		AB6EA60A2B879B7C00CC90FF /* CanvasPageViewModel.swift in Sources */ = {isa = PBXBuildFile; fileRef = AB6EA6092B879B7C00CC90FF /* CanvasPageViewModel.swift */; };
		AB6EA60C2B87A1FE00CC90FF /* EmojiReactionsView.swift in Sources */ = {isa = PBXBuildFile; fileRef = AB6EA60B2B87A1FE00CC90FF /* EmojiReactionsView.swift */; };
		AB6EA6102B87A27D00CC90FF /* SplashView.swift in Sources */ = {isa = PBXBuildFile; fileRef = AB6EA60F2B87A27D00CC90FF /* SplashView.swift */; };
		AB7365812C1BE6F8003A9120 /* SignUpPhoneNumberView.swift in Sources */ = {isa = PBXBuildFile; fileRef = AB7365802C1BE6F8003A9120 /* SignUpPhoneNumberView.swift */; };
		AB7365832C1BE711003A9120 /* SignUpPhoneNumberViewModel.swift in Sources */ = {isa = PBXBuildFile; fileRef = AB7365822C1BE711003A9120 /* SignUpPhoneNumberViewModel.swift */; };
		AB7365BB2A85060F00799D31 /* GoogleService-Info.plist in Resources */ = {isa = PBXBuildFile; fileRef = AB7365BA2A85060F00799D31 /* GoogleService-Info.plist */; };
		AB7438412AAA349C001B4988 /* SearchUserView.swift in Sources */ = {isa = PBXBuildFile; fileRef = AB7438402AAA349C001B4988 /* SearchUserView.swift */; };
		AB7438432AAA34AD001B4988 /* SearchUserViewModel.swift in Sources */ = {isa = PBXBuildFile; fileRef = AB7438422AAA34AD001B4988 /* SearchUserViewModel.swift */; };
		AB7F3AEE2C164CF000690EF1 /* NewTextWidgetViewModel.swift in Sources */ = {isa = PBXBuildFile; fileRef = AB7F3AED2C164CF000690EF1 /* NewTextWidgetViewModel.swift */; };
		AB842C0B2A91E27E00E4A7CE /* FirebaseStorage in Frameworks */ = {isa = PBXBuildFile; productRef = AB842C0A2A91E27E00E4A7CE /* FirebaseStorage */; };
		AB842C0E2A91E2B500E4A7CE /* StorageManager.swift in Sources */ = {isa = PBXBuildFile; fileRef = AB842C0D2A91E2B500E4A7CE /* StorageManager.swift */; };
		AB842C102A91E52000E4A7CE /* ProfileViewModel.swift in Sources */ = {isa = PBXBuildFile; fileRef = AB842C0F2A91E52000E4A7CE /* ProfileViewModel.swift */; };
		AB842C122A91F36300E4A7CE /* CustomizeProfileView.swift in Sources */ = {isa = PBXBuildFile; fileRef = AB842C112A91F36300E4A7CE /* CustomizeProfileView.swift */; };
		AB842C142A91F36D00E4A7CE /* CustomizeProfileViewModel.swift in Sources */ = {isa = PBXBuildFile; fileRef = AB842C132A91F36D00E4A7CE /* CustomizeProfileViewModel.swift */; };
		AB8C6E202AE6FBD50005B7F9 /* SpacesViewModel.swift in Sources */ = {isa = PBXBuildFile; fileRef = AB8C6E1F2AE6FBD50005B7F9 /* SpacesViewModel.swift */; };
		AB90021A2A8B85BD00F970B8 /* UploadExample.swift in Sources */ = {isa = PBXBuildFile; fileRef = AB9002192A8B85BD00F970B8 /* UploadExample.swift */; };
		AB90021D2A8B85DA00F970B8 /* UploadExampleViewModel.swift in Sources */ = {isa = PBXBuildFile; fileRef = AB90021C2A8B85DA00F970B8 /* UploadExampleViewModel.swift */; };
		AB90EDB92B54EB78002AD855 /* CustomizeWidgetView.swift in Sources */ = {isa = PBXBuildFile; fileRef = AB90EDB82B54EB78002AD855 /* CustomizeWidgetView.swift */; };
		AB90EDBB2B54FDAD002AD855 /* CustomizeWidgetViewModel.swift in Sources */ = {isa = PBXBuildFile; fileRef = AB90EDBA2B54FDAD002AD855 /* CustomizeWidgetViewModel.swift */; };
		AB90EDBD2B55BB59002AD855 /* NewWidgetViewModel.swift in Sources */ = {isa = PBXBuildFile; fileRef = AB90EDBC2B55BB59002AD855 /* NewWidgetViewModel.swift */; };
		AB9455232A9468130055B44A /* ColorPickerWidget.swift in Sources */ = {isa = PBXBuildFile; fileRef = AB9455222A9468130055B44A /* ColorPickerWidget.swift */; };
		AB9909AB2ABE3BF2004B3021 /* FriendRequestsView.swift in Sources */ = {isa = PBXBuildFile; fileRef = AB9909AA2ABE3BF2004B3021 /* FriendRequestsView.swift */; };
		AB9909AD2ABE3C1B004B3021 /* FriendRequestsViewModel.swift in Sources */ = {isa = PBXBuildFile; fileRef = AB9909AC2ABE3C1B004B3021 /* FriendRequestsViewModel.swift */; };
		AB9BF6D52C06ECDB00C72883 /* PollWidgetSheetView.swift in Sources */ = {isa = PBXBuildFile; fileRef = AB9BF6D42C06ECDB00C72883 /* PollWidgetSheetView.swift */; };
		AB9C7F682BD83B1E004FC549 /* EmojiCountView.swift in Sources */ = {isa = PBXBuildFile; fileRef = AB9C7F672BD83B1E004FC549 /* EmojiCountView.swift */; };
		AB9EB95D2B1E805300F58EA5 /* ChatManager.swift in Sources */ = {isa = PBXBuildFile; fileRef = AB9EB95C2B1E805300F58EA5 /* ChatManager.swift */; };
		ABA45E7E2A7C8D8C0015F000 /* SignInEmailViewModel.swift in Sources */ = {isa = PBXBuildFile; fileRef = ABA45E7D2A7C8D8C0015F000 /* SignInEmailViewModel.swift */; };
		ABA45E812A7C8DC50015F000 /* ProfileView.swift in Sources */ = {isa = PBXBuildFile; fileRef = ABA45E802A7C8DC50015F000 /* ProfileView.swift */; };
		ABA45E842A7C92B00015F000 /* UserManager.swift in Sources */ = {isa = PBXBuildFile; fileRef = ABA45E832A7C92B00015F000 /* UserManager.swift */; };
		ABB68DB02C15268D00406948 /* TextWidgetViewModel.swift in Sources */ = {isa = PBXBuildFile; fileRef = ABB68DAF2C15268D00406948 /* TextWidgetViewModel.swift */; };
		ABB84C342A8CBA03009C7550 /* FrontPageView.swift in Sources */ = {isa = PBXBuildFile; fileRef = ABB84C332A8CBA03009C7550 /* FrontPageView.swift */; };
		ABC426B12A863D9F00873EE1 /* SignUpEmailView.swift in Sources */ = {isa = PBXBuildFile; fileRef = ABC426B02A863D9F00873EE1 /* SignUpEmailView.swift */; };
		ABC426B32A86438400873EE1 /* SignUpEmailViewModel.swift in Sources */ = {isa = PBXBuildFile; fileRef = ABC426B22A86438400873EE1 /* SignUpEmailViewModel.swift */; };
		ABC461E52BE28ECF00AE47FF /* TestView.swift in Sources */ = {isa = PBXBuildFile; fileRef = ABC461E42BE28ECE00AE47FF /* TestView.swift */; };
		ABCA39CA2A79F97D009447C3 /* FirebaseAnalytics in Frameworks */ = {isa = PBXBuildFile; productRef = ABCA39C92A79F97D009447C3 /* FirebaseAnalytics */; };
		ABCA39CC2A79F97D009447C3 /* FirebaseAnalyticsSwift in Frameworks */ = {isa = PBXBuildFile; productRef = ABCA39CB2A79F97D009447C3 /* FirebaseAnalyticsSwift */; };
		ABCA39CF2A79FBB5009447C3 /* FirebaseAuth in Frameworks */ = {isa = PBXBuildFile; productRef = ABCA39CE2A79FBB5009447C3 /* FirebaseAuth */; };
		ABCA39D22A79FC16009447C3 /* AuthenticationView.swift in Sources */ = {isa = PBXBuildFile; fileRef = ABCA39D12A79FC16009447C3 /* AuthenticationView.swift */; };
		ABCA39D42A79FFAD009447C3 /* SignInEmailView.swift in Sources */ = {isa = PBXBuildFile; fileRef = ABCA39D32A79FFAD009447C3 /* SignInEmailView.swift */; };
		ABCA39D62A7A0159009447C3 /* AuthenticationManager.swift in Sources */ = {isa = PBXBuildFile; fileRef = ABCA39D52A7A0159009447C3 /* AuthenticationManager.swift */; };
		ABCA39D82A7A0671009447C3 /* RootView.swift in Sources */ = {isa = PBXBuildFile; fileRef = ABCA39D72A7A0671009447C3 /* RootView.swift */; };
		ABCA39DA2A7A0881009447C3 /* SettingsView.swift in Sources */ = {isa = PBXBuildFile; fileRef = ABCA39D92A7A0881009447C3 /* SettingsView.swift */; };
		ABF172A52BFC47FC000B6F9B /* ChattingViewModel.swift in Sources */ = {isa = PBXBuildFile; fileRef = ABF172A42BFC47FC000B6F9B /* ChattingViewModel.swift */; };
		ABF172A72BFC6686000B6F9B /* AddMemberView.swift in Sources */ = {isa = PBXBuildFile; fileRef = ABF172A62BFC6686000B6F9B /* AddMemberView.swift */; };
		ABF172A92BFC66AD000B6F9B /* AddMemberViewModel.swift in Sources */ = {isa = PBXBuildFile; fileRef = ABF172A82BFC66AD000B6F9B /* AddMemberViewModel.swift */; };
		ABF556842A95046D00103880 /* ColorPickerWidgetViewModel.swift in Sources */ = {isa = PBXBuildFile; fileRef = ABF556832A95046D00103880 /* ColorPickerWidgetViewModel.swift */; };
		ABF556862A950BCB00103880 /* RootViewModel.swift in Sources */ = {isa = PBXBuildFile; fileRef = ABF556852A950BCB00103880 /* RootViewModel.swift */; };
		ABF56DF72A7C8B7A00F959DB /* FirebaseFirestore in Frameworks */ = {isa = PBXBuildFile; productRef = ABF56DF62A7C8B7A00F959DB /* FirebaseFirestore */; };
		ABF56DF92A7C8B7A00F959DB /* FirebaseFirestoreSwift in Frameworks */ = {isa = PBXBuildFile; productRef = ABF56DF82A7C8B7A00F959DB /* FirebaseFirestoreSwift */; };
		ABF56DFF2A7C8C5200F959DB /* SettingsViewModel.swift in Sources */ = {isa = PBXBuildFile; fileRef = ABF56DFE2A7C8C5200F959DB /* SettingsViewModel.swift */; };
/* End PBXBuildFile section */

/* Begin PBXContainerItemProxy section */
		A257D7912A6D707800A4E7BD /* PBXContainerItemProxy */ = {
			isa = PBXContainerItemProxy;
			containerPortal = A257D7782A6D707600A4E7BD /* Project object */;
			proxyType = 1;
			remoteGlobalIDString = A257D77F2A6D707600A4E7BD;
			remoteInfo = TwoCents;
		};
		A257D79B2A6D707800A4E7BD /* PBXContainerItemProxy */ = {
			isa = PBXContainerItemProxy;
			containerPortal = A257D7782A6D707600A4E7BD /* Project object */;
			proxyType = 1;
			remoteGlobalIDString = A257D77F2A6D707600A4E7BD;
			remoteInfo = TwoCents;
		};
/* End PBXContainerItemProxy section */

/* Begin PBXFileReference section */
		8507204A2B54692F0057B8BC /* widgetPopup.swift */ = {isa = PBXFileReference; lastKnownFileType = sourcecode.swift; path = widgetPopup.swift; sourceTree = "<group>"; };
		850958A82AB8F81200018A32 /* Info.plist */ = {isa = PBXFileReference; lastKnownFileType = text.plist; path = Info.plist; sourceTree = "<group>"; };
		850958A92AB8F82D00018A32 /* LuckiestGuy-Regular.ttf */ = {isa = PBXFileReference; lastKnownFileType = file; path = "LuckiestGuy-Regular.ttf"; sourceTree = "<group>"; };
		8534B8B82B8001660089AD5C /* NewPollView.swift */ = {isa = PBXFileReference; lastKnownFileType = sourcecode.swift; path = NewPollView.swift; sourceTree = "<group>"; };
		853A641B2C0D380E00041CA1 /* textTest.swift */ = {isa = PBXFileReference; lastKnownFileType = sourcecode.swift; path = textTest.swift; sourceTree = "<group>"; };
		856E80B02B50E9CF0078A2CE /* PencilKitPractice.swift */ = {isa = PBXFileReference; fileEncoding = 4; lastKnownFileType = sourcecode.swift; path = PencilKitPractice.swift; sourceTree = "<group>"; };
		856E80B42B50EB260078A2CE /* CardView.swift */ = {isa = PBXFileReference; fileEncoding = 4; lastKnownFileType = sourcecode.swift; path = CardView.swift; sourceTree = "<group>"; };
		856E80B52B50EB260078A2CE /* SabotageSelectionView.swift */ = {isa = PBXFileReference; fileEncoding = 4; lastKnownFileType = sourcecode.swift; path = SabotageSelectionView.swift; sourceTree = "<group>"; };
		856E80B62B50EB260078A2CE /* SabotageGameView.swift */ = {isa = PBXFileReference; fileEncoding = 4; lastKnownFileType = sourcecode.swift; path = SabotageGameView.swift; sourceTree = "<group>"; };
		856E80B72B50EB260078A2CE /* SabotageCarouselView.swift */ = {isa = PBXFileReference; fileEncoding = 4; lastKnownFileType = sourcecode.swift; path = SabotageCarouselView.swift; sourceTree = "<group>"; };
		856E80B82B50EB260078A2CE /* SabotageGameViewModel.swift */ = {isa = PBXFileReference; fileEncoding = 4; lastKnownFileType = sourcecode.swift; path = SabotageGameViewModel.swift; sourceTree = "<group>"; };
		8573EC882AE6EF4A00CFB579 /* HeartParticle.swift */ = {isa = PBXFileReference; lastKnownFileType = sourcecode.swift; path = HeartParticle.swift; sourceTree = "<group>"; };
		8573EC8A2AE6EF9C00CFB579 /* ParticleView.swift */ = {isa = PBXFileReference; lastKnownFileType = sourcecode.swift; path = ParticleView.swift; sourceTree = "<group>"; };
		85741EA72AD03A0C0085423E /* CarouselPractice.swift */ = {isa = PBXFileReference; lastKnownFileType = sourcecode.swift; path = CarouselPractice.swift; sourceTree = "<group>"; };
		85741EA92AD03B2C0085423E /* SnapCarouselPractice.swift */ = {isa = PBXFileReference; lastKnownFileType = sourcecode.swift; path = SnapCarouselPractice.swift; sourceTree = "<group>"; };
		85741EAE2AD03D370085423E /* PostModel.swift */ = {isa = PBXFileReference; lastKnownFileType = sourcecode.swift; path = PostModel.swift; sourceTree = "<group>"; };
		858128402BFE454000AAF1D1 /* NewTextWidgetView.swift */ = {isa = PBXFileReference; lastKnownFileType = sourcecode.swift; path = NewTextWidgetView.swift; sourceTree = "<group>"; };
		85A6766A2AE9C19B003ECAAA /* MessageBubble.swift */ = {isa = PBXFileReference; lastKnownFileType = sourcecode.swift; path = MessageBubble.swift; sourceTree = "<group>"; };
		85A6766C2AE9C6BB003ECAAA /* MessageField.swift */ = {isa = PBXFileReference; lastKnownFileType = sourcecode.swift; path = MessageField.swift; sourceTree = "<group>"; };
		8576048D2C1A56B9007F5B0E /* SendLink.swift */ = {isa = PBXFileReference; lastKnownFileType = sourcecode.swift; path = SendLink.swift; sourceTree = "<group>"; };
		858128402BFE454000AAF1D1 /* TextWidgetAlpha.swift */ = {isa = PBXFileReference; lastKnownFileType = sourcecode.swift; path = TextWidgetAlpha.swift; sourceTree = "<group>"; };
		85BB02EF2B5D077E00B9A9EA /* ToolPickerPractice.swift */ = {isa = PBXFileReference; lastKnownFileType = sourcecode.swift; path = ToolPickerPractice.swift; sourceTree = "<group>"; };
		85DDD0CC2AB4E79A008A9C56 /* VoteGameReal.swift */ = {isa = PBXFileReference; fileEncoding = 4; lastKnownFileType = sourcecode.swift; path = VoteGameReal.swift; sourceTree = "<group>"; };
		A2003C942AABA08300B1E551 /* Line.swift */ = {isa = PBXFileReference; lastKnownFileType = sourcecode.swift; path = Line.swift; sourceTree = "<group>"; };
		A20EBD062AB8A36100EFDDE8 /* HotSeat.swift */ = {isa = PBXFileReference; fileEncoding = 4; lastKnownFileType = sourcecode.swift; path = HotSeat.swift; sourceTree = "<group>"; };
		A20EBD072AB8A36100EFDDE8 /* VoteGameReal.swift */ = {isa = PBXFileReference; fileEncoding = 4; lastKnownFileType = sourcecode.swift; path = VoteGameReal.swift; sourceTree = "<group>"; };
		A20EBD082AB8A36100EFDDE8 /* HotSeatManager.swift */ = {isa = PBXFileReference; fileEncoding = 4; lastKnownFileType = sourcecode.swift; path = HotSeatManager.swift; sourceTree = "<group>"; };
		A20EBD092AB8A36100EFDDE8 /* SuperlativeGame.swift */ = {isa = PBXFileReference; fileEncoding = 4; lastKnownFileType = sourcecode.swift; path = SuperlativeGame.swift; sourceTree = "<group>"; };
		A2354EF52AA0D6CB0092BF1C /* ImageWidget.swift */ = {isa = PBXFileReference; fileEncoding = 4; lastKnownFileType = sourcecode.swift; path = ImageWidget.swift; sourceTree = "<group>"; };
		A2354EF72AA0D6CB0092BF1C /* CanvasWidget.swift */ = {isa = PBXFileReference; fileEncoding = 4; lastKnownFileType = sourcecode.swift; path = CanvasWidget.swift; sourceTree = "<group>"; };
		A246A42D2B43A1B700F0F6E6 /* NewWidgetView.swift */ = {isa = PBXFileReference; lastKnownFileType = sourcecode.swift; path = NewWidgetView.swift; sourceTree = "<group>"; };
		A257D7802A6D707600A4E7BD /* TwoCents.app */ = {isa = PBXFileReference; explicitFileType = wrapper.application; includeInIndex = 0; path = TwoCents.app; sourceTree = BUILT_PRODUCTS_DIR; };
		A257D7832A6D707600A4E7BD /* TwoCentsApp.swift */ = {isa = PBXFileReference; lastKnownFileType = sourcecode.swift; path = TwoCentsApp.swift; sourceTree = "<group>"; };
		A257D7852A6D707600A4E7BD /* ContentView.swift */ = {isa = PBXFileReference; lastKnownFileType = sourcecode.swift; path = ContentView.swift; sourceTree = "<group>"; };
		A257D7872A6D707800A4E7BD /* Assets.xcassets */ = {isa = PBXFileReference; lastKnownFileType = folder.assetcatalog; path = Assets.xcassets; sourceTree = "<group>"; };
		A257D78A2A6D707800A4E7BD /* Preview Assets.xcassets */ = {isa = PBXFileReference; lastKnownFileType = folder.assetcatalog; path = "Preview Assets.xcassets"; sourceTree = "<group>"; };
		A257D7902A6D707800A4E7BD /* TwoCentsTests.xctest */ = {isa = PBXFileReference; explicitFileType = wrapper.cfbundle; includeInIndex = 0; path = TwoCentsTests.xctest; sourceTree = BUILT_PRODUCTS_DIR; };
		A257D7942A6D707800A4E7BD /* TwoCentsTests.swift */ = {isa = PBXFileReference; lastKnownFileType = sourcecode.swift; path = TwoCentsTests.swift; sourceTree = "<group>"; };
		A257D79A2A6D707800A4E7BD /* TwoCentsUITests.xctest */ = {isa = PBXFileReference; explicitFileType = wrapper.cfbundle; includeInIndex = 0; path = TwoCentsUITests.xctest; sourceTree = BUILT_PRODUCTS_DIR; };
		A257D79E2A6D707800A4E7BD /* TwoCentsUITests.swift */ = {isa = PBXFileReference; lastKnownFileType = sourcecode.swift; path = TwoCentsUITests.swift; sourceTree = "<group>"; };
		A257D7A02A6D707800A4E7BD /* TwoCentsUITestsLaunchTests.swift */ = {isa = PBXFileReference; lastKnownFileType = sourcecode.swift; path = TwoCentsUITestsLaunchTests.swift; sourceTree = "<group>"; };
		A2AFFDDB2B154C7000B14C1E /* ChatWidget.swift */ = {isa = PBXFileReference; lastKnownFileType = sourcecode.swift; path = ChatWidget.swift; sourceTree = "<group>"; };
		A2DAF34A2C07CB1C00E778FA /* Notifcations.swift */ = {isa = PBXFileReference; lastKnownFileType = sourcecode.swift; path = Notifcations.swift; sourceTree = "<group>"; };
		A2DDB1B82BB6806C00243E1B /* PollWidget.swift */ = {isa = PBXFileReference; lastKnownFileType = sourcecode.swift; path = PollWidget.swift; sourceTree = "<group>"; };
		A2DDB1BA2BB693FD00243E1B /* NewPollViewModel.swift */ = {isa = PBXFileReference; lastKnownFileType = sourcecode.swift; path = NewPollViewModel.swift; sourceTree = "<group>"; };
		A2DDB1BD2BB69DD800243E1B /* Poll.swift */ = {isa = PBXFileReference; lastKnownFileType = sourcecode.swift; path = Poll.swift; sourceTree = "<group>"; };
		A2E5F52A2B5A12D30019C6ED /* DrawingCanvas.swift */ = {isa = PBXFileReference; lastKnownFileType = sourcecode.swift; path = DrawingCanvas.swift; sourceTree = "<group>"; };
		A2F563182AB4E6240026D8C9 /* CanvasPage.swift */ = {isa = PBXFileReference; fileEncoding = 4; lastKnownFileType = sourcecode.swift; path = CanvasPage.swift; sourceTree = "<group>"; };
		A2F563202AB4E6700026D8C9 /* MessageManager.swift */ = {isa = PBXFileReference; fileEncoding = 4; lastKnownFileType = sourcecode.swift; path = MessageManager.swift; sourceTree = "<group>"; };
		A2F563212AB4E6700026D8C9 /* ChattingView.swift */ = {isa = PBXFileReference; fileEncoding = 4; lastKnownFileType = sourcecode.swift; path = ChattingView.swift; sourceTree = "<group>"; };
		AB01CB5E2B855E83004BEB5B /* TextWidget.swift */ = {isa = PBXFileReference; lastKnownFileType = sourcecode.swift; path = TextWidget.swift; sourceTree = "<group>"; };
		AB0D07652AE6FB95003AC8A4 /* SpacesView.swift */ = {isa = PBXFileReference; lastKnownFileType = sourcecode.swift; path = SpacesView.swift; sourceTree = "<group>"; };
		AB15AC0A2AF6F00C0055D5D0 /* SpaceProfilePicView.swift */ = {isa = PBXFileReference; lastKnownFileType = sourcecode.swift; path = SpaceProfilePicView.swift; sourceTree = "<group>"; };
		AB15AC0C2AF6F01B0055D5D0 /* SpaceProfilePicViewModel.swift */ = {isa = PBXFileReference; lastKnownFileType = sourcecode.swift; path = SpaceProfilePicViewModel.swift; sourceTree = "<group>"; };
		AB2E56C52AE9B9210096A58C /* CreateSpacesView.swift */ = {isa = PBXFileReference; lastKnownFileType = sourcecode.swift; path = CreateSpacesView.swift; sourceTree = "<group>"; };
		AB2E56C72AE9B9590096A58C /* CreateSpacesViewModel.swift */ = {isa = PBXFileReference; lastKnownFileType = sourcecode.swift; path = CreateSpacesViewModel.swift; sourceTree = "<group>"; };
		AB2E56C92AE9BB410096A58C /* SpaceManager.swift */ = {isa = PBXFileReference; lastKnownFileType = sourcecode.swift; path = SpaceManager.swift; sourceTree = "<group>"; };
		AB2E56CC2AE9C59D0096A58C /* VoteGameView.swift */ = {isa = PBXFileReference; lastKnownFileType = sourcecode.swift; path = VoteGameView.swift; sourceTree = "<group>"; };
		AB2E56CE2AE9C5E60096A58C /* ResultView.swift */ = {isa = PBXFileReference; lastKnownFileType = sourcecode.swift; path = ResultView.swift; sourceTree = "<group>"; };
		AB2E56D02AE9C62C0096A58C /* CapsuleView.swift */ = {isa = PBXFileReference; lastKnownFileType = sourcecode.swift; path = CapsuleView.swift; sourceTree = "<group>"; };
		AB2E56D22AE9C6F00096A58C /* VoteGameViewModel.swift */ = {isa = PBXFileReference; lastKnownFileType = sourcecode.swift; path = VoteGameViewModel.swift; sourceTree = "<group>"; };
		AB300FAD2AC7406500C6719D /* FriendsViewModel.swift */ = {isa = PBXFileReference; lastKnownFileType = sourcecode.swift; path = FriendsViewModel.swift; sourceTree = "<group>"; };
		AB300FAF2AC7407000C6719D /* FriendsView.swift */ = {isa = PBXFileReference; lastKnownFileType = sourcecode.swift; path = FriendsView.swift; sourceTree = "<group>"; };
		AB4C1E4E2A8785BF00588160 /* ColorSelectionView.swift */ = {isa = PBXFileReference; lastKnownFileType = sourcecode.swift; path = ColorSelectionView.swift; sourceTree = "<group>"; };
		AB58C1E12BDAED9A000B0AC1 /* SpaceSettingsView.swift */ = {isa = PBXFileReference; lastKnownFileType = sourcecode.swift; path = SpaceSettingsView.swift; sourceTree = "<group>"; };
		AB58C1E52BDAF54B000B0AC1 /* SpaceSettingsViewModel.swift */ = {isa = PBXFileReference; lastKnownFileType = sourcecode.swift; path = SpaceSettingsViewModel.swift; sourceTree = "<group>"; };
		AB6778E12AB8F67300C11AA7 /* ImageWidget.swift */ = {isa = PBXFileReference; fileEncoding = 4; lastKnownFileType = sourcecode.swift; path = ImageWidget.swift; sourceTree = "<group>"; };
		AB6778E32AB8F67800C11AA7 /* CanvasWidget.swift */ = {isa = PBXFileReference; fileEncoding = 4; lastKnownFileType = sourcecode.swift; path = CanvasWidget.swift; sourceTree = "<group>"; };
		AB6778E52AB8F67D00C11AA7 /* VideoWidget.swift */ = {isa = PBXFileReference; fileEncoding = 4; lastKnownFileType = sourcecode.swift; path = VideoWidget.swift; sourceTree = "<group>"; };
		AB69F03C2C1D188E00B81E79 /* SignInPhoneNumberView.swift */ = {isa = PBXFileReference; lastKnownFileType = sourcecode.swift; path = SignInPhoneNumberView.swift; sourceTree = "<group>"; };
		AB69F03E2C1D189800B81E79 /* SignInPhoneNumberViewModel.swift */ = {isa = PBXFileReference; lastKnownFileType = sourcecode.swift; path = SignInPhoneNumberViewModel.swift; sourceTree = "<group>"; };
		AB69F0402C1D2BC700B81E79 /* VerifyCodeView.swift */ = {isa = PBXFileReference; lastKnownFileType = sourcecode.swift; path = VerifyCodeView.swift; sourceTree = "<group>"; };
		AB69F0422C1D2C1D00B81E79 /* VerifyCodeViewModel.swift */ = {isa = PBXFileReference; lastKnownFileType = sourcecode.swift; path = VerifyCodeViewModel.swift; sourceTree = "<group>"; };
		AB6EA6092B879B7C00CC90FF /* CanvasPageViewModel.swift */ = {isa = PBXFileReference; lastKnownFileType = sourcecode.swift; path = CanvasPageViewModel.swift; sourceTree = "<group>"; };
		AB6EA60B2B87A1FE00CC90FF /* EmojiReactionsView.swift */ = {isa = PBXFileReference; lastKnownFileType = sourcecode.swift; path = EmojiReactionsView.swift; sourceTree = "<group>"; };
		AB6EA60F2B87A27D00CC90FF /* SplashView.swift */ = {isa = PBXFileReference; lastKnownFileType = sourcecode.swift; path = SplashView.swift; sourceTree = "<group>"; };
		AB7365802C1BE6F8003A9120 /* SignUpPhoneNumberView.swift */ = {isa = PBXFileReference; lastKnownFileType = sourcecode.swift; path = SignUpPhoneNumberView.swift; sourceTree = "<group>"; };
		AB7365822C1BE711003A9120 /* SignUpPhoneNumberViewModel.swift */ = {isa = PBXFileReference; lastKnownFileType = sourcecode.swift; path = SignUpPhoneNumberViewModel.swift; sourceTree = "<group>"; };
		AB7365BA2A85060F00799D31 /* GoogleService-Info.plist */ = {isa = PBXFileReference; fileEncoding = 4; lastKnownFileType = text.plist.xml; path = "GoogleService-Info.plist"; sourceTree = "<group>"; };
		AB7438402AAA349C001B4988 /* SearchUserView.swift */ = {isa = PBXFileReference; lastKnownFileType = sourcecode.swift; path = SearchUserView.swift; sourceTree = "<group>"; };
		AB7438422AAA34AD001B4988 /* SearchUserViewModel.swift */ = {isa = PBXFileReference; lastKnownFileType = sourcecode.swift; path = SearchUserViewModel.swift; sourceTree = "<group>"; };
		AB7F3AED2C164CF000690EF1 /* NewTextWidgetViewModel.swift */ = {isa = PBXFileReference; lastKnownFileType = sourcecode.swift; path = NewTextWidgetViewModel.swift; sourceTree = "<group>"; };
		AB842C0D2A91E2B500E4A7CE /* StorageManager.swift */ = {isa = PBXFileReference; lastKnownFileType = sourcecode.swift; path = StorageManager.swift; sourceTree = "<group>"; };
		AB842C0F2A91E52000E4A7CE /* ProfileViewModel.swift */ = {isa = PBXFileReference; lastKnownFileType = sourcecode.swift; path = ProfileViewModel.swift; sourceTree = "<group>"; };
		AB842C112A91F36300E4A7CE /* CustomizeProfileView.swift */ = {isa = PBXFileReference; lastKnownFileType = sourcecode.swift; path = CustomizeProfileView.swift; sourceTree = "<group>"; };
		AB842C132A91F36D00E4A7CE /* CustomizeProfileViewModel.swift */ = {isa = PBXFileReference; lastKnownFileType = sourcecode.swift; path = CustomizeProfileViewModel.swift; sourceTree = "<group>"; };
		AB8C6E1F2AE6FBD50005B7F9 /* SpacesViewModel.swift */ = {isa = PBXFileReference; lastKnownFileType = sourcecode.swift; path = SpacesViewModel.swift; sourceTree = "<group>"; };
		AB8E80152C001EB700298A3B /* TwoCents.entitlements */ = {isa = PBXFileReference; lastKnownFileType = text.plist.entitlements; path = TwoCents.entitlements; sourceTree = "<group>"; };
		AB9002192A8B85BD00F970B8 /* UploadExample.swift */ = {isa = PBXFileReference; lastKnownFileType = sourcecode.swift; path = UploadExample.swift; sourceTree = "<group>"; };
		AB90021C2A8B85DA00F970B8 /* UploadExampleViewModel.swift */ = {isa = PBXFileReference; lastKnownFileType = sourcecode.swift; path = UploadExampleViewModel.swift; sourceTree = "<group>"; };
		AB90EDB82B54EB78002AD855 /* CustomizeWidgetView.swift */ = {isa = PBXFileReference; lastKnownFileType = sourcecode.swift; path = CustomizeWidgetView.swift; sourceTree = "<group>"; };
		AB90EDBA2B54FDAD002AD855 /* CustomizeWidgetViewModel.swift */ = {isa = PBXFileReference; lastKnownFileType = sourcecode.swift; path = CustomizeWidgetViewModel.swift; sourceTree = "<group>"; };
		AB90EDBC2B55BB59002AD855 /* NewWidgetViewModel.swift */ = {isa = PBXFileReference; lastKnownFileType = sourcecode.swift; path = NewWidgetViewModel.swift; sourceTree = "<group>"; };
		AB9455222A9468130055B44A /* ColorPickerWidget.swift */ = {isa = PBXFileReference; lastKnownFileType = sourcecode.swift; path = ColorPickerWidget.swift; sourceTree = "<group>"; };
		AB9909AA2ABE3BF2004B3021 /* FriendRequestsView.swift */ = {isa = PBXFileReference; lastKnownFileType = sourcecode.swift; path = FriendRequestsView.swift; sourceTree = "<group>"; };
		AB9909AC2ABE3C1B004B3021 /* FriendRequestsViewModel.swift */ = {isa = PBXFileReference; lastKnownFileType = sourcecode.swift; path = FriendRequestsViewModel.swift; sourceTree = "<group>"; };
		AB9BF6D42C06ECDB00C72883 /* PollWidgetSheetView.swift */ = {isa = PBXFileReference; lastKnownFileType = sourcecode.swift; path = PollWidgetSheetView.swift; sourceTree = "<group>"; };
		AB9C7F672BD83B1E004FC549 /* EmojiCountView.swift */ = {isa = PBXFileReference; lastKnownFileType = sourcecode.swift; path = EmojiCountView.swift; sourceTree = "<group>"; };
		AB9EB95C2B1E805300F58EA5 /* ChatManager.swift */ = {isa = PBXFileReference; lastKnownFileType = sourcecode.swift; path = ChatManager.swift; sourceTree = "<group>"; };
		ABA45E7D2A7C8D8C0015F000 /* SignInEmailViewModel.swift */ = {isa = PBXFileReference; lastKnownFileType = sourcecode.swift; path = SignInEmailViewModel.swift; sourceTree = "<group>"; };
		ABA45E802A7C8DC50015F000 /* ProfileView.swift */ = {isa = PBXFileReference; lastKnownFileType = sourcecode.swift; path = ProfileView.swift; sourceTree = "<group>"; };
		ABA45E832A7C92B00015F000 /* UserManager.swift */ = {isa = PBXFileReference; lastKnownFileType = sourcecode.swift; path = UserManager.swift; sourceTree = "<group>"; };
		ABB68DAF2C15268D00406948 /* TextWidgetViewModel.swift */ = {isa = PBXFileReference; lastKnownFileType = sourcecode.swift; path = TextWidgetViewModel.swift; sourceTree = "<group>"; };
		ABB84C332A8CBA03009C7550 /* FrontPageView.swift */ = {isa = PBXFileReference; lastKnownFileType = sourcecode.swift; path = FrontPageView.swift; sourceTree = "<group>"; };
		ABC426B02A863D9F00873EE1 /* SignUpEmailView.swift */ = {isa = PBXFileReference; lastKnownFileType = sourcecode.swift; path = SignUpEmailView.swift; sourceTree = "<group>"; };
		ABC426B22A86438400873EE1 /* SignUpEmailViewModel.swift */ = {isa = PBXFileReference; lastKnownFileType = sourcecode.swift; path = SignUpEmailViewModel.swift; sourceTree = "<group>"; };
		ABC461E42BE28ECE00AE47FF /* TestView.swift */ = {isa = PBXFileReference; lastKnownFileType = sourcecode.swift; path = TestView.swift; sourceTree = "<group>"; };
		ABCA39D12A79FC16009447C3 /* AuthenticationView.swift */ = {isa = PBXFileReference; lastKnownFileType = sourcecode.swift; path = AuthenticationView.swift; sourceTree = "<group>"; };
		ABCA39D32A79FFAD009447C3 /* SignInEmailView.swift */ = {isa = PBXFileReference; lastKnownFileType = sourcecode.swift; path = SignInEmailView.swift; sourceTree = "<group>"; };
		ABCA39D52A7A0159009447C3 /* AuthenticationManager.swift */ = {isa = PBXFileReference; lastKnownFileType = sourcecode.swift; path = AuthenticationManager.swift; sourceTree = "<group>"; };
		ABCA39D72A7A0671009447C3 /* RootView.swift */ = {isa = PBXFileReference; lastKnownFileType = sourcecode.swift; path = RootView.swift; sourceTree = "<group>"; };
		ABCA39D92A7A0881009447C3 /* SettingsView.swift */ = {isa = PBXFileReference; lastKnownFileType = sourcecode.swift; path = SettingsView.swift; sourceTree = "<group>"; };
		ABF172A42BFC47FC000B6F9B /* ChattingViewModel.swift */ = {isa = PBXFileReference; lastKnownFileType = sourcecode.swift; path = ChattingViewModel.swift; sourceTree = "<group>"; };
		ABF172A62BFC6686000B6F9B /* AddMemberView.swift */ = {isa = PBXFileReference; lastKnownFileType = sourcecode.swift; path = AddMemberView.swift; sourceTree = "<group>"; };
		ABF172A82BFC66AD000B6F9B /* AddMemberViewModel.swift */ = {isa = PBXFileReference; lastKnownFileType = sourcecode.swift; path = AddMemberViewModel.swift; sourceTree = "<group>"; };
		ABF556832A95046D00103880 /* ColorPickerWidgetViewModel.swift */ = {isa = PBXFileReference; lastKnownFileType = sourcecode.swift; path = ColorPickerWidgetViewModel.swift; sourceTree = "<group>"; };
		ABF556852A950BCB00103880 /* RootViewModel.swift */ = {isa = PBXFileReference; lastKnownFileType = sourcecode.swift; path = RootViewModel.swift; sourceTree = "<group>"; };
		ABF56DFE2A7C8C5200F959DB /* SettingsViewModel.swift */ = {isa = PBXFileReference; lastKnownFileType = sourcecode.swift; path = SettingsViewModel.swift; sourceTree = "<group>"; };
/* End PBXFileReference section */

/* Begin PBXFrameworksBuildPhase section */
		A257D77D2A6D707600A4E7BD /* Frameworks */ = {
			isa = PBXFrameworksBuildPhase;
			buildActionMask = 2147483647;
			files = (
				ABF56DF92A7C8B7A00F959DB /* FirebaseFirestoreSwift in Frameworks */,
				ABCA39CC2A79F97D009447C3 /* FirebaseAnalyticsSwift in Frameworks */,
				A200F21B2C0026B400BC1005 /* FirebaseMessaging in Frameworks */,
				ABF56DF72A7C8B7A00F959DB /* FirebaseFirestore in Frameworks */,
				ABCA39CF2A79FBB5009447C3 /* FirebaseAuth in Frameworks */,
				ABCA39CA2A79F97D009447C3 /* FirebaseAnalytics in Frameworks */,
				AB842C0B2A91E27E00E4A7CE /* FirebaseStorage in Frameworks */,
			);
			runOnlyForDeploymentPostprocessing = 0;
		};
		A257D78D2A6D707800A4E7BD /* Frameworks */ = {
			isa = PBXFrameworksBuildPhase;
			buildActionMask = 2147483647;
			files = (
			);
			runOnlyForDeploymentPostprocessing = 0;
		};
		A257D7972A6D707800A4E7BD /* Frameworks */ = {
			isa = PBXFrameworksBuildPhase;
			buildActionMask = 2147483647;
			files = (
			);
			runOnlyForDeploymentPostprocessing = 0;
		};
/* End PBXFrameworksBuildPhase section */

/* Begin PBXGroup section */
		856E80B32B50EB260078A2CE /* SabotageGame */ = {
			isa = PBXGroup;
			children = (
				856E80B42B50EB260078A2CE /* CardView.swift */,
				856E80B62B50EB260078A2CE /* SabotageGameView.swift */,
				856E80B52B50EB260078A2CE /* SabotageSelectionView.swift */,
				856E80B72B50EB260078A2CE /* SabotageCarouselView.swift */,
				856E80B82B50EB260078A2CE /* SabotageGameViewModel.swift */,
			);
			path = SabotageGame;
			sourceTree = "<group>";
		};
		8573EC872AE6EF3400CFB579 /* Animations Group */ = {
			isa = PBXGroup;
			children = (
				8573EC882AE6EF4A00CFB579 /* HeartParticle.swift */,
				8573EC8A2AE6EF9C00CFB579 /* ParticleView.swift */,
			);
			path = "Animations Group";
			sourceTree = "<group>";
		};
		85741EAB2AD03B9A0085423E /* CarouselPracticeFiles */ = {
			isa = PBXGroup;
			children = (
				85741EA72AD03A0C0085423E /* CarouselPractice.swift */,
				85741EA92AD03B2C0085423E /* SnapCarouselPractice.swift */,
				85741EAE2AD03D370085423E /* PostModel.swift */,
			);
			path = CarouselPracticeFiles;
			sourceTree = "<group>";
		};
		8576048A2C1A5531007F5B0E /* Contacts */ = {
			isa = PBXGroup;
			children = (
				8576048D2C1A56B9007F5B0E /* SendLink.swift */,
			);
			path = Contacts;
			sourceTree = "<group>";
		};
		85D8C3432AB4E805008803D4 /* Recovered References */ = {
			isa = PBXGroup;
			children = (
				A2354EF52AA0D6CB0092BF1C /* ImageWidget.swift */,
				A2354EF72AA0D6CB0092BF1C /* CanvasWidget.swift */,
				A2003C942AABA08300B1E551 /* Line.swift */,
				85DDD0CC2AB4E79A008A9C56 /* VoteGameReal.swift */,
			);
			name = "Recovered References";
			sourceTree = "<group>";
		};
		A20EBD032AB8A36100EFDDE8 /* Enzo */ = {
			isa = PBXGroup;
			children = (
				856E80B02B50E9CF0078A2CE /* PencilKitPractice.swift */,
				85BB02EF2B5D077E00B9A9EA /* ToolPickerPractice.swift */,
				856E80B32B50EB260078A2CE /* SabotageGame */,
				A20EBD062AB8A36100EFDDE8 /* HotSeat.swift */,
				85741EAB2AD03B9A0085423E /* CarouselPracticeFiles */,
				A20EBD072AB8A36100EFDDE8 /* VoteGameReal.swift */,
				AB2E56CB2AE9C5880096A58C /* VoteGame */,
				8573EC872AE6EF3400CFB579 /* Animations Group */,
				A20EBD082AB8A36100EFDDE8 /* HotSeatManager.swift */,
				A20EBD092AB8A36100EFDDE8 /* SuperlativeGame.swift */,
				850958A92AB8F82D00018A32 /* LuckiestGuy-Regular.ttf */,
			);
			name = Enzo;
			path = TwoCents/Enzo;
			sourceTree = "<group>";
		};
		A257D7772A6D707600A4E7BD = {
			isa = PBXGroup;
			children = (
				A20EBD032AB8A36100EFDDE8 /* Enzo */,
				A257D7822A6D707600A4E7BD /* TwoCents */,
				A257D7932A6D707800A4E7BD /* TwoCentsTests */,
				A257D79D2A6D707800A4E7BD /* TwoCentsUITests */,
				A257D7812A6D707600A4E7BD /* Products */,
				ABCA39CD2A79FBB4009447C3 /* Frameworks */,
				85D8C3432AB4E805008803D4 /* Recovered References */,
			);
			sourceTree = "<group>";
		};
		A257D7812A6D707600A4E7BD /* Products */ = {
			isa = PBXGroup;
			children = (
				A257D7802A6D707600A4E7BD /* TwoCents.app */,
				A257D7902A6D707800A4E7BD /* TwoCentsTests.xctest */,
				A257D79A2A6D707800A4E7BD /* TwoCentsUITests.xctest */,
			);
			name = Products;
			sourceTree = "<group>";
		};
		A257D7822A6D707600A4E7BD /* TwoCents */ = {
			isa = PBXGroup;
			children = (
				AB8E80152C001EB700298A3B /* TwoCents.entitlements */,
				850958A82AB8F81200018A32 /* Info.plist */,
				A2F5631F2AB4E6700026D8C9 /* Chatting */,
				A2F563122AB4E6240026D8C9 /* Canvas */,
				AB90021B2A8B85C600F970B8 /* Example */,
				AB4C1E4E2A8785BF00588160 /* ColorSelectionView.swift */,
				AB842C0C2A91E2A600E4A7CE /* Storage */,
				ABA45E822A7C92940015F000 /* Firestore */,
				ABF56DFA2A7C8BC700F959DB /* Core */,
				ABCA39D02A79FBED009447C3 /* Authentication */,
				A257D7832A6D707600A4E7BD /* TwoCentsApp.swift */,
				AB7365BA2A85060F00799D31 /* GoogleService-Info.plist */,
				A257D7852A6D707600A4E7BD /* ContentView.swift */,
				A257D7872A6D707800A4E7BD /* Assets.xcassets */,
				A257D7892A6D707800A4E7BD /* Preview Content */,
			);
			path = TwoCents;
			sourceTree = "<group>";
		};
		A257D7892A6D707800A4E7BD /* Preview Content */ = {
			isa = PBXGroup;
			children = (
				A257D78A2A6D707800A4E7BD /* Preview Assets.xcassets */,
			);
			path = "Preview Content";
			sourceTree = "<group>";
		};
		A257D7932A6D707800A4E7BD /* TwoCentsTests */ = {
			isa = PBXGroup;
			children = (
				A257D7942A6D707800A4E7BD /* TwoCentsTests.swift */,
			);
			path = TwoCentsTests;
			sourceTree = "<group>";
		};
		A257D79D2A6D707800A4E7BD /* TwoCentsUITests */ = {
			isa = PBXGroup;
			children = (
				A257D79E2A6D707800A4E7BD /* TwoCentsUITests.swift */,
				A257D7A02A6D707800A4E7BD /* TwoCentsUITestsLaunchTests.swift */,
			);
			path = TwoCentsUITests;
			sourceTree = "<group>";
		};
		A2DAF3492C07CB0300E778FA /* API */ = {
			isa = PBXGroup;
			children = (
				A2DAF34A2C07CB1C00E778FA /* Notifcations.swift */,
			);
			path = API;
			sourceTree = "<group>";
		};
		A2DDB1BC2BB69D7100243E1B /* Polls */ = {
			isa = PBXGroup;
			children = (
				A2DDB1B82BB6806C00243E1B /* PollWidget.swift */,
				AB9BF6D42C06ECDB00C72883 /* PollWidgetSheetView.swift */,
				8534B8B82B8001660089AD5C /* NewPollView.swift */,
				A2DDB1BA2BB693FD00243E1B /* NewPollViewModel.swift */,
				A2DDB1BD2BB69DD800243E1B /* Poll.swift */,
			);
			path = Polls;
			sourceTree = "<group>";
		};
		A2F563122AB4E6240026D8C9 /* Canvas */ = {
			isa = PBXGroup;
			children = (
				A2DDB1BC2BB69D7100243E1B /* Polls */,
				AB6778E12AB8F67300C11AA7 /* ImageWidget.swift */,
				AB01CB5E2B855E83004BEB5B /* TextWidget.swift */,
				ABB68DAF2C15268D00406948 /* TextWidgetViewModel.swift */,
				858128402BFE454000AAF1D1 /* NewTextWidgetView.swift */,
				AB7F3AED2C164CF000690EF1 /* NewTextWidgetViewModel.swift */,
				853A641B2C0D380E00041CA1 /* textTest.swift */,
				A2AFFDDB2B154C7000B14C1E /* ChatWidget.swift */,
				AB6778E52AB8F67D00C11AA7 /* VideoWidget.swift */,
				A2E5F52A2B5A12D30019C6ED /* DrawingCanvas.swift */,
				AB6778E32AB8F67800C11AA7 /* CanvasWidget.swift */,
				A2F563182AB4E6240026D8C9 /* CanvasPage.swift */,
				ABC461E42BE28ECE00AE47FF /* TestView.swift */,
				AB6EA60B2B87A1FE00CC90FF /* EmojiReactionsView.swift */,
				AB9C7F672BD83B1E004FC549 /* EmojiCountView.swift */,
				AB6EA60F2B87A27D00CC90FF /* SplashView.swift */,
				AB6EA6092B879B7C00CC90FF /* CanvasPageViewModel.swift */,
				AB90EDB82B54EB78002AD855 /* CustomizeWidgetView.swift */,
				AB90EDBA2B54FDAD002AD855 /* CustomizeWidgetViewModel.swift */,
				AB90EDBC2B55BB59002AD855 /* NewWidgetViewModel.swift */,
				8507204A2B54692F0057B8BC /* widgetPopup.swift */,
				A246A42D2B43A1B700F0F6E6 /* NewWidgetView.swift */,
			);
			path = Canvas;
			sourceTree = "<group>";
		};
		A2F5631F2AB4E6700026D8C9 /* Chatting */ = {
			isa = PBXGroup;
			children = (
				A2F563202AB4E6700026D8C9 /* MessageManager.swift */,
				85A6766C2AE9C6BB003ECAAA /* MessageField.swift */,
				A2F563212AB4E6700026D8C9 /* ChattingView.swift */,
				ABF172A42BFC47FC000B6F9B /* ChattingViewModel.swift */,
				85A6766A2AE9C19B003ECAAA /* MessageBubble.swift */,
			);
			name = Chatting;
			path = TwoCents/Chatting;
			sourceTree = SOURCE_ROOT;
		};
		AB0D07642AE6FB7C003AC8A4 /* Spaces */ = {
			isa = PBXGroup;
			children = (
				AB0D07652AE6FB95003AC8A4 /* SpacesView.swift */,
				AB8C6E1F2AE6FBD50005B7F9 /* SpacesViewModel.swift */,
				AB2E56C42AE9B9120096A58C /* CreateSpaces */,
				AB58C1E12BDAED9A000B0AC1 /* SpaceSettingsView.swift */,
				AB58C1E52BDAF54B000B0AC1 /* SpaceSettingsViewModel.swift */,
				ABF172A62BFC6686000B6F9B /* AddMemberView.swift */,
				ABF172A82BFC66AD000B6F9B /* AddMemberViewModel.swift */,
			);
			path = Spaces;
			sourceTree = "<group>";
		};
		AB2E56C42AE9B9120096A58C /* CreateSpaces */ = {
			isa = PBXGroup;
			children = (
				AB2E56C52AE9B9210096A58C /* CreateSpacesView.swift */,
				AB2E56C72AE9B9590096A58C /* CreateSpacesViewModel.swift */,
				AB15AC0A2AF6F00C0055D5D0 /* SpaceProfilePicView.swift */,
				AB15AC0C2AF6F01B0055D5D0 /* SpaceProfilePicViewModel.swift */,
			);
			path = CreateSpaces;
			sourceTree = "<group>";
		};
		AB2E56CB2AE9C5880096A58C /* VoteGame */ = {
			isa = PBXGroup;
			children = (
				AB2E56CC2AE9C59D0096A58C /* VoteGameView.swift */,
				AB2E56D02AE9C62C0096A58C /* CapsuleView.swift */,
				AB2E56CE2AE9C5E60096A58C /* ResultView.swift */,
				AB2E56D22AE9C6F00096A58C /* VoteGameViewModel.swift */,
			);
			path = VoteGame;
			sourceTree = "<group>";
		};
		AB300FAC2AC7403900C6719D /* Friends */ = {
			isa = PBXGroup;
			children = (
				AB300FAD2AC7406500C6719D /* FriendsViewModel.swift */,
				AB300FAF2AC7407000C6719D /* FriendsView.swift */,
			);
			path = Friends;
			sourceTree = "<group>";
		};
		AB74383F2AAA339A001B4988 /* SearchUser */ = {
			isa = PBXGroup;
			children = (
				AB7438402AAA349C001B4988 /* SearchUserView.swift */,
				AB7438422AAA34AD001B4988 /* SearchUserViewModel.swift */,
			);
			path = SearchUser;
			sourceTree = "<group>";
		};
		AB842C0C2A91E2A600E4A7CE /* Storage */ = {
			isa = PBXGroup;
			children = (
				AB842C0D2A91E2B500E4A7CE /* StorageManager.swift */,
			);
			path = Storage;
			sourceTree = "<group>";
		};
		AB90021B2A8B85C600F970B8 /* Example */ = {
			isa = PBXGroup;
			children = (
				AB9002192A8B85BD00F970B8 /* UploadExample.swift */,
				AB90021C2A8B85DA00F970B8 /* UploadExampleViewModel.swift */,
			);
			path = Example;
			sourceTree = "<group>";
		};
		AB9455242A94A2D50055B44A /* SignUp */ = {
			isa = PBXGroup;
			children = (
				AB7365822C1BE711003A9120 /* SignUpPhoneNumberViewModel.swift */,
				AB7365802C1BE6F8003A9120 /* SignUpPhoneNumberView.swift */,
				ABC426B22A86438400873EE1 /* SignUpEmailViewModel.swift */,
				ABC426B02A863D9F00873EE1 /* SignUpEmailView.swift */,
			);
			path = SignUp;
			sourceTree = "<group>";
		};
		AB9455252A94A2E60055B44A /* SignIn */ = {
			isa = PBXGroup;
			children = (
				AB69F0402C1D2BC700B81E79 /* VerifyCodeView.swift */,
				AB69F0422C1D2C1D00B81E79 /* VerifyCodeViewModel.swift */,
				ABA45E7D2A7C8D8C0015F000 /* SignInEmailViewModel.swift */,
				ABCA39D32A79FFAD009447C3 /* SignInEmailView.swift */,
				AB69F03C2C1D188E00B81E79 /* SignInPhoneNumberView.swift */,
				AB69F03E2C1D189800B81E79 /* SignInPhoneNumberViewModel.swift */,
			);
			path = SignIn;
			sourceTree = "<group>";
		};
		AB9455262A94A2F70055B44A /* CustomizeProfile */ = {
			isa = PBXGroup;
			children = (
				AB9455222A9468130055B44A /* ColorPickerWidget.swift */,
				ABF556832A95046D00103880 /* ColorPickerWidgetViewModel.swift */,
				AB842C112A91F36300E4A7CE /* CustomizeProfileView.swift */,
				AB842C132A91F36D00E4A7CE /* CustomizeProfileViewModel.swift */,
			);
			path = CustomizeProfile;
			sourceTree = "<group>";
		};
		AB9909A52ABE3B78004B3021 /* FriendRequests */ = {
			isa = PBXGroup;
			children = (
				AB9909AA2ABE3BF2004B3021 /* FriendRequestsView.swift */,
				AB9909AC2ABE3C1B004B3021 /* FriendRequestsViewModel.swift */,
			);
			name = FriendRequests;
			path = SearchUser/FriendRequests;
			sourceTree = "<group>";
		};
		ABA45E7F2A7C8DA70015F000 /* Profile */ = {
			isa = PBXGroup;
			children = (
				ABA45E802A7C8DC50015F000 /* ProfileView.swift */,
				AB842C0F2A91E52000E4A7CE /* ProfileViewModel.swift */,
			);
			path = Profile;
			sourceTree = "<group>";
		};
		ABA45E822A7C92940015F000 /* Firestore */ = {
			isa = PBXGroup;
			children = (
				ABA45E832A7C92B00015F000 /* UserManager.swift */,
				AB2E56C92AE9BB410096A58C /* SpaceManager.swift */,
				AB9EB95C2B1E805300F58EA5 /* ChatManager.swift */,
			);
			path = Firestore;
			sourceTree = "<group>";
		};
		ABCA39CD2A79FBB4009447C3 /* Frameworks */ = {
			isa = PBXGroup;
			children = (
			);
			name = Frameworks;
			sourceTree = "<group>";
		};
		ABCA39D02A79FBED009447C3 /* Authentication */ = {
			isa = PBXGroup;
			children = (
				ABCA39D52A7A0159009447C3 /* AuthenticationManager.swift */,
			);
			path = Authentication;
			sourceTree = "<group>";
		};
		ABF56DFA2A7C8BC700F959DB /* Core */ = {
			isa = PBXGroup;
			children = (
				8576048A2C1A5531007F5B0E /* Contacts */,
				A2DAF3492C07CB0300E778FA /* API */,
				AB9909A52ABE3B78004B3021 /* FriendRequests */,
				AB0D07642AE6FB7C003AC8A4 /* Spaces */,
				AB300FAC2AC7403900C6719D /* Friends */,
				AB74383F2AAA339A001B4988 /* SearchUser */,
				AB9455242A94A2D50055B44A /* SignUp */,
				AB9455252A94A2E60055B44A /* SignIn */,
				ABA45E7F2A7C8DA70015F000 /* Profile */,
				ABF56E002A7C8C9300F959DB /* Authentication */,
				ABF56DFB2A7C8C1200F959DB /* Settings */,
				ABCA39D72A7A0671009447C3 /* RootView.swift */,
				ABF556852A950BCB00103880 /* RootViewModel.swift */,
				ABB84C332A8CBA03009C7550 /* FrontPageView.swift */,
			);
			path = Core;
			sourceTree = "<group>";
		};
		ABF56DFB2A7C8C1200F959DB /* Settings */ = {
			isa = PBXGroup;
			children = (
				ABF56DFE2A7C8C5200F959DB /* SettingsViewModel.swift */,
				ABCA39D92A7A0881009447C3 /* SettingsView.swift */,
			);
			path = Settings;
			sourceTree = "<group>";
		};
		ABF56E002A7C8C9300F959DB /* Authentication */ = {
			isa = PBXGroup;
			children = (
				ABCA39D12A79FC16009447C3 /* AuthenticationView.swift */,
				AB9455262A94A2F70055B44A /* CustomizeProfile */,
			);
			path = Authentication;
			sourceTree = "<group>";
		};
/* End PBXGroup section */

/* Begin PBXNativeTarget section */
		A257D77F2A6D707600A4E7BD /* TwoCents */ = {
			isa = PBXNativeTarget;
			buildConfigurationList = A257D7A42A6D707800A4E7BD /* Build configuration list for PBXNativeTarget "TwoCents" */;
			buildPhases = (
				A257D77C2A6D707600A4E7BD /* Sources */,
				A257D77D2A6D707600A4E7BD /* Frameworks */,
				A257D77E2A6D707600A4E7BD /* Resources */,
			);
			buildRules = (
			);
			dependencies = (
			);
			name = TwoCents;
			packageProductDependencies = (
				ABCA39C92A79F97D009447C3 /* FirebaseAnalytics */,
				ABCA39CB2A79F97D009447C3 /* FirebaseAnalyticsSwift */,
				ABCA39CE2A79FBB5009447C3 /* FirebaseAuth */,
				ABF56DF62A7C8B7A00F959DB /* FirebaseFirestore */,
				ABF56DF82A7C8B7A00F959DB /* FirebaseFirestoreSwift */,
				AB842C0A2A91E27E00E4A7CE /* FirebaseStorage */,
				A200F21A2C0026B400BC1005 /* FirebaseMessaging */,
			);
			productName = TwoCents;
			productReference = A257D7802A6D707600A4E7BD /* TwoCents.app */;
			productType = "com.apple.product-type.application";
		};
		A257D78F2A6D707800A4E7BD /* TwoCentsTests */ = {
			isa = PBXNativeTarget;
			buildConfigurationList = A257D7A72A6D707800A4E7BD /* Build configuration list for PBXNativeTarget "TwoCentsTests" */;
			buildPhases = (
				A257D78C2A6D707800A4E7BD /* Sources */,
				A257D78D2A6D707800A4E7BD /* Frameworks */,
				A257D78E2A6D707800A4E7BD /* Resources */,
			);
			buildRules = (
			);
			dependencies = (
				A257D7922A6D707800A4E7BD /* PBXTargetDependency */,
			);
			name = TwoCentsTests;
			productName = TwoCentsTests;
			productReference = A257D7902A6D707800A4E7BD /* TwoCentsTests.xctest */;
			productType = "com.apple.product-type.bundle.unit-test";
		};
		A257D7992A6D707800A4E7BD /* TwoCentsUITests */ = {
			isa = PBXNativeTarget;
			buildConfigurationList = A257D7AA2A6D707800A4E7BD /* Build configuration list for PBXNativeTarget "TwoCentsUITests" */;
			buildPhases = (
				A257D7962A6D707800A4E7BD /* Sources */,
				A257D7972A6D707800A4E7BD /* Frameworks */,
				A257D7982A6D707800A4E7BD /* Resources */,
			);
			buildRules = (
			);
			dependencies = (
				A257D79C2A6D707800A4E7BD /* PBXTargetDependency */,
			);
			name = TwoCentsUITests;
			productName = TwoCentsUITests;
			productReference = A257D79A2A6D707800A4E7BD /* TwoCentsUITests.xctest */;
			productType = "com.apple.product-type.bundle.ui-testing";
		};
/* End PBXNativeTarget section */

/* Begin PBXProject section */
		A257D7782A6D707600A4E7BD /* Project object */ = {
			isa = PBXProject;
			attributes = {
				BuildIndependentTargetsInParallel = 1;
				LastSwiftUpdateCheck = 1400;
				LastUpgradeCheck = 1400;
				TargetAttributes = {
					A257D77F2A6D707600A4E7BD = {
						CreatedOnToolsVersion = 14.0.1;
					};
					A257D78F2A6D707800A4E7BD = {
						CreatedOnToolsVersion = 14.0.1;
						TestTargetID = A257D77F2A6D707600A4E7BD;
					};
					A257D7992A6D707800A4E7BD = {
						CreatedOnToolsVersion = 14.0.1;
						TestTargetID = A257D77F2A6D707600A4E7BD;
					};
				};
			};
			buildConfigurationList = A257D77B2A6D707600A4E7BD /* Build configuration list for PBXProject "TwoCents" */;
			compatibilityVersion = "Xcode 15.0";
			developmentRegion = en;
			hasScannedForEncodings = 0;
			knownRegions = (
				en,
				Base,
			);
			mainGroup = A257D7772A6D707600A4E7BD;
			packageReferences = (
				ABCA39C82A79F97D009447C3 /* XCRemoteSwiftPackageReference "firebase-ios-sdk" */,
				A23317AE2C1A9E3C00F20A0E /* XCRemoteSwiftPackageReference "swiftui-introspect" */,
			);
			productRefGroup = A257D7812A6D707600A4E7BD /* Products */;
			projectDirPath = "";
			projectRoot = "";
			targets = (
				A257D77F2A6D707600A4E7BD /* TwoCents */,
				A257D78F2A6D707800A4E7BD /* TwoCentsTests */,
				A257D7992A6D707800A4E7BD /* TwoCentsUITests */,
			);
		};
/* End PBXProject section */

/* Begin PBXResourcesBuildPhase section */
		A257D77E2A6D707600A4E7BD /* Resources */ = {
			isa = PBXResourcesBuildPhase;
			buildActionMask = 2147483647;
			files = (
				A257D78B2A6D707800A4E7BD /* Preview Assets.xcassets in Resources */,
				A257D7882A6D707800A4E7BD /* Assets.xcassets in Resources */,
				AB7365BB2A85060F00799D31 /* GoogleService-Info.plist in Resources */,
				850958AA2AB8F82D00018A32 /* LuckiestGuy-Regular.ttf in Resources */,
			);
			runOnlyForDeploymentPostprocessing = 0;
		};
		A257D78E2A6D707800A4E7BD /* Resources */ = {
			isa = PBXResourcesBuildPhase;
			buildActionMask = 2147483647;
			files = (
				850958AB2AB8F82D00018A32 /* LuckiestGuy-Regular.ttf in Resources */,
			);
			runOnlyForDeploymentPostprocessing = 0;
		};
		A257D7982A6D707800A4E7BD /* Resources */ = {
			isa = PBXResourcesBuildPhase;
			buildActionMask = 2147483647;
			files = (
				850958AC2AB8F82D00018A32 /* LuckiestGuy-Regular.ttf in Resources */,
			);
			runOnlyForDeploymentPostprocessing = 0;
		};
/* End PBXResourcesBuildPhase section */

/* Begin PBXSourcesBuildPhase section */
		A257D77C2A6D707600A4E7BD /* Sources */ = {
			isa = PBXSourcesBuildPhase;
			buildActionMask = 2147483647;
			files = (
				AB58C1E62BDAF54B000B0AC1 /* SpaceSettingsViewModel.swift in Sources */,
				856E80BD2B50EB260078A2CE /* SabotageGameViewModel.swift in Sources */,
				850958A72AB8F41D00018A32 /* HotSeat.swift in Sources */,
				ABC461E52BE28ECF00AE47FF /* TestView.swift in Sources */,
				AB7365812C1BE6F8003A9120 /* SignUpPhoneNumberView.swift in Sources */,
				85C6759B2AB8EE6100FACCB2 /* SuperlativeGame.swift in Sources */,
				85BB02F02B5D077E00B9A9EA /* ToolPickerPractice.swift in Sources */,
				85C6759A2AB8EE5B00FACCB2 /* HotSeatManager.swift in Sources */,
				A26809CA2AB8A77E003B30DE /* VoteGameReal.swift in Sources */,
				A2AFFDDC2B154C7000B14C1E /* ChatWidget.swift in Sources */,
				AB842C142A91F36D00E4A7CE /* CustomizeProfileViewModel.swift in Sources */,
				AB2E56C62AE9B9210096A58C /* CreateSpacesView.swift in Sources */,
				8576048E2C1A56B9007F5B0E /* SendLink.swift in Sources */,
				AB2E56C82AE9B9590096A58C /* CreateSpacesViewModel.swift in Sources */,
				A257D7862A6D707600A4E7BD /* ContentView.swift in Sources */,
				AB2E56D12AE9C62C0096A58C /* CapsuleView.swift in Sources */,
				AB6EA60C2B87A1FE00CC90FF /* EmojiReactionsView.swift in Sources */,
				ABCA39DA2A7A0881009447C3 /* SettingsView.swift in Sources */,
				AB90EDBB2B54FDAD002AD855 /* CustomizeWidgetViewModel.swift in Sources */,
				AB58C1E22BDAED9A000B0AC1 /* SpaceSettingsView.swift in Sources */,
				A2DDB1BE2BB69DD800243E1B /* Poll.swift in Sources */,
				AB6778E62AB8F67D00C11AA7 /* VideoWidget.swift in Sources */,
				856E80BC2B50EB260078A2CE /* SabotageCarouselView.swift in Sources */,
				A257D7862A6D707600A4E7BD /* ContentView.swift in Sources */,
				AB7F3AEE2C164CF000690EF1 /* NewTextWidgetViewModel.swift in Sources */,
				AB9909AD2ABE3C1B004B3021 /* FriendRequestsViewModel.swift in Sources */,
				AB9BF6D52C06ECDB00C72883 /* PollWidgetSheetView.swift in Sources */,
				ABCA39DA2A7A0881009447C3 /* SettingsView.swift in Sources */,
				ABF172A52BFC47FC000B6F9B /* ChattingViewModel.swift in Sources */,
				A246A42E2B43A1B700F0F6E6 /* NewWidgetView.swift in Sources */,
				AB842C122A91F36300E4A7CE /* CustomizeProfileView.swift in Sources */,
				856E80BB2B50EB260078A2CE /* SabotageGameView.swift in Sources */,
				85741EA82AD03A0C0085423E /* CarouselPractice.swift in Sources */,
				AB2E56D32AE9C6F00096A58C /* VoteGameViewModel.swift in Sources */,
				A2DDB1BB2BB693FD00243E1B /* NewPollViewModel.swift in Sources */,
				AB9C7F682BD83B1E004FC549 /* EmojiCountView.swift in Sources */,
				AB2E56CD2AE9C59D0096A58C /* VoteGameView.swift in Sources */,
				AB7365832C1BE711003A9120 /* SignUpPhoneNumberViewModel.swift in Sources */,
				A2F5631E2AB4E6240026D8C9 /* CanvasPage.swift in Sources */,
				8534B8B92B8001660089AD5C /* NewPollView.swift in Sources */,
				A2DAF34B2C07CB1C00E778FA /* Notifcations.swift in Sources */,
				AB90021D2A8B85DA00F970B8 /* UploadExampleViewModel.swift in Sources */,
				85A6766D2AE9C6BB003ECAAA /* MessageField.swift in Sources */,
				A2F563232AB4E6700026D8C9 /* ChattingView.swift in Sources */,
				AB4C1E4F2A8785BF00588160 /* ColorSelectionView.swift in Sources */,
				AB7438412AAA349C001B4988 /* SearchUserView.swift in Sources */,
				AB8C6E202AE6FBD50005B7F9 /* SpacesViewModel.swift in Sources */,
				ABCA39D22A79FC16009447C3 /* AuthenticationView.swift in Sources */,
				ABF556862A950BCB00103880 /* RootViewModel.swift in Sources */,
				856E80B12B50E9D00078A2CE /* PencilKitPractice.swift in Sources */,
				8507204B2B54692F0057B8BC /* widgetPopup.swift in Sources */,
				ABF556842A95046D00103880 /* ColorPickerWidgetViewModel.swift in Sources */,
				85741EAF2AD03D370085423E /* PostModel.swift in Sources */,
				AB69F0432C1D2C1D00B81E79 /* VerifyCodeViewModel.swift in Sources */,
				ABCA39D62A7A0159009447C3 /* AuthenticationManager.swift in Sources */,
				A2F563222AB4E6700026D8C9 /* MessageManager.swift in Sources */,
				AB300FAE2AC7406500C6719D /* FriendsViewModel.swift in Sources */,
				ABCA39D82A7A0671009447C3 /* RootView.swift in Sources */,
				AB90EDB92B54EB78002AD855 /* CustomizeWidgetView.swift in Sources */,
				AB69F03D2C1D188E00B81E79 /* SignInPhoneNumberView.swift in Sources */,
				8573EC8B2AE6EF9C00CFB579 /* ParticleView.swift in Sources */,
				ABA45E842A7C92B00015F000 /* UserManager.swift in Sources */,
				AB842C0E2A91E2B500E4A7CE /* StorageManager.swift in Sources */,
				AB15AC0B2AF6F00C0055D5D0 /* SpaceProfilePicView.swift in Sources */,
				858128412BFE454000AAF1D1 /* NewTextWidgetView.swift in Sources */,
				AB6EA6102B87A27D00CC90FF /* SplashView.swift in Sources */,
				AB69F03F2C1D189800B81E79 /* SignInPhoneNumberViewModel.swift in Sources */,
				AB9EB95D2B1E805300F58EA5 /* ChatManager.swift in Sources */,
				853A641C2C0D380E00041CA1 /* textTest.swift in Sources */,
				AB15AC0D2AF6F01B0055D5D0 /* SpaceProfilePicViewModel.swift in Sources */,
				AB01CB5F2B855E83004BEB5B /* TextWidget.swift in Sources */,
				ABF172A92BFC66AD000B6F9B /* AddMemberViewModel.swift in Sources */,
				856E80BA2B50EB260078A2CE /* SabotageSelectionView.swift in Sources */,
				856E80B92B50EB260078A2CE /* CardView.swift in Sources */,
				AB6778E22AB8F67300C11AA7 /* ImageWidget.swift in Sources */,
				A257D7842A6D707600A4E7BD /* TwoCentsApp.swift in Sources */,
				AB300FB02AC7407000C6719D /* FriendsView.swift in Sources */,
				ABCA39D42A79FFAD009447C3 /* SignInEmailView.swift in Sources */,
				8573EC892AE6EF4A00CFB579 /* HeartParticle.swift in Sources */,
				A2E5F52B2B5A12D30019C6ED /* DrawingCanvas.swift in Sources */,
				AB6EA60A2B879B7C00CC90FF /* CanvasPageViewModel.swift in Sources */,
				AB2E56CF2AE9C5E60096A58C /* ResultView.swift in Sources */,
				ABB84C342A8CBA03009C7550 /* FrontPageView.swift in Sources */,
				ABB68DB02C15268D00406948 /* TextWidgetViewModel.swift in Sources */,
				AB6778E42AB8F67800C11AA7 /* CanvasWidget.swift in Sources */,
				ABF56DFF2A7C8C5200F959DB /* SettingsViewModel.swift in Sources */,
				AB842C102A91E52000E4A7CE /* ProfileViewModel.swift in Sources */,
				A2DDB1B92BB6806C00243E1B /* PollWidget.swift in Sources */,
				AB7438432AAA34AD001B4988 /* SearchUserViewModel.swift in Sources */,
				AB2E56CA2AE9BB410096A58C /* SpaceManager.swift in Sources */,
				AB69F0412C1D2BC700B81E79 /* VerifyCodeView.swift in Sources */,
				AB90EDBD2B55BB59002AD855 /* NewWidgetViewModel.swift in Sources */,
				ABF172A72BFC6686000B6F9B /* AddMemberView.swift in Sources */,
				ABA45E812A7C8DC50015F000 /* ProfileView.swift in Sources */,
				ABC426B32A86438400873EE1 /* SignUpEmailViewModel.swift in Sources */,
				ABC426B12A863D9F00873EE1 /* SignUpEmailView.swift in Sources */,
				ABA45E7E2A7C8D8C0015F000 /* SignInEmailViewModel.swift in Sources */,
				AB0D07662AE6FB95003AC8A4 /* SpacesView.swift in Sources */,
				AB90021A2A8B85BD00F970B8 /* UploadExample.swift in Sources */,
				AB9909AB2ABE3BF2004B3021 /* FriendRequestsView.swift in Sources */,
				85741EAA2AD03B2C0085423E /* SnapCarouselPractice.swift in Sources */,
				AB9455232A9468130055B44A /* ColorPickerWidget.swift in Sources */,
				85A6766B2AE9C19B003ECAAA /* MessageBubble.swift in Sources */,
			);
			runOnlyForDeploymentPostprocessing = 0;
		};
		A257D78C2A6D707800A4E7BD /* Sources */ = {
			isa = PBXSourcesBuildPhase;
			buildActionMask = 2147483647;
			files = (
				A257D7952A6D707800A4E7BD /* TwoCentsTests.swift in Sources */,
			);
			runOnlyForDeploymentPostprocessing = 0;
		};
		A257D7962A6D707800A4E7BD /* Sources */ = {
			isa = PBXSourcesBuildPhase;
			buildActionMask = 2147483647;
			files = (
				A257D7A12A6D707800A4E7BD /* TwoCentsUITestsLaunchTests.swift in Sources */,
				A257D79F2A6D707800A4E7BD /* TwoCentsUITests.swift in Sources */,
			);
			runOnlyForDeploymentPostprocessing = 0;
		};
/* End PBXSourcesBuildPhase section */

/* Begin PBXTargetDependency section */
		A257D7922A6D707800A4E7BD /* PBXTargetDependency */ = {
			isa = PBXTargetDependency;
			target = A257D77F2A6D707600A4E7BD /* TwoCents */;
			targetProxy = A257D7912A6D707800A4E7BD /* PBXContainerItemProxy */;
		};
		A257D79C2A6D707800A4E7BD /* PBXTargetDependency */ = {
			isa = PBXTargetDependency;
			target = A257D77F2A6D707600A4E7BD /* TwoCents */;
			targetProxy = A257D79B2A6D707800A4E7BD /* PBXContainerItemProxy */;
		};
/* End PBXTargetDependency section */

/* Begin XCBuildConfiguration section */
		A257D7A22A6D707800A4E7BD /* Debug */ = {
			isa = XCBuildConfiguration;
			buildSettings = {
				ALWAYS_SEARCH_USER_PATHS = NO;
				CLANG_ANALYZER_NONNULL = YES;
				CLANG_ANALYZER_NUMBER_OBJECT_CONVERSION = YES_AGGRESSIVE;
				CLANG_CXX_LANGUAGE_STANDARD = "gnu++20";
				CLANG_ENABLE_MODULES = YES;
				CLANG_ENABLE_OBJC_ARC = YES;
				CLANG_ENABLE_OBJC_WEAK = YES;
				CLANG_WARN_BLOCK_CAPTURE_AUTORELEASING = YES;
				CLANG_WARN_BOOL_CONVERSION = YES;
				CLANG_WARN_COMMA = YES;
				CLANG_WARN_CONSTANT_CONVERSION = YES;
				CLANG_WARN_DEPRECATED_OBJC_IMPLEMENTATIONS = YES;
				CLANG_WARN_DIRECT_OBJC_ISA_USAGE = YES_ERROR;
				CLANG_WARN_DOCUMENTATION_COMMENTS = YES;
				CLANG_WARN_EMPTY_BODY = YES;
				CLANG_WARN_ENUM_CONVERSION = YES;
				CLANG_WARN_INFINITE_RECURSION = YES;
				CLANG_WARN_INT_CONVERSION = YES;
				CLANG_WARN_NON_LITERAL_NULL_CONVERSION = YES;
				CLANG_WARN_OBJC_IMPLICIT_RETAIN_SELF = YES;
				CLANG_WARN_OBJC_LITERAL_CONVERSION = YES;
				CLANG_WARN_OBJC_ROOT_CLASS = YES_ERROR;
				CLANG_WARN_QUOTED_INCLUDE_IN_FRAMEWORK_HEADER = YES;
				CLANG_WARN_RANGE_LOOP_ANALYSIS = YES;
				CLANG_WARN_STRICT_PROTOTYPES = YES;
				CLANG_WARN_SUSPICIOUS_MOVE = YES;
				CLANG_WARN_UNGUARDED_AVAILABILITY = YES_AGGRESSIVE;
				CLANG_WARN_UNREACHABLE_CODE = YES;
				CLANG_WARN__DUPLICATE_METHOD_MATCH = YES;
				COPY_PHASE_STRIP = NO;
				DEBUG_INFORMATION_FORMAT = dwarf;
				ENABLE_STRICT_OBJC_MSGSEND = YES;
				ENABLE_TESTABILITY = YES;
				GCC_C_LANGUAGE_STANDARD = gnu11;
				GCC_DYNAMIC_NO_PIC = NO;
				GCC_NO_COMMON_BLOCKS = YES;
				GCC_OPTIMIZATION_LEVEL = 0;
				GCC_PREPROCESSOR_DEFINITIONS = (
					"DEBUG=1",
					"$(inherited)",
				);
				GCC_WARN_64_TO_32_BIT_CONVERSION = YES;
				GCC_WARN_ABOUT_RETURN_TYPE = YES_ERROR;
				GCC_WARN_UNDECLARED_SELECTOR = YES;
				GCC_WARN_UNINITIALIZED_AUTOS = YES_AGGRESSIVE;
				GCC_WARN_UNUSED_FUNCTION = YES;
				GCC_WARN_UNUSED_VARIABLE = YES;
				IPHONEOS_DEPLOYMENT_TARGET = 17.0;
				MTL_ENABLE_DEBUG_INFO = INCLUDE_SOURCE;
				MTL_FAST_MATH = YES;
				ONLY_ACTIVE_ARCH = YES;
				SDKROOT = iphoneos;
				SWIFT_ACTIVE_COMPILATION_CONDITIONS = DEBUG;
				SWIFT_OPTIMIZATION_LEVEL = "-Onone";
			};
			name = Debug;
		};
		A257D7A32A6D707800A4E7BD /* Release */ = {
			isa = XCBuildConfiguration;
			buildSettings = {
				ALWAYS_SEARCH_USER_PATHS = NO;
				CLANG_ANALYZER_NONNULL = YES;
				CLANG_ANALYZER_NUMBER_OBJECT_CONVERSION = YES_AGGRESSIVE;
				CLANG_CXX_LANGUAGE_STANDARD = "gnu++20";
				CLANG_ENABLE_MODULES = YES;
				CLANG_ENABLE_OBJC_ARC = YES;
				CLANG_ENABLE_OBJC_WEAK = YES;
				CLANG_WARN_BLOCK_CAPTURE_AUTORELEASING = YES;
				CLANG_WARN_BOOL_CONVERSION = YES;
				CLANG_WARN_COMMA = YES;
				CLANG_WARN_CONSTANT_CONVERSION = YES;
				CLANG_WARN_DEPRECATED_OBJC_IMPLEMENTATIONS = YES;
				CLANG_WARN_DIRECT_OBJC_ISA_USAGE = YES_ERROR;
				CLANG_WARN_DOCUMENTATION_COMMENTS = YES;
				CLANG_WARN_EMPTY_BODY = YES;
				CLANG_WARN_ENUM_CONVERSION = YES;
				CLANG_WARN_INFINITE_RECURSION = YES;
				CLANG_WARN_INT_CONVERSION = YES;
				CLANG_WARN_NON_LITERAL_NULL_CONVERSION = YES;
				CLANG_WARN_OBJC_IMPLICIT_RETAIN_SELF = YES;
				CLANG_WARN_OBJC_LITERAL_CONVERSION = YES;
				CLANG_WARN_OBJC_ROOT_CLASS = YES_ERROR;
				CLANG_WARN_QUOTED_INCLUDE_IN_FRAMEWORK_HEADER = YES;
				CLANG_WARN_RANGE_LOOP_ANALYSIS = YES;
				CLANG_WARN_STRICT_PROTOTYPES = YES;
				CLANG_WARN_SUSPICIOUS_MOVE = YES;
				CLANG_WARN_UNGUARDED_AVAILABILITY = YES_AGGRESSIVE;
				CLANG_WARN_UNREACHABLE_CODE = YES;
				CLANG_WARN__DUPLICATE_METHOD_MATCH = YES;
				COPY_PHASE_STRIP = NO;
				DEBUG_INFORMATION_FORMAT = "dwarf-with-dsym";
				ENABLE_NS_ASSERTIONS = NO;
				ENABLE_STRICT_OBJC_MSGSEND = YES;
				GCC_C_LANGUAGE_STANDARD = gnu11;
				GCC_NO_COMMON_BLOCKS = YES;
				GCC_WARN_64_TO_32_BIT_CONVERSION = YES;
				GCC_WARN_ABOUT_RETURN_TYPE = YES_ERROR;
				GCC_WARN_UNDECLARED_SELECTOR = YES;
				GCC_WARN_UNINITIALIZED_AUTOS = YES_AGGRESSIVE;
				GCC_WARN_UNUSED_FUNCTION = YES;
				GCC_WARN_UNUSED_VARIABLE = YES;
				IPHONEOS_DEPLOYMENT_TARGET = 17.0;
				MTL_ENABLE_DEBUG_INFO = NO;
				MTL_FAST_MATH = YES;
				SDKROOT = iphoneos;
				SWIFT_COMPILATION_MODE = wholemodule;
				SWIFT_OPTIMIZATION_LEVEL = "-O";
				VALIDATE_PRODUCT = YES;
			};
			name = Release;
		};
		A257D7A52A6D707800A4E7BD /* Debug */ = {
			isa = XCBuildConfiguration;
			buildSettings = {
				ASSETCATALOG_COMPILER_APPICON_NAME = AppIcon;
				ASSETCATALOG_COMPILER_GLOBAL_ACCENT_COLOR_NAME = AccentColor;
				CODE_SIGN_ENTITLEMENTS = TwoCents/TwoCents.entitlements;
				CODE_SIGN_STYLE = Automatic;
				CURRENT_PROJECT_VERSION = 1;
				DEVELOPMENT_ASSET_PATHS = "\"TwoCents/Preview Content\"";
				DEVELOPMENT_TEAM = 857HQ99479;
				ENABLE_PREVIEWS = YES;
				GENERATE_INFOPLIST_FILE = YES;
				INFOPLIST_FILE = TwoCents/Info.plist;
				INFOPLIST_KEY_UIApplicationSceneManifest_Generation = YES;
				INFOPLIST_KEY_UIApplicationSupportsIndirectInputEvents = YES;
				INFOPLIST_KEY_UILaunchScreen_Generation = YES;
				INFOPLIST_KEY_UISupportedInterfaceOrientations = UIInterfaceOrientationPortrait;
				INFOPLIST_KEY_UISupportedInterfaceOrientations_iPad = "UIInterfaceOrientationLandscapeLeft UIInterfaceOrientationLandscapeRight UIInterfaceOrientationPortrait UIInterfaceOrientationPortraitUpsideDown";
				LD_RUNPATH_SEARCH_PATHS = (
					"$(inherited)",
					"@executable_path/Frameworks",
				);
				MARKETING_VERSION = 0.1.0;
				PRODUCT_BUNDLE_IDENTIFIER = com.twocentsapp.secondcents;
				PRODUCT_NAME = "$(TARGET_NAME)";
				SWIFT_EMIT_LOC_STRINGS = YES;
				SWIFT_VERSION = 5.0;
				TARGETED_DEVICE_FAMILY = "1,2";
			};
			name = Debug;
		};
		A257D7A62A6D707800A4E7BD /* Release */ = {
			isa = XCBuildConfiguration;
			buildSettings = {
				ASSETCATALOG_COMPILER_APPICON_NAME = AppIcon;
				ASSETCATALOG_COMPILER_GLOBAL_ACCENT_COLOR_NAME = AccentColor;
				CODE_SIGN_ENTITLEMENTS = TwoCents/TwoCents.entitlements;
				CODE_SIGN_STYLE = Automatic;
				CURRENT_PROJECT_VERSION = 1;
				DEVELOPMENT_ASSET_PATHS = "\"TwoCents/Preview Content\"";
				DEVELOPMENT_TEAM = 857HQ99479;
				ENABLE_PREVIEWS = YES;
				GENERATE_INFOPLIST_FILE = YES;
				INFOPLIST_FILE = TwoCents/Info.plist;
				INFOPLIST_KEY_UIApplicationSceneManifest_Generation = YES;
				INFOPLIST_KEY_UIApplicationSupportsIndirectInputEvents = YES;
				INFOPLIST_KEY_UILaunchScreen_Generation = YES;
				INFOPLIST_KEY_UISupportedInterfaceOrientations = UIInterfaceOrientationPortrait;
				INFOPLIST_KEY_UISupportedInterfaceOrientations_iPad = "UIInterfaceOrientationLandscapeLeft UIInterfaceOrientationLandscapeRight UIInterfaceOrientationPortrait UIInterfaceOrientationPortraitUpsideDown";
				LD_RUNPATH_SEARCH_PATHS = (
					"$(inherited)",
					"@executable_path/Frameworks",
				);
				MARKETING_VERSION = 0.1.0;
				PRODUCT_BUNDLE_IDENTIFIER = com.twocentsapp.secondcents;
				PRODUCT_NAME = "$(TARGET_NAME)";
				SWIFT_EMIT_LOC_STRINGS = YES;
				SWIFT_VERSION = 5.0;
				TARGETED_DEVICE_FAMILY = "1,2";
			};
			name = Release;
		};
		A257D7A82A6D707800A4E7BD /* Debug */ = {
			isa = XCBuildConfiguration;
			buildSettings = {
				ALWAYS_EMBED_SWIFT_STANDARD_LIBRARIES = YES;
				BUNDLE_LOADER = "$(TEST_HOST)";
				CODE_SIGN_STYLE = Automatic;
				CURRENT_PROJECT_VERSION = 1;
				GENERATE_INFOPLIST_FILE = YES;
				IPHONEOS_DEPLOYMENT_TARGET = 17.0;
				MARKETING_VERSION = 1.0;
				PRODUCT_BUNDLE_IDENTIFIER = TwoCents.TwoCentsTests;
				PRODUCT_NAME = "$(TARGET_NAME)";
				SWIFT_EMIT_LOC_STRINGS = NO;
				SWIFT_VERSION = 5.0;
				TARGETED_DEVICE_FAMILY = "1,2";
				TEST_HOST = "$(BUILT_PRODUCTS_DIR)/TwoCents.app/$(BUNDLE_EXECUTABLE_FOLDER_PATH)/TwoCents";
			};
			name = Debug;
		};
		A257D7A92A6D707800A4E7BD /* Release */ = {
			isa = XCBuildConfiguration;
			buildSettings = {
				ALWAYS_EMBED_SWIFT_STANDARD_LIBRARIES = YES;
				BUNDLE_LOADER = "$(TEST_HOST)";
				CODE_SIGN_STYLE = Automatic;
				CURRENT_PROJECT_VERSION = 1;
				GENERATE_INFOPLIST_FILE = YES;
				IPHONEOS_DEPLOYMENT_TARGET = 17.0;
				MARKETING_VERSION = 1.0;
				PRODUCT_BUNDLE_IDENTIFIER = TwoCents.TwoCentsTests;
				PRODUCT_NAME = "$(TARGET_NAME)";
				SWIFT_EMIT_LOC_STRINGS = NO;
				SWIFT_VERSION = 5.0;
				TARGETED_DEVICE_FAMILY = "1,2";
				TEST_HOST = "$(BUILT_PRODUCTS_DIR)/TwoCents.app/$(BUNDLE_EXECUTABLE_FOLDER_PATH)/TwoCents";
			};
			name = Release;
		};
		A257D7AB2A6D707800A4E7BD /* Debug */ = {
			isa = XCBuildConfiguration;
			buildSettings = {
				ALWAYS_EMBED_SWIFT_STANDARD_LIBRARIES = YES;
				CODE_SIGN_STYLE = Automatic;
				CURRENT_PROJECT_VERSION = 1;
				GENERATE_INFOPLIST_FILE = YES;
				MARKETING_VERSION = 1.0;
				PRODUCT_BUNDLE_IDENTIFIER = TwoCents.TwoCentsUITests;
				PRODUCT_NAME = "$(TARGET_NAME)";
				SWIFT_EMIT_LOC_STRINGS = NO;
				SWIFT_VERSION = 5.0;
				TARGETED_DEVICE_FAMILY = "1,2";
				TEST_TARGET_NAME = TwoCents;
			};
			name = Debug;
		};
		A257D7AC2A6D707800A4E7BD /* Release */ = {
			isa = XCBuildConfiguration;
			buildSettings = {
				ALWAYS_EMBED_SWIFT_STANDARD_LIBRARIES = YES;
				CODE_SIGN_STYLE = Automatic;
				CURRENT_PROJECT_VERSION = 1;
				GENERATE_INFOPLIST_FILE = YES;
				MARKETING_VERSION = 1.0;
				PRODUCT_BUNDLE_IDENTIFIER = TwoCents.TwoCentsUITests;
				PRODUCT_NAME = "$(TARGET_NAME)";
				SWIFT_EMIT_LOC_STRINGS = NO;
				SWIFT_VERSION = 5.0;
				TARGETED_DEVICE_FAMILY = "1,2";
				TEST_TARGET_NAME = TwoCents;
			};
			name = Release;
		};
/* End XCBuildConfiguration section */

/* Begin XCConfigurationList section */
		A257D77B2A6D707600A4E7BD /* Build configuration list for PBXProject "TwoCents" */ = {
			isa = XCConfigurationList;
			buildConfigurations = (
				A257D7A22A6D707800A4E7BD /* Debug */,
				A257D7A32A6D707800A4E7BD /* Release */,
			);
			defaultConfigurationIsVisible = 0;
			defaultConfigurationName = Release;
		};
		A257D7A42A6D707800A4E7BD /* Build configuration list for PBXNativeTarget "TwoCents" */ = {
			isa = XCConfigurationList;
			buildConfigurations = (
				A257D7A52A6D707800A4E7BD /* Debug */,
				A257D7A62A6D707800A4E7BD /* Release */,
			);
			defaultConfigurationIsVisible = 0;
			defaultConfigurationName = Release;
		};
		A257D7A72A6D707800A4E7BD /* Build configuration list for PBXNativeTarget "TwoCentsTests" */ = {
			isa = XCConfigurationList;
			buildConfigurations = (
				A257D7A82A6D707800A4E7BD /* Debug */,
				A257D7A92A6D707800A4E7BD /* Release */,
			);
			defaultConfigurationIsVisible = 0;
			defaultConfigurationName = Release;
		};
		A257D7AA2A6D707800A4E7BD /* Build configuration list for PBXNativeTarget "TwoCentsUITests" */ = {
			isa = XCConfigurationList;
			buildConfigurations = (
				A257D7AB2A6D707800A4E7BD /* Debug */,
				A257D7AC2A6D707800A4E7BD /* Release */,
			);
			defaultConfigurationIsVisible = 0;
			defaultConfigurationName = Release;
		};
/* End XCConfigurationList section */

/* Begin XCRemoteSwiftPackageReference section */
		A23317AE2C1A9E3C00F20A0E /* XCRemoteSwiftPackageReference "swiftui-introspect" */ = {
			isa = XCRemoteSwiftPackageReference;
			repositoryURL = "https://github.com/siteline/swiftui-introspect";
			requirement = {
				kind = upToNextMajorVersion;
				minimumVersion = 1.1.4;
			};
		};
		ABCA39C82A79F97D009447C3 /* XCRemoteSwiftPackageReference "firebase-ios-sdk" */ = {
			isa = XCRemoteSwiftPackageReference;
			repositoryURL = "https://github.com/firebase/firebase-ios-sdk";
			requirement = {
				kind = exactVersion;
				version = 10.26.0;
			};
		};
/* End XCRemoteSwiftPackageReference section */

/* Begin XCSwiftPackageProductDependency section */
		A200F21A2C0026B400BC1005 /* FirebaseMessaging */ = {
			isa = XCSwiftPackageProductDependency;
			package = ABCA39C82A79F97D009447C3 /* XCRemoteSwiftPackageReference "firebase-ios-sdk" */;
			productName = FirebaseMessaging;
		};
		AB842C0A2A91E27E00E4A7CE /* FirebaseStorage */ = {
			isa = XCSwiftPackageProductDependency;
			package = ABCA39C82A79F97D009447C3 /* XCRemoteSwiftPackageReference "firebase-ios-sdk" */;
			productName = FirebaseStorage;
		};
		ABCA39C92A79F97D009447C3 /* FirebaseAnalytics */ = {
			isa = XCSwiftPackageProductDependency;
			package = ABCA39C82A79F97D009447C3 /* XCRemoteSwiftPackageReference "firebase-ios-sdk" */;
			productName = FirebaseAnalytics;
		};
		ABCA39CB2A79F97D009447C3 /* FirebaseAnalyticsSwift */ = {
			isa = XCSwiftPackageProductDependency;
			package = ABCA39C82A79F97D009447C3 /* XCRemoteSwiftPackageReference "firebase-ios-sdk" */;
			productName = FirebaseAnalyticsSwift;
		};
		ABCA39CE2A79FBB5009447C3 /* FirebaseAuth */ = {
			isa = XCSwiftPackageProductDependency;
			package = ABCA39C82A79F97D009447C3 /* XCRemoteSwiftPackageReference "firebase-ios-sdk" */;
			productName = FirebaseAuth;
		};
		ABF56DF62A7C8B7A00F959DB /* FirebaseFirestore */ = {
			isa = XCSwiftPackageProductDependency;
			package = ABCA39C82A79F97D009447C3 /* XCRemoteSwiftPackageReference "firebase-ios-sdk" */;
			productName = FirebaseFirestore;
		};
		ABF56DF82A7C8B7A00F959DB /* FirebaseFirestoreSwift */ = {
			isa = XCSwiftPackageProductDependency;
			package = ABCA39C82A79F97D009447C3 /* XCRemoteSwiftPackageReference "firebase-ios-sdk" */;
			productName = FirebaseFirestoreSwift;
		};
/* End XCSwiftPackageProductDependency section */
	};
	rootObject = A257D7782A6D707600A4E7BD /* Project object */;
}
