// !$*UTF8*$!
{
	archiveVersion = 1;
	classes = {
	};
	objectVersion = 56;
	objects = {

/* Begin PBXBuildFile section */
		A257D7842A6D707600A4E7BD /* TwoCentsApp.swift in Sources */ = {isa = PBXBuildFile; fileRef = A257D7832A6D707600A4E7BD /* TwoCentsApp.swift */; };
		A257D7862A6D707600A4E7BD /* ContentView.swift in Sources */ = {isa = PBXBuildFile; fileRef = A257D7852A6D707600A4E7BD /* ContentView.swift */; };
		A257D7882A6D707800A4E7BD /* Assets.xcassets in Resources */ = {isa = PBXBuildFile; fileRef = A257D7872A6D707800A4E7BD /* Assets.xcassets */; };
		A257D78B2A6D707800A4E7BD /* Preview Assets.xcassets in Resources */ = {isa = PBXBuildFile; fileRef = A257D78A2A6D707800A4E7BD /* Preview Assets.xcassets */; };
		A257D7952A6D707800A4E7BD /* TwoCentsTests.swift in Sources */ = {isa = PBXBuildFile; fileRef = A257D7942A6D707800A4E7BD /* TwoCentsTests.swift */; };
		A257D79F2A6D707800A4E7BD /* TwoCentsUITests.swift in Sources */ = {isa = PBXBuildFile; fileRef = A257D79E2A6D707800A4E7BD /* TwoCentsUITests.swift */; };
		A257D7A12A6D707800A4E7BD /* TwoCentsUITestsLaunchTests.swift in Sources */ = {isa = PBXBuildFile; fileRef = A257D7A02A6D707800A4E7BD /* TwoCentsUITestsLaunchTests.swift */; };
		A26809CA2AB8A77E003B30DE /* VoteGameReal.swift in Sources */ = {isa = PBXBuildFile; fileRef = A20EBD072AB8A36100EFDDE8 /* VoteGameReal.swift */; };
		A2F563192AB4E6240026D8C9 /* CanvasWidget.swift in Sources */ = {isa = PBXBuildFile; fileRef = A2F563132AB4E6240026D8C9 /* CanvasWidget.swift */; };
		A2F5631A2AB4E6240026D8C9 /* VideoWidget.swift in Sources */ = {isa = PBXBuildFile; fileRef = A2F563142AB4E6240026D8C9 /* VideoWidget.swift */; };
		A2F5631B2AB4E6240026D8C9 /* ImageWidget.swift in Sources */ = {isa = PBXBuildFile; fileRef = A2F563152AB4E6240026D8C9 /* ImageWidget.swift */; };
		A2F5631C2AB4E6240026D8C9 /* Line.swift in Sources */ = {isa = PBXBuildFile; fileRef = A2F563162AB4E6240026D8C9 /* Line.swift */; };
		A2F5631E2AB4E6240026D8C9 /* CanvasPage.swift in Sources */ = {isa = PBXBuildFile; fileRef = A2F563182AB4E6240026D8C9 /* CanvasPage.swift */; };
		A2F563222AB4E6700026D8C9 /* retrievemessages.swift in Sources */ = {isa = PBXBuildFile; fileRef = A2F563202AB4E6700026D8C9 /* retrievemessages.swift */; };
		A2F563232AB4E6700026D8C9 /* chattingView.swift in Sources */ = {isa = PBXBuildFile; fileRef = A2F563212AB4E6700026D8C9 /* chattingView.swift */; };
		AB4C1E4F2A8785BF00588160 /* ColorSelectionView.swift in Sources */ = {isa = PBXBuildFile; fileRef = AB4C1E4E2A8785BF00588160 /* ColorSelectionView.swift */; };
		AB7365BB2A85060F00799D31 /* GoogleService-Info.plist in Resources */ = {isa = PBXBuildFile; fileRef = AB7365BA2A85060F00799D31 /* GoogleService-Info.plist */; };
		AB7438412AAA349C001B4988 /* SearchUserView.swift in Sources */ = {isa = PBXBuildFile; fileRef = AB7438402AAA349C001B4988 /* SearchUserView.swift */; };
		AB7438432AAA34AD001B4988 /* SearchUserViewModel.swift in Sources */ = {isa = PBXBuildFile; fileRef = AB7438422AAA34AD001B4988 /* SearchUserViewModel.swift */; };
		AB842C0B2A91E27E00E4A7CE /* FirebaseStorage in Frameworks */ = {isa = PBXBuildFile; productRef = AB842C0A2A91E27E00E4A7CE /* FirebaseStorage */; };
		AB842C0E2A91E2B500E4A7CE /* StorageManager.swift in Sources */ = {isa = PBXBuildFile; fileRef = AB842C0D2A91E2B500E4A7CE /* StorageManager.swift */; };
		AB842C102A91E52000E4A7CE /* ProfileViewModel.swift in Sources */ = {isa = PBXBuildFile; fileRef = AB842C0F2A91E52000E4A7CE /* ProfileViewModel.swift */; };
		AB842C122A91F36300E4A7CE /* CustomizeProfileView.swift in Sources */ = {isa = PBXBuildFile; fileRef = AB842C112A91F36300E4A7CE /* CustomizeProfileView.swift */; };
		AB842C142A91F36D00E4A7CE /* CustomizeProfileViewModel.swift in Sources */ = {isa = PBXBuildFile; fileRef = AB842C132A91F36D00E4A7CE /* CustomizeProfileViewModel.swift */; };
		AB90021A2A8B85BD00F970B8 /* UploadExample.swift in Sources */ = {isa = PBXBuildFile; fileRef = AB9002192A8B85BD00F970B8 /* UploadExample.swift */; };
		AB90021D2A8B85DA00F970B8 /* UploadExampleViewModel.swift in Sources */ = {isa = PBXBuildFile; fileRef = AB90021C2A8B85DA00F970B8 /* UploadExampleViewModel.swift */; };
		AB9455232A9468130055B44A /* ColorPickerWidget.swift in Sources */ = {isa = PBXBuildFile; fileRef = AB9455222A9468130055B44A /* ColorPickerWidget.swift */; };
		ABA45E7E2A7C8D8C0015F000 /* SignInEmailViewModel.swift in Sources */ = {isa = PBXBuildFile; fileRef = ABA45E7D2A7C8D8C0015F000 /* SignInEmailViewModel.swift */; };
		ABA45E812A7C8DC50015F000 /* ProfileView.swift in Sources */ = {isa = PBXBuildFile; fileRef = ABA45E802A7C8DC50015F000 /* ProfileView.swift */; };
		ABA45E842A7C92B00015F000 /* UserManager.swift in Sources */ = {isa = PBXBuildFile; fileRef = ABA45E832A7C92B00015F000 /* UserManager.swift */; };
		ABB84C342A8CBA03009C7550 /* FrontPageView.swift in Sources */ = {isa = PBXBuildFile; fileRef = ABB84C332A8CBA03009C7550 /* FrontPageView.swift */; };
		ABC426B12A863D9F00873EE1 /* SignUpEmailView.swift in Sources */ = {isa = PBXBuildFile; fileRef = ABC426B02A863D9F00873EE1 /* SignUpEmailView.swift */; };
		ABC426B32A86438400873EE1 /* SignUpEmailViewModel.swift in Sources */ = {isa = PBXBuildFile; fileRef = ABC426B22A86438400873EE1 /* SignUpEmailViewModel.swift */; };
		ABCA39CA2A79F97D009447C3 /* FirebaseAnalytics in Frameworks */ = {isa = PBXBuildFile; productRef = ABCA39C92A79F97D009447C3 /* FirebaseAnalytics */; };
		ABCA39CC2A79F97D009447C3 /* FirebaseAnalyticsSwift in Frameworks */ = {isa = PBXBuildFile; productRef = ABCA39CB2A79F97D009447C3 /* FirebaseAnalyticsSwift */; };
		ABCA39CF2A79FBB5009447C3 /* FirebaseAuth in Frameworks */ = {isa = PBXBuildFile; productRef = ABCA39CE2A79FBB5009447C3 /* FirebaseAuth */; };
		ABCA39D22A79FC16009447C3 /* AuthenticationView.swift in Sources */ = {isa = PBXBuildFile; fileRef = ABCA39D12A79FC16009447C3 /* AuthenticationView.swift */; };
		ABCA39D42A79FFAD009447C3 /* SignInEmailView.swift in Sources */ = {isa = PBXBuildFile; fileRef = ABCA39D32A79FFAD009447C3 /* SignInEmailView.swift */; };
		ABCA39D62A7A0159009447C3 /* AuthenticationManager.swift in Sources */ = {isa = PBXBuildFile; fileRef = ABCA39D52A7A0159009447C3 /* AuthenticationManager.swift */; };
		ABCA39D82A7A0671009447C3 /* RootView.swift in Sources */ = {isa = PBXBuildFile; fileRef = ABCA39D72A7A0671009447C3 /* RootView.swift */; };
		ABCA39DA2A7A0881009447C3 /* SettingsView.swift in Sources */ = {isa = PBXBuildFile; fileRef = ABCA39D92A7A0881009447C3 /* SettingsView.swift */; };
		ABF556842A95046D00103880 /* ColorPickerWidgetViewModel.swift in Sources */ = {isa = PBXBuildFile; fileRef = ABF556832A95046D00103880 /* ColorPickerWidgetViewModel.swift */; };
		ABF556862A950BCB00103880 /* RootViewModel.swift in Sources */ = {isa = PBXBuildFile; fileRef = ABF556852A950BCB00103880 /* RootViewModel.swift */; };
		ABF56DF72A7C8B7A00F959DB /* FirebaseFirestore in Frameworks */ = {isa = PBXBuildFile; productRef = ABF56DF62A7C8B7A00F959DB /* FirebaseFirestore */; };
		ABF56DF92A7C8B7A00F959DB /* FirebaseFirestoreSwift in Frameworks */ = {isa = PBXBuildFile; productRef = ABF56DF82A7C8B7A00F959DB /* FirebaseFirestoreSwift */; };
		ABF56DFF2A7C8C5200F959DB /* SettingsViewModel.swift in Sources */ = {isa = PBXBuildFile; fileRef = ABF56DFE2A7C8C5200F959DB /* SettingsViewModel.swift */; };
/* End PBXBuildFile section */

/* Begin PBXContainerItemProxy section */
		A257D7912A6D707800A4E7BD /* PBXContainerItemProxy */ = {
			isa = PBXContainerItemProxy;
			containerPortal = A257D7782A6D707600A4E7BD /* Project object */;
			proxyType = 1;
			remoteGlobalIDString = A257D77F2A6D707600A4E7BD;
			remoteInfo = TwoCents;
		};
		A257D79B2A6D707800A4E7BD /* PBXContainerItemProxy */ = {
			isa = PBXContainerItemProxy;
			containerPortal = A257D7782A6D707600A4E7BD /* Project object */;
			proxyType = 1;
			remoteGlobalIDString = A257D77F2A6D707600A4E7BD;
			remoteInfo = TwoCents;
		};
/* End PBXContainerItemProxy section */

/* Begin PBXFileReference section */
		85DDD0CC2AB4E79A008A9C56 /* VoteGameReal.swift */ = {isa = PBXFileReference; fileEncoding = 4; lastKnownFileType = sourcecode.swift; path = VoteGameReal.swift; sourceTree = "<group>"; };
		A2003C942AABA08300B1E551 /* Line.swift */ = {isa = PBXFileReference; lastKnownFileType = sourcecode.swift; path = Line.swift; sourceTree = "<group>"; };
		A20EBD042AB8A36100EFDDE8 /* SabotageGame.swift */ = {isa = PBXFileReference; fileEncoding = 4; lastKnownFileType = sourcecode.swift; path = SabotageGame.swift; sourceTree = "<group>"; };
		A20EBD052AB8A36100EFDDE8 /* CardView.swift */ = {isa = PBXFileReference; fileEncoding = 4; lastKnownFileType = sourcecode.swift; path = CardView.swift; sourceTree = "<group>"; };
		A20EBD062AB8A36100EFDDE8 /* firstView.swift */ = {isa = PBXFileReference; fileEncoding = 4; lastKnownFileType = sourcecode.swift; path = firstView.swift; sourceTree = "<group>"; };
		A20EBD072AB8A36100EFDDE8 /* VoteGameReal.swift */ = {isa = PBXFileReference; fileEncoding = 4; lastKnownFileType = sourcecode.swift; path = VoteGameReal.swift; sourceTree = "<group>"; };
		A20EBD082AB8A36100EFDDE8 /* HotSeatManager.swift */ = {isa = PBXFileReference; fileEncoding = 4; lastKnownFileType = sourcecode.swift; path = HotSeatManager.swift; sourceTree = "<group>"; };
		A20EBD092AB8A36100EFDDE8 /* SuperlativeGame.swift */ = {isa = PBXFileReference; fileEncoding = 4; lastKnownFileType = sourcecode.swift; path = SuperlativeGame.swift; sourceTree = "<group>"; };
		A2354EF52AA0D6CB0092BF1C /* ImageWidget.swift */ = {isa = PBXFileReference; fileEncoding = 4; lastKnownFileType = sourcecode.swift; path = ImageWidget.swift; sourceTree = "<group>"; };
		A2354EF72AA0D6CB0092BF1C /* CanvasWidget.swift */ = {isa = PBXFileReference; fileEncoding = 4; lastKnownFileType = sourcecode.swift; path = CanvasWidget.swift; sourceTree = "<group>"; };
		A257D7802A6D707600A4E7BD /* TwoCents.app */ = {isa = PBXFileReference; explicitFileType = wrapper.application; includeInIndex = 0; path = TwoCents.app; sourceTree = BUILT_PRODUCTS_DIR; };
		A257D7832A6D707600A4E7BD /* TwoCentsApp.swift */ = {isa = PBXFileReference; lastKnownFileType = sourcecode.swift; path = TwoCentsApp.swift; sourceTree = "<group>"; };
		A257D7852A6D707600A4E7BD /* ContentView.swift */ = {isa = PBXFileReference; lastKnownFileType = sourcecode.swift; path = ContentView.swift; sourceTree = "<group>"; };
		A257D7872A6D707800A4E7BD /* Assets.xcassets */ = {isa = PBXFileReference; lastKnownFileType = folder.assetcatalog; path = Assets.xcassets; sourceTree = "<group>"; };
		A257D78A2A6D707800A4E7BD /* Preview Assets.xcassets */ = {isa = PBXFileReference; lastKnownFileType = folder.assetcatalog; path = "Preview Assets.xcassets"; sourceTree = "<group>"; };
		A257D7902A6D707800A4E7BD /* TwoCentsTests.xctest */ = {isa = PBXFileReference; explicitFileType = wrapper.cfbundle; includeInIndex = 0; path = TwoCentsTests.xctest; sourceTree = BUILT_PRODUCTS_DIR; };
		A257D7942A6D707800A4E7BD /* TwoCentsTests.swift */ = {isa = PBXFileReference; lastKnownFileType = sourcecode.swift; path = TwoCentsTests.swift; sourceTree = "<group>"; };
		A257D79A2A6D707800A4E7BD /* TwoCentsUITests.xctest */ = {isa = PBXFileReference; explicitFileType = wrapper.cfbundle; includeInIndex = 0; path = TwoCentsUITests.xctest; sourceTree = BUILT_PRODUCTS_DIR; };
		A257D79E2A6D707800A4E7BD /* TwoCentsUITests.swift */ = {isa = PBXFileReference; lastKnownFileType = sourcecode.swift; path = TwoCentsUITests.swift; sourceTree = "<group>"; };
		A257D7A02A6D707800A4E7BD /* TwoCentsUITestsLaunchTests.swift */ = {isa = PBXFileReference; lastKnownFileType = sourcecode.swift; path = TwoCentsUITestsLaunchTests.swift; sourceTree = "<group>"; };
		A2F563132AB4E6240026D8C9 /* CanvasWidget.swift */ = {isa = PBXFileReference; fileEncoding = 4; lastKnownFileType = sourcecode.swift; path = CanvasWidget.swift; sourceTree = "<group>"; };
		A2F563142AB4E6240026D8C9 /* VideoWidget.swift */ = {isa = PBXFileReference; fileEncoding = 4; lastKnownFileType = sourcecode.swift; path = VideoWidget.swift; sourceTree = "<group>"; };
		A2F563152AB4E6240026D8C9 /* ImageWidget.swift */ = {isa = PBXFileReference; fileEncoding = 4; lastKnownFileType = sourcecode.swift; path = ImageWidget.swift; sourceTree = "<group>"; };
		A2F563162AB4E6240026D8C9 /* Line.swift */ = {isa = PBXFileReference; fileEncoding = 4; lastKnownFileType = sourcecode.swift; path = Line.swift; sourceTree = "<group>"; };
		A2F563182AB4E6240026D8C9 /* CanvasPage.swift */ = {isa = PBXFileReference; fileEncoding = 4; lastKnownFileType = sourcecode.swift; path = CanvasPage.swift; sourceTree = "<group>"; };
		A2F563202AB4E6700026D8C9 /* retrievemessages.swift */ = {isa = PBXFileReference; fileEncoding = 4; lastKnownFileType = sourcecode.swift; path = retrievemessages.swift; sourceTree = "<group>"; };
		A2F563212AB4E6700026D8C9 /* chattingView.swift */ = {isa = PBXFileReference; fileEncoding = 4; lastKnownFileType = sourcecode.swift; path = chattingView.swift; sourceTree = "<group>"; };
		AB4C1E4E2A8785BF00588160 /* ColorSelectionView.swift */ = {isa = PBXFileReference; lastKnownFileType = sourcecode.swift; path = ColorSelectionView.swift; sourceTree = "<group>"; };
		AB7365BA2A85060F00799D31 /* GoogleService-Info.plist */ = {isa = PBXFileReference; fileEncoding = 4; lastKnownFileType = text.plist.xml; path = "GoogleService-Info.plist"; sourceTree = "<group>"; };
		AB7438402AAA349C001B4988 /* SearchUserView.swift */ = {isa = PBXFileReference; lastKnownFileType = sourcecode.swift; path = SearchUserView.swift; sourceTree = "<group>"; };
		AB7438422AAA34AD001B4988 /* SearchUserViewModel.swift */ = {isa = PBXFileReference; lastKnownFileType = sourcecode.swift; path = SearchUserViewModel.swift; sourceTree = "<group>"; };
		AB842C0D2A91E2B500E4A7CE /* StorageManager.swift */ = {isa = PBXFileReference; lastKnownFileType = sourcecode.swift; path = StorageManager.swift; sourceTree = "<group>"; };
		AB842C0F2A91E52000E4A7CE /* ProfileViewModel.swift */ = {isa = PBXFileReference; lastKnownFileType = sourcecode.swift; path = ProfileViewModel.swift; sourceTree = "<group>"; };
		AB842C112A91F36300E4A7CE /* CustomizeProfileView.swift */ = {isa = PBXFileReference; lastKnownFileType = sourcecode.swift; path = CustomizeProfileView.swift; sourceTree = "<group>"; };
		AB842C132A91F36D00E4A7CE /* CustomizeProfileViewModel.swift */ = {isa = PBXFileReference; lastKnownFileType = sourcecode.swift; path = CustomizeProfileViewModel.swift; sourceTree = "<group>"; };
		AB9002192A8B85BD00F970B8 /* UploadExample.swift */ = {isa = PBXFileReference; lastKnownFileType = sourcecode.swift; path = UploadExample.swift; sourceTree = "<group>"; };
		AB90021C2A8B85DA00F970B8 /* UploadExampleViewModel.swift */ = {isa = PBXFileReference; lastKnownFileType = sourcecode.swift; path = UploadExampleViewModel.swift; sourceTree = "<group>"; };
		AB9455222A9468130055B44A /* ColorPickerWidget.swift */ = {isa = PBXFileReference; lastKnownFileType = sourcecode.swift; path = ColorPickerWidget.swift; sourceTree = "<group>"; };
		ABA45E7D2A7C8D8C0015F000 /* SignInEmailViewModel.swift */ = {isa = PBXFileReference; lastKnownFileType = sourcecode.swift; path = SignInEmailViewModel.swift; sourceTree = "<group>"; };
		ABA45E802A7C8DC50015F000 /* ProfileView.swift */ = {isa = PBXFileReference; lastKnownFileType = sourcecode.swift; path = ProfileView.swift; sourceTree = "<group>"; };
		ABA45E832A7C92B00015F000 /* UserManager.swift */ = {isa = PBXFileReference; lastKnownFileType = sourcecode.swift; path = UserManager.swift; sourceTree = "<group>"; };
		ABB84C332A8CBA03009C7550 /* FrontPageView.swift */ = {isa = PBXFileReference; lastKnownFileType = sourcecode.swift; path = FrontPageView.swift; sourceTree = "<group>"; };
		ABC426B02A863D9F00873EE1 /* SignUpEmailView.swift */ = {isa = PBXFileReference; lastKnownFileType = sourcecode.swift; path = SignUpEmailView.swift; sourceTree = "<group>"; };
		ABC426B22A86438400873EE1 /* SignUpEmailViewModel.swift */ = {isa = PBXFileReference; lastKnownFileType = sourcecode.swift; path = SignUpEmailViewModel.swift; sourceTree = "<group>"; };
		ABCA39D12A79FC16009447C3 /* AuthenticationView.swift */ = {isa = PBXFileReference; lastKnownFileType = sourcecode.swift; path = AuthenticationView.swift; sourceTree = "<group>"; };
		ABCA39D32A79FFAD009447C3 /* SignInEmailView.swift */ = {isa = PBXFileReference; lastKnownFileType = sourcecode.swift; path = SignInEmailView.swift; sourceTree = "<group>"; };
		ABCA39D52A7A0159009447C3 /* AuthenticationManager.swift */ = {isa = PBXFileReference; lastKnownFileType = sourcecode.swift; path = AuthenticationManager.swift; sourceTree = "<group>"; };
		ABCA39D72A7A0671009447C3 /* RootView.swift */ = {isa = PBXFileReference; lastKnownFileType = sourcecode.swift; path = RootView.swift; sourceTree = "<group>"; };
		ABCA39D92A7A0881009447C3 /* SettingsView.swift */ = {isa = PBXFileReference; lastKnownFileType = sourcecode.swift; path = SettingsView.swift; sourceTree = "<group>"; };
		ABF556832A95046D00103880 /* ColorPickerWidgetViewModel.swift */ = {isa = PBXFileReference; lastKnownFileType = sourcecode.swift; path = ColorPickerWidgetViewModel.swift; sourceTree = "<group>"; };
		ABF556852A950BCB00103880 /* RootViewModel.swift */ = {isa = PBXFileReference; lastKnownFileType = sourcecode.swift; path = RootViewModel.swift; sourceTree = "<group>"; };
		ABF56DFE2A7C8C5200F959DB /* SettingsViewModel.swift */ = {isa = PBXFileReference; lastKnownFileType = sourcecode.swift; path = SettingsViewModel.swift; sourceTree = "<group>"; };
/* End PBXFileReference section */

/* Begin PBXFrameworksBuildPhase section */
		A257D77D2A6D707600A4E7BD /* Frameworks */ = {
			isa = PBXFrameworksBuildPhase;
			buildActionMask = 2147483647;
			files = (
				ABF56DF92A7C8B7A00F959DB /* FirebaseFirestoreSwift in Frameworks */,
				ABCA39CC2A79F97D009447C3 /* FirebaseAnalyticsSwift in Frameworks */,
				ABF56DF72A7C8B7A00F959DB /* FirebaseFirestore in Frameworks */,
				ABCA39CF2A79FBB5009447C3 /* FirebaseAuth in Frameworks */,
				ABCA39CA2A79F97D009447C3 /* FirebaseAnalytics in Frameworks */,
				AB842C0B2A91E27E00E4A7CE /* FirebaseStorage in Frameworks */,
			);
			runOnlyForDeploymentPostprocessing = 0;
		};
		A257D78D2A6D707800A4E7BD /* Frameworks */ = {
			isa = PBXFrameworksBuildPhase;
			buildActionMask = 2147483647;
			files = (
			);
			runOnlyForDeploymentPostprocessing = 0;
		};
		A257D7972A6D707800A4E7BD /* Frameworks */ = {
			isa = PBXFrameworksBuildPhase;
			buildActionMask = 2147483647;
			files = (
			);
			runOnlyForDeploymentPostprocessing = 0;
		};
/* End PBXFrameworksBuildPhase section */

/* Begin PBXGroup section */
		85D8C3432AB4E805008803D4 /* Recovered References */ = {
			isa = PBXGroup;
			children = (
				A2354EF52AA0D6CB0092BF1C /* ImageWidget.swift */,
				A2354EF72AA0D6CB0092BF1C /* CanvasWidget.swift */,
				A2003C942AABA08300B1E551 /* Line.swift */,
				85DDD0CC2AB4E79A008A9C56 /* VoteGameReal.swift */,
			);
			name = "Recovered References";
			sourceTree = "<group>";
		};
		A20EBD032AB8A36100EFDDE8 /* Enzo */ = {
			isa = PBXGroup;
			children = (
				A20EBD042AB8A36100EFDDE8 /* SabotageGame.swift */,
				A20EBD052AB8A36100EFDDE8 /* CardView.swift */,
				A20EBD062AB8A36100EFDDE8 /* firstView.swift */,
				A20EBD072AB8A36100EFDDE8 /* VoteGameReal.swift */,
				A20EBD082AB8A36100EFDDE8 /* HotSeatManager.swift */,
				A20EBD092AB8A36100EFDDE8 /* SuperlativeGame.swift */,
			);
			name = Enzo;
			path = TwoCents/Enzo;
			sourceTree = "<group>";
		};
		A257D7772A6D707600A4E7BD = {
			isa = PBXGroup;
			children = (
				A20EBD032AB8A36100EFDDE8 /* Enzo */,
				A257D7822A6D707600A4E7BD /* TwoCents */,
				A257D7932A6D707800A4E7BD /* TwoCentsTests */,
				A257D79D2A6D707800A4E7BD /* TwoCentsUITests */,
				A257D7812A6D707600A4E7BD /* Products */,
				ABCA39CD2A79FBB4009447C3 /* Frameworks */,
				85D8C3432AB4E805008803D4 /* Recovered References */,
			);
			sourceTree = "<group>";
		};
		A257D7812A6D707600A4E7BD /* Products */ = {
			isa = PBXGroup;
			children = (
				A257D7802A6D707600A4E7BD /* TwoCents.app */,
				A257D7902A6D707800A4E7BD /* TwoCentsTests.xctest */,
				A257D79A2A6D707800A4E7BD /* TwoCentsUITests.xctest */,
			);
			name = Products;
			sourceTree = "<group>";
		};
		A257D7822A6D707600A4E7BD /* TwoCents */ = {
			isa = PBXGroup;
			children = (
				A2F5631F2AB4E6700026D8C9 /* Chatting */,
				A2F563122AB4E6240026D8C9 /* Canvas */,
				AB90021B2A8B85C600F970B8 /* Example */,
				AB4C1E4E2A8785BF00588160 /* ColorSelectionView.swift */,
				AB842C0C2A91E2A600E4A7CE /* Storage */,
				ABA45E822A7C92940015F000 /* Firestore */,
				ABF56DFA2A7C8BC700F959DB /* Core */,
				ABCA39D02A79FBED009447C3 /* Authentication */,
				A257D7832A6D707600A4E7BD /* TwoCentsApp.swift */,
				AB7365BA2A85060F00799D31 /* GoogleService-Info.plist */,
				A257D7852A6D707600A4E7BD /* ContentView.swift */,
				A257D7872A6D707800A4E7BD /* Assets.xcassets */,
				A257D7892A6D707800A4E7BD /* Preview Content */,
			);
			path = TwoCents;
			sourceTree = "<group>";
		};
		A257D7892A6D707800A4E7BD /* Preview Content */ = {
			isa = PBXGroup;
			children = (
				A257D78A2A6D707800A4E7BD /* Preview Assets.xcassets */,
			);
			path = "Preview Content";
			sourceTree = "<group>";
		};
		A257D7932A6D707800A4E7BD /* TwoCentsTests */ = {
			isa = PBXGroup;
			children = (
				A257D7942A6D707800A4E7BD /* TwoCentsTests.swift */,
			);
			path = TwoCentsTests;
			sourceTree = "<group>";
		};
		A257D79D2A6D707800A4E7BD /* TwoCentsUITests */ = {
			isa = PBXGroup;
			children = (
				A257D79E2A6D707800A4E7BD /* TwoCentsUITests.swift */,
				A257D7A02A6D707800A4E7BD /* TwoCentsUITestsLaunchTests.swift */,
			);
			path = TwoCentsUITests;
			sourceTree = "<group>";
		};
		A2F563122AB4E6240026D8C9 /* Canvas */ = {
			isa = PBXGroup;
			children = (
				A2F563132AB4E6240026D8C9 /* CanvasWidget.swift */,
				A2F563142AB4E6240026D8C9 /* VideoWidget.swift */,
				A2F563152AB4E6240026D8C9 /* ImageWidget.swift */,
				A2F563162AB4E6240026D8C9 /* Line.swift */,
				A2F563182AB4E6240026D8C9 /* CanvasPage.swift */,
			);
			path = Canvas;
			sourceTree = "<group>";
		};
		A2F5631F2AB4E6700026D8C9 /* Chatting */ = {
			isa = PBXGroup;
			children = (
				A2F563202AB4E6700026D8C9 /* retrievemessages.swift */,
				A2F563212AB4E6700026D8C9 /* chattingView.swift */,
			);
			name = Chatting;
			path = TwoCents/Chatting;
			sourceTree = SOURCE_ROOT;
		};
		AB74383F2AAA339A001B4988 /* SearchUser */ = {
			isa = PBXGroup;
			children = (
				AB7438402AAA349C001B4988 /* SearchUserView.swift */,
				AB7438422AAA34AD001B4988 /* SearchUserViewModel.swift */,
			);
			path = SearchUser;
			sourceTree = "<group>";
		};
		AB842C0C2A91E2A600E4A7CE /* Storage */ = {
			isa = PBXGroup;
			children = (
				AB842C0D2A91E2B500E4A7CE /* StorageManager.swift */,
			);
			path = Storage;
			sourceTree = "<group>";
		};
		AB90021B2A8B85C600F970B8 /* Example */ = {
			isa = PBXGroup;
			children = (
				AB9002192A8B85BD00F970B8 /* UploadExample.swift */,
				AB90021C2A8B85DA00F970B8 /* UploadExampleViewModel.swift */,
			);
			path = Example;
			sourceTree = "<group>";
		};
		AB9455242A94A2D50055B44A /* SignUp */ = {
			isa = PBXGroup;
			children = (
				ABC426B22A86438400873EE1 /* SignUpEmailViewModel.swift */,
				ABC426B02A863D9F00873EE1 /* SignUpEmailView.swift */,
			);
			path = SignUp;
			sourceTree = "<group>";
		};
		AB9455252A94A2E60055B44A /* SignIn */ = {
			isa = PBXGroup;
			children = (
				ABA45E7D2A7C8D8C0015F000 /* SignInEmailViewModel.swift */,
				ABCA39D32A79FFAD009447C3 /* SignInEmailView.swift */,
			);
			path = SignIn;
			sourceTree = "<group>";
		};
		AB9455262A94A2F70055B44A /* CustomizeProfile */ = {
			isa = PBXGroup;
			children = (
				AB9455222A9468130055B44A /* ColorPickerWidget.swift */,
				ABF556832A95046D00103880 /* ColorPickerWidgetViewModel.swift */,
				AB842C112A91F36300E4A7CE /* CustomizeProfileView.swift */,
				AB842C132A91F36D00E4A7CE /* CustomizeProfileViewModel.swift */,
			);
			path = CustomizeProfile;
			sourceTree = "<group>";
		};
		ABA45E7F2A7C8DA70015F000 /* Profile */ = {
			isa = PBXGroup;
			children = (
				ABA45E802A7C8DC50015F000 /* ProfileView.swift */,
				AB842C0F2A91E52000E4A7CE /* ProfileViewModel.swift */,
			);
			path = Profile;
			sourceTree = "<group>";
		};
		ABA45E822A7C92940015F000 /* Firestore */ = {
			isa = PBXGroup;
			children = (
				ABA45E832A7C92B00015F000 /* UserManager.swift */,
			);
			path = Firestore;
			sourceTree = "<group>";
		};
		ABCA39CD2A79FBB4009447C3 /* Frameworks */ = {
			isa = PBXGroup;
			children = (
			);
			name = Frameworks;
			sourceTree = "<group>";
		};
		ABCA39D02A79FBED009447C3 /* Authentication */ = {
			isa = PBXGroup;
			children = (
				ABCA39D52A7A0159009447C3 /* AuthenticationManager.swift */,
			);
			path = Authentication;
			sourceTree = "<group>";
		};
		ABF56DFA2A7C8BC700F959DB /* Core */ = {
			isa = PBXGroup;
			children = (
				AB74383F2AAA339A001B4988 /* SearchUser */,
				AB9455242A94A2D50055B44A /* SignUp */,
				AB9455252A94A2E60055B44A /* SignIn */,
				ABA45E7F2A7C8DA70015F000 /* Profile */,
				ABF56E002A7C8C9300F959DB /* Authentication */,
				ABF56DFB2A7C8C1200F959DB /* Settings */,
				ABCA39D72A7A0671009447C3 /* RootView.swift */,
				ABF556852A950BCB00103880 /* RootViewModel.swift */,
				ABB84C332A8CBA03009C7550 /* FrontPageView.swift */,
			);
			path = Core;
			sourceTree = "<group>";
		};
		ABF56DFB2A7C8C1200F959DB /* Settings */ = {
			isa = PBXGroup;
			children = (
				ABF56DFE2A7C8C5200F959DB /* SettingsViewModel.swift */,
				ABCA39D92A7A0881009447C3 /* SettingsView.swift */,
			);
			path = Settings;
			sourceTree = "<group>";
		};
		ABF56E002A7C8C9300F959DB /* Authentication */ = {
			isa = PBXGroup;
			children = (
				ABCA39D12A79FC16009447C3 /* AuthenticationView.swift */,
				AB9455262A94A2F70055B44A /* CustomizeProfile */,
			);
			path = Authentication;
			sourceTree = "<group>";
		};
/* End PBXGroup section */

/* Begin PBXNativeTarget section */
		A257D77F2A6D707600A4E7BD /* TwoCents */ = {
			isa = PBXNativeTarget;
			buildConfigurationList = A257D7A42A6D707800A4E7BD /* Build configuration list for PBXNativeTarget "TwoCents" */;
			buildPhases = (
				A257D77C2A6D707600A4E7BD /* Sources */,
				A257D77D2A6D707600A4E7BD /* Frameworks */,
				A257D77E2A6D707600A4E7BD /* Resources */,
			);
			buildRules = (
			);
			dependencies = (
			);
			name = TwoCents;
			packageProductDependencies = (
				ABCA39C92A79F97D009447C3 /* FirebaseAnalytics */,
				ABCA39CB2A79F97D009447C3 /* FirebaseAnalyticsSwift */,
				ABCA39CE2A79FBB5009447C3 /* FirebaseAuth */,
				ABF56DF62A7C8B7A00F959DB /* FirebaseFirestore */,
				ABF56DF82A7C8B7A00F959DB /* FirebaseFirestoreSwift */,
				AB842C0A2A91E27E00E4A7CE /* FirebaseStorage */,
			);
			productName = TwoCents;
			productReference = A257D7802A6D707600A4E7BD /* TwoCents.app */;
			productType = "com.apple.product-type.application";
		};
		A257D78F2A6D707800A4E7BD /* TwoCentsTests */ = {
			isa = PBXNativeTarget;
			buildConfigurationList = A257D7A72A6D707800A4E7BD /* Build configuration list for PBXNativeTarget "TwoCentsTests" */;
			buildPhases = (
				A257D78C2A6D707800A4E7BD /* Sources */,
				A257D78D2A6D707800A4E7BD /* Frameworks */,
				A257D78E2A6D707800A4E7BD /* Resources */,
			);
			buildRules = (
			);
			dependencies = (
				A257D7922A6D707800A4E7BD /* PBXTargetDependency */,
			);
			name = TwoCentsTests;
			productName = TwoCentsTests;
			productReference = A257D7902A6D707800A4E7BD /* TwoCentsTests.xctest */;
			productType = "com.apple.product-type.bundle.unit-test";
		};
		A257D7992A6D707800A4E7BD /* TwoCentsUITests */ = {
			isa = PBXNativeTarget;
			buildConfigurationList = A257D7AA2A6D707800A4E7BD /* Build configuration list for PBXNativeTarget "TwoCentsUITests" */;
			buildPhases = (
				A257D7962A6D707800A4E7BD /* Sources */,
				A257D7972A6D707800A4E7BD /* Frameworks */,
				A257D7982A6D707800A4E7BD /* Resources */,
			);
			buildRules = (
			);
			dependencies = (
				A257D79C2A6D707800A4E7BD /* PBXTargetDependency */,
			);
			name = TwoCentsUITests;
			productName = TwoCentsUITests;
			productReference = A257D79A2A6D707800A4E7BD /* TwoCentsUITests.xctest */;
			productType = "com.apple.product-type.bundle.ui-testing";
		};
/* End PBXNativeTarget section */

/* Begin PBXProject section */
		A257D7782A6D707600A4E7BD /* Project object */ = {
			isa = PBXProject;
			attributes = {
				BuildIndependentTargetsInParallel = 1;
				LastSwiftUpdateCheck = 1400;
				LastUpgradeCheck = 1400;
				TargetAttributes = {
					A257D77F2A6D707600A4E7BD = {
						CreatedOnToolsVersion = 14.0.1;
					};
					A257D78F2A6D707800A4E7BD = {
						CreatedOnToolsVersion = 14.0.1;
						TestTargetID = A257D77F2A6D707600A4E7BD;
					};
					A257D7992A6D707800A4E7BD = {
						CreatedOnToolsVersion = 14.0.1;
						TestTargetID = A257D77F2A6D707600A4E7BD;
					};
				};
			};
			buildConfigurationList = A257D77B2A6D707600A4E7BD /* Build configuration list for PBXProject "TwoCents" */;
			compatibilityVersion = "Xcode 14.0";
			developmentRegion = en;
			hasScannedForEncodings = 0;
			knownRegions = (
				en,
				Base,
			);
			mainGroup = A257D7772A6D707600A4E7BD;
			packageReferences = (
				ABCA39C82A79F97D009447C3 /* XCRemoteSwiftPackageReference "firebase-ios-sdk" */,
			);
			productRefGroup = A257D7812A6D707600A4E7BD /* Products */;
			projectDirPath = "";
			projectRoot = "";
			targets = (
				A257D77F2A6D707600A4E7BD /* TwoCents */,
				A257D78F2A6D707800A4E7BD /* TwoCentsTests */,
				A257D7992A6D707800A4E7BD /* TwoCentsUITests */,
			);
		};
/* End PBXProject section */

/* Begin PBXResourcesBuildPhase section */
		A257D77E2A6D707600A4E7BD /* Resources */ = {
			isa = PBXResourcesBuildPhase;
			buildActionMask = 2147483647;
			files = (
				A257D78B2A6D707800A4E7BD /* Preview Assets.xcassets in Resources */,
				A257D7882A6D707800A4E7BD /* Assets.xcassets in Resources */,
				AB7365BB2A85060F00799D31 /* GoogleService-Info.plist in Resources */,
			);
			runOnlyForDeploymentPostprocessing = 0;
		};
		A257D78E2A6D707800A4E7BD /* Resources */ = {
			isa = PBXResourcesBuildPhase;
			buildActionMask = 2147483647;
			files = (
			);
			runOnlyForDeploymentPostprocessing = 0;
		};
		A257D7982A6D707800A4E7BD /* Resources */ = {
			isa = PBXResourcesBuildPhase;
			buildActionMask = 2147483647;
			files = (
			);
			runOnlyForDeploymentPostprocessing = 0;
		};
/* End PBXResourcesBuildPhase section */

/* Begin PBXSourcesBuildPhase section */
		A257D77C2A6D707600A4E7BD /* Sources */ = {
			isa = PBXSourcesBuildPhase;
			buildActionMask = 2147483647;
			files = (
				A26809CA2AB8A77E003B30DE /* VoteGameReal.swift in Sources */,
				AB842C142A91F36D00E4A7CE /* CustomizeProfileViewModel.swift in Sources */,
				A257D7862A6D707600A4E7BD /* ContentView.swift in Sources */,
				ABCA39DA2A7A0881009447C3 /* SettingsView.swift in Sources */,
				A257D7862A6D707600A4E7BD /* ContentView.swift in Sources */,
				ABCA39DA2A7A0881009447C3 /* SettingsView.swift in Sources */,
				AB842C122A91F36300E4A7CE /* CustomizeProfileView.swift in Sources */,
				A2F5631E2AB4E6240026D8C9 /* CanvasPage.swift in Sources */,
				AB90021D2A8B85DA00F970B8 /* UploadExampleViewModel.swift in Sources */,
				A2F563232AB4E6700026D8C9 /* chattingView.swift in Sources */,
				AB4C1E4F2A8785BF00588160 /* ColorSelectionView.swift in Sources */,
				AB7438412AAA349C001B4988 /* SearchUserView.swift in Sources */,
				A2F5631B2AB4E6240026D8C9 /* ImageWidget.swift in Sources */,
				ABCA39D22A79FC16009447C3 /* AuthenticationView.swift in Sources */,
				A2F5631A2AB4E6240026D8C9 /* VideoWidget.swift in Sources */,
				ABF556862A950BCB00103880 /* RootViewModel.swift in Sources */,
				A2F563192AB4E6240026D8C9 /* CanvasWidget.swift in Sources */,
				ABF556842A95046D00103880 /* ColorPickerWidgetViewModel.swift in Sources */,
				ABCA39D62A7A0159009447C3 /* AuthenticationManager.swift in Sources */,
				A2F563222AB4E6700026D8C9 /* retrievemessages.swift in Sources */,
				ABCA39D82A7A0671009447C3 /* RootView.swift in Sources */,
				ABA45E842A7C92B00015F000 /* UserManager.swift in Sources */,
				AB842C0E2A91E2B500E4A7CE /* StorageManager.swift in Sources */,
				A257D7842A6D707600A4E7BD /* TwoCentsApp.swift in Sources */,
				ABCA39D42A79FFAD009447C3 /* SignInEmailView.swift in Sources */,
				ABB84C342A8CBA03009C7550 /* FrontPageView.swift in Sources */,
				A2F5631C2AB4E6240026D8C9 /* Line.swift in Sources */,
				ABF56DFF2A7C8C5200F959DB /* SettingsViewModel.swift in Sources */,
				AB842C102A91E52000E4A7CE /* ProfileViewModel.swift in Sources */,
				AB7438432AAA34AD001B4988 /* SearchUserViewModel.swift in Sources */,
				ABA45E812A7C8DC50015F000 /* ProfileView.swift in Sources */,
				ABC426B32A86438400873EE1 /* SignUpEmailViewModel.swift in Sources */,
				ABC426B12A863D9F00873EE1 /* SignUpEmailView.swift in Sources */,
				ABA45E7E2A7C8D8C0015F000 /* SignInEmailViewModel.swift in Sources */,
				AB90021A2A8B85BD00F970B8 /* UploadExample.swift in Sources */,
				AB9455232A9468130055B44A /* ColorPickerWidget.swift in Sources */,
			);
			runOnlyForDeploymentPostprocessing = 0;
		};
		A257D78C2A6D707800A4E7BD /* Sources */ = {
			isa = PBXSourcesBuildPhase;
			buildActionMask = 2147483647;
			files = (
				A257D7952A6D707800A4E7BD /* TwoCentsTests.swift in Sources */,
			);
			runOnlyForDeploymentPostprocessing = 0;
		};
		A257D7962A6D707800A4E7BD /* Sources */ = {
			isa = PBXSourcesBuildPhase;
			buildActionMask = 2147483647;
			files = (
				A257D7A12A6D707800A4E7BD /* TwoCentsUITestsLaunchTests.swift in Sources */,
				A257D79F2A6D707800A4E7BD /* TwoCentsUITests.swift in Sources */,
			);
			runOnlyForDeploymentPostprocessing = 0;
		};
/* End PBXSourcesBuildPhase section */

/* Begin PBXTargetDependency section */
		A257D7922A6D707800A4E7BD /* PBXTargetDependency */ = {
			isa = PBXTargetDependency;
			target = A257D77F2A6D707600A4E7BD /* TwoCents */;
			targetProxy = A257D7912A6D707800A4E7BD /* PBXContainerItemProxy */;
		};
		A257D79C2A6D707800A4E7BD /* PBXTargetDependency */ = {
			isa = PBXTargetDependency;
			target = A257D77F2A6D707600A4E7BD /* TwoCents */;
			targetProxy = A257D79B2A6D707800A4E7BD /* PBXContainerItemProxy */;
		};
/* End PBXTargetDependency section */

/* Begin XCBuildConfiguration section */
		A257D7A22A6D707800A4E7BD /* Debug */ = {
			isa = XCBuildConfiguration;
			buildSettings = {
				ALWAYS_SEARCH_USER_PATHS = NO;
				CLANG_ANALYZER_NONNULL = YES;
				CLANG_ANALYZER_NUMBER_OBJECT_CONVERSION = YES_AGGRESSIVE;
				CLANG_CXX_LANGUAGE_STANDARD = "gnu++20";
				CLANG_ENABLE_MODULES = YES;
				CLANG_ENABLE_OBJC_ARC = YES;
				CLANG_ENABLE_OBJC_WEAK = YES;
				CLANG_WARN_BLOCK_CAPTURE_AUTORELEASING = YES;
				CLANG_WARN_BOOL_CONVERSION = YES;
				CLANG_WARN_COMMA = YES;
				CLANG_WARN_CONSTANT_CONVERSION = YES;
				CLANG_WARN_DEPRECATED_OBJC_IMPLEMENTATIONS = YES;
				CLANG_WARN_DIRECT_OBJC_ISA_USAGE = YES_ERROR;
				CLANG_WARN_DOCUMENTATION_COMMENTS = YES;
				CLANG_WARN_EMPTY_BODY = YES;
				CLANG_WARN_ENUM_CONVERSION = YES;
				CLANG_WARN_INFINITE_RECURSION = YES;
				CLANG_WARN_INT_CONVERSION = YES;
				CLANG_WARN_NON_LITERAL_NULL_CONVERSION = YES;
				CLANG_WARN_OBJC_IMPLICIT_RETAIN_SELF = YES;
				CLANG_WARN_OBJC_LITERAL_CONVERSION = YES;
				CLANG_WARN_OBJC_ROOT_CLASS = YES_ERROR;
				CLANG_WARN_QUOTED_INCLUDE_IN_FRAMEWORK_HEADER = YES;
				CLANG_WARN_RANGE_LOOP_ANALYSIS = YES;
				CLANG_WARN_STRICT_PROTOTYPES = YES;
				CLANG_WARN_SUSPICIOUS_MOVE = YES;
				CLANG_WARN_UNGUARDED_AVAILABILITY = YES_AGGRESSIVE;
				CLANG_WARN_UNREACHABLE_CODE = YES;
				CLANG_WARN__DUPLICATE_METHOD_MATCH = YES;
				COPY_PHASE_STRIP = NO;
				DEBUG_INFORMATION_FORMAT = dwarf;
				ENABLE_STRICT_OBJC_MSGSEND = YES;
				ENABLE_TESTABILITY = YES;
				GCC_C_LANGUAGE_STANDARD = gnu11;
				GCC_DYNAMIC_NO_PIC = NO;
				GCC_NO_COMMON_BLOCKS = YES;
				GCC_OPTIMIZATION_LEVEL = 0;
				GCC_PREPROCESSOR_DEFINITIONS = (
					"DEBUG=1",
					"$(inherited)",
				);
				GCC_WARN_64_TO_32_BIT_CONVERSION = YES;
				GCC_WARN_ABOUT_RETURN_TYPE = YES_ERROR;
				GCC_WARN_UNDECLARED_SELECTOR = YES;
				GCC_WARN_UNINITIALIZED_AUTOS = YES_AGGRESSIVE;
				GCC_WARN_UNUSED_FUNCTION = YES;
				GCC_WARN_UNUSED_VARIABLE = YES;
				IPHONEOS_DEPLOYMENT_TARGET = 16.0;
				MTL_ENABLE_DEBUG_INFO = INCLUDE_SOURCE;
				MTL_FAST_MATH = YES;
				ONLY_ACTIVE_ARCH = YES;
				SDKROOT = iphoneos;
				SWIFT_ACTIVE_COMPILATION_CONDITIONS = DEBUG;
				SWIFT_OPTIMIZATION_LEVEL = "-Onone";
			};
			name = Debug;
		};
		A257D7A32A6D707800A4E7BD /* Release */ = {
			isa = XCBuildConfiguration;
			buildSettings = {
				ALWAYS_SEARCH_USER_PATHS = NO;
				CLANG_ANALYZER_NONNULL = YES;
				CLANG_ANALYZER_NUMBER_OBJECT_CONVERSION = YES_AGGRESSIVE;
				CLANG_CXX_LANGUAGE_STANDARD = "gnu++20";
				CLANG_ENABLE_MODULES = YES;
				CLANG_ENABLE_OBJC_ARC = YES;
				CLANG_ENABLE_OBJC_WEAK = YES;
				CLANG_WARN_BLOCK_CAPTURE_AUTORELEASING = YES;
				CLANG_WARN_BOOL_CONVERSION = YES;
				CLANG_WARN_COMMA = YES;
				CLANG_WARN_CONSTANT_CONVERSION = YES;
				CLANG_WARN_DEPRECATED_OBJC_IMPLEMENTATIONS = YES;
				CLANG_WARN_DIRECT_OBJC_ISA_USAGE = YES_ERROR;
				CLANG_WARN_DOCUMENTATION_COMMENTS = YES;
				CLANG_WARN_EMPTY_BODY = YES;
				CLANG_WARN_ENUM_CONVERSION = YES;
				CLANG_WARN_INFINITE_RECURSION = YES;
				CLANG_WARN_INT_CONVERSION = YES;
				CLANG_WARN_NON_LITERAL_NULL_CONVERSION = YES;
				CLANG_WARN_OBJC_IMPLICIT_RETAIN_SELF = YES;
				CLANG_WARN_OBJC_LITERAL_CONVERSION = YES;
				CLANG_WARN_OBJC_ROOT_CLASS = YES_ERROR;
				CLANG_WARN_QUOTED_INCLUDE_IN_FRAMEWORK_HEADER = YES;
				CLANG_WARN_RANGE_LOOP_ANALYSIS = YES;
				CLANG_WARN_STRICT_PROTOTYPES = YES;
				CLANG_WARN_SUSPICIOUS_MOVE = YES;
				CLANG_WARN_UNGUARDED_AVAILABILITY = YES_AGGRESSIVE;
				CLANG_WARN_UNREACHABLE_CODE = YES;
				CLANG_WARN__DUPLICATE_METHOD_MATCH = YES;
				COPY_PHASE_STRIP = NO;
				DEBUG_INFORMATION_FORMAT = "dwarf-with-dsym";
				ENABLE_NS_ASSERTIONS = NO;
				ENABLE_STRICT_OBJC_MSGSEND = YES;
				GCC_C_LANGUAGE_STANDARD = gnu11;
				GCC_NO_COMMON_BLOCKS = YES;
				GCC_WARN_64_TO_32_BIT_CONVERSION = YES;
				GCC_WARN_ABOUT_RETURN_TYPE = YES_ERROR;
				GCC_WARN_UNDECLARED_SELECTOR = YES;
				GCC_WARN_UNINITIALIZED_AUTOS = YES_AGGRESSIVE;
				GCC_WARN_UNUSED_FUNCTION = YES;
				GCC_WARN_UNUSED_VARIABLE = YES;
				IPHONEOS_DEPLOYMENT_TARGET = 16.0;
				MTL_ENABLE_DEBUG_INFO = NO;
				MTL_FAST_MATH = YES;
				SDKROOT = iphoneos;
				SWIFT_COMPILATION_MODE = wholemodule;
				SWIFT_OPTIMIZATION_LEVEL = "-O";
				VALIDATE_PRODUCT = YES;
			};
			name = Release;
		};
		A257D7A52A6D707800A4E7BD /* Debug */ = {
			isa = XCBuildConfiguration;
			buildSettings = {
				ASSETCATALOG_COMPILER_APPICON_NAME = AppIcon;
				ASSETCATALOG_COMPILER_GLOBAL_ACCENT_COLOR_NAME = AccentColor;
				CODE_SIGN_STYLE = Automatic;
				CURRENT_PROJECT_VERSION = 1;
				DEVELOPMENT_ASSET_PATHS = "\"TwoCents/Preview Content\"";
				DEVELOPMENT_TEAM = 857HQ99479;
				ENABLE_PREVIEWS = YES;
				GENERATE_INFOPLIST_FILE = YES;
				INFOPLIST_KEY_UIApplicationSceneManifest_Generation = YES;
				INFOPLIST_KEY_UIApplicationSupportsIndirectInputEvents = YES;
				INFOPLIST_KEY_UILaunchScreen_Generation = YES;
				INFOPLIST_KEY_UISupportedInterfaceOrientations_iPad = "UIInterfaceOrientationPortrait UIInterfaceOrientationPortraitUpsideDown UIInterfaceOrientationLandscapeLeft UIInterfaceOrientationLandscapeRight";
				INFOPLIST_KEY_UISupportedInterfaceOrientations_iPhone = "UIInterfaceOrientationPortrait UIInterfaceOrientationLandscapeLeft UIInterfaceOrientationLandscapeRight";
				LD_RUNPATH_SEARCH_PATHS = (
					"$(inherited)",
					"@executable_path/Frameworks",
				);
				MARKETING_VERSION = 1.0;
				PRODUCT_BUNDLE_IDENTIFIER = com.twocentsapp.secondcents;
				PRODUCT_NAME = "$(TARGET_NAME)";
				SWIFT_EMIT_LOC_STRINGS = YES;
				SWIFT_VERSION = 5.0;
				TARGETED_DEVICE_FAMILY = "1,2";
			};
			name = Debug;
		};
		A257D7A62A6D707800A4E7BD /* Release */ = {
			isa = XCBuildConfiguration;
			buildSettings = {
				ASSETCATALOG_COMPILER_APPICON_NAME = AppIcon;
				ASSETCATALOG_COMPILER_GLOBAL_ACCENT_COLOR_NAME = AccentColor;
				CODE_SIGN_STYLE = Automatic;
				CURRENT_PROJECT_VERSION = 1;
				DEVELOPMENT_ASSET_PATHS = "\"TwoCents/Preview Content\"";
				DEVELOPMENT_TEAM = 857HQ99479;
				ENABLE_PREVIEWS = YES;
				GENERATE_INFOPLIST_FILE = YES;
				INFOPLIST_KEY_UIApplicationSceneManifest_Generation = YES;
				INFOPLIST_KEY_UIApplicationSupportsIndirectInputEvents = YES;
				INFOPLIST_KEY_UILaunchScreen_Generation = YES;
				INFOPLIST_KEY_UISupportedInterfaceOrientations_iPad = "UIInterfaceOrientationPortrait UIInterfaceOrientationPortraitUpsideDown UIInterfaceOrientationLandscapeLeft UIInterfaceOrientationLandscapeRight";
				INFOPLIST_KEY_UISupportedInterfaceOrientations_iPhone = "UIInterfaceOrientationPortrait UIInterfaceOrientationLandscapeLeft UIInterfaceOrientationLandscapeRight";
				LD_RUNPATH_SEARCH_PATHS = (
					"$(inherited)",
					"@executable_path/Frameworks",
				);
				MARKETING_VERSION = 1.0;
				PRODUCT_BUNDLE_IDENTIFIER = com.twocentsapp.secondcents;
				PRODUCT_NAME = "$(TARGET_NAME)";
				SWIFT_EMIT_LOC_STRINGS = YES;
				SWIFT_VERSION = 5.0;
				TARGETED_DEVICE_FAMILY = "1,2";
			};
			name = Release;
		};
		A257D7A82A6D707800A4E7BD /* Debug */ = {
			isa = XCBuildConfiguration;
			buildSettings = {
				ALWAYS_EMBED_SWIFT_STANDARD_LIBRARIES = YES;
				BUNDLE_LOADER = "$(TEST_HOST)";
				CODE_SIGN_STYLE = Automatic;
				CURRENT_PROJECT_VERSION = 1;
				GENERATE_INFOPLIST_FILE = YES;
				IPHONEOS_DEPLOYMENT_TARGET = 16.0;
				MARKETING_VERSION = 1.0;
				PRODUCT_BUNDLE_IDENTIFIER = TwoCents.TwoCentsTests;
				PRODUCT_NAME = "$(TARGET_NAME)";
				SWIFT_EMIT_LOC_STRINGS = NO;
				SWIFT_VERSION = 5.0;
				TARGETED_DEVICE_FAMILY = "1,2";
				TEST_HOST = "$(BUILT_PRODUCTS_DIR)/TwoCents.app/$(BUNDLE_EXECUTABLE_FOLDER_PATH)/TwoCents";
			};
			name = Debug;
		};
		A257D7A92A6D707800A4E7BD /* Release */ = {
			isa = XCBuildConfiguration;
			buildSettings = {
				ALWAYS_EMBED_SWIFT_STANDARD_LIBRARIES = YES;
				BUNDLE_LOADER = "$(TEST_HOST)";
				CODE_SIGN_STYLE = Automatic;
				CURRENT_PROJECT_VERSION = 1;
				GENERATE_INFOPLIST_FILE = YES;
				IPHONEOS_DEPLOYMENT_TARGET = 16.0;
				MARKETING_VERSION = 1.0;
				PRODUCT_BUNDLE_IDENTIFIER = TwoCents.TwoCentsTests;
				PRODUCT_NAME = "$(TARGET_NAME)";
				SWIFT_EMIT_LOC_STRINGS = NO;
				SWIFT_VERSION = 5.0;
				TARGETED_DEVICE_FAMILY = "1,2";
				TEST_HOST = "$(BUILT_PRODUCTS_DIR)/TwoCents.app/$(BUNDLE_EXECUTABLE_FOLDER_PATH)/TwoCents";
			};
			name = Release;
		};
		A257D7AB2A6D707800A4E7BD /* Debug */ = {
			isa = XCBuildConfiguration;
			buildSettings = {
				ALWAYS_EMBED_SWIFT_STANDARD_LIBRARIES = YES;
				CODE_SIGN_STYLE = Automatic;
				CURRENT_PROJECT_VERSION = 1;
				GENERATE_INFOPLIST_FILE = YES;
				MARKETING_VERSION = 1.0;
				PRODUCT_BUNDLE_IDENTIFIER = TwoCents.TwoCentsUITests;
				PRODUCT_NAME = "$(TARGET_NAME)";
				SWIFT_EMIT_LOC_STRINGS = NO;
				SWIFT_VERSION = 5.0;
				TARGETED_DEVICE_FAMILY = "1,2";
				TEST_TARGET_NAME = TwoCents;
			};
			name = Debug;
		};
		A257D7AC2A6D707800A4E7BD /* Release */ = {
			isa = XCBuildConfiguration;
			buildSettings = {
				ALWAYS_EMBED_SWIFT_STANDARD_LIBRARIES = YES;
				CODE_SIGN_STYLE = Automatic;
				CURRENT_PROJECT_VERSION = 1;
				GENERATE_INFOPLIST_FILE = YES;
				MARKETING_VERSION = 1.0;
				PRODUCT_BUNDLE_IDENTIFIER = TwoCents.TwoCentsUITests;
				PRODUCT_NAME = "$(TARGET_NAME)";
				SWIFT_EMIT_LOC_STRINGS = NO;
				SWIFT_VERSION = 5.0;
				TARGETED_DEVICE_FAMILY = "1,2";
				TEST_TARGET_NAME = TwoCents;
			};
			name = Release;
		};
/* End XCBuildConfiguration section */

/* Begin XCConfigurationList section */
		A257D77B2A6D707600A4E7BD /* Build configuration list for PBXProject "TwoCents" */ = {
			isa = XCConfigurationList;
			buildConfigurations = (
				A257D7A22A6D707800A4E7BD /* Debug */,
				A257D7A32A6D707800A4E7BD /* Release */,
			);
			defaultConfigurationIsVisible = 0;
			defaultConfigurationName = Release;
		};
		A257D7A42A6D707800A4E7BD /* Build configuration list for PBXNativeTarget "TwoCents" */ = {
			isa = XCConfigurationList;
			buildConfigurations = (
				A257D7A52A6D707800A4E7BD /* Debug */,
				A257D7A62A6D707800A4E7BD /* Release */,
			);
			defaultConfigurationIsVisible = 0;
			defaultConfigurationName = Release;
		};
		A257D7A72A6D707800A4E7BD /* Build configuration list for PBXNativeTarget "TwoCentsTests" */ = {
			isa = XCConfigurationList;
			buildConfigurations = (
				A257D7A82A6D707800A4E7BD /* Debug */,
				A257D7A92A6D707800A4E7BD /* Release */,
			);
			defaultConfigurationIsVisible = 0;
			defaultConfigurationName = Release;
		};
		A257D7AA2A6D707800A4E7BD /* Build configuration list for PBXNativeTarget "TwoCentsUITests" */ = {
			isa = XCConfigurationList;
			buildConfigurations = (
				A257D7AB2A6D707800A4E7BD /* Debug */,
				A257D7AC2A6D707800A4E7BD /* Release */,
			);
			defaultConfigurationIsVisible = 0;
			defaultConfigurationName = Release;
		};
/* End XCConfigurationList section */

/* Begin XCRemoteSwiftPackageReference section */
		ABCA39C82A79F97D009447C3 /* XCRemoteSwiftPackageReference "firebase-ios-sdk" */ = {
			isa = XCRemoteSwiftPackageReference;
			repositoryURL = "https://github.com/firebase/firebase-ios-sdk";
			requirement = {
				kind = upToNextMinorVersion;
				minimumVersion = 10.13.0;
			};
		};
/* End XCRemoteSwiftPackageReference section */

/* Begin XCSwiftPackageProductDependency section */
		AB842C0A2A91E27E00E4A7CE /* FirebaseStorage */ = {
			isa = XCSwiftPackageProductDependency;
			package = ABCA39C82A79F97D009447C3 /* XCRemoteSwiftPackageReference "firebase-ios-sdk" */;
			productName = FirebaseStorage;
		};
		ABCA39C92A79F97D009447C3 /* FirebaseAnalytics */ = {
			isa = XCSwiftPackageProductDependency;
			package = ABCA39C82A79F97D009447C3 /* XCRemoteSwiftPackageReference "firebase-ios-sdk" */;
			productName = FirebaseAnalytics;
		};
		ABCA39CB2A79F97D009447C3 /* FirebaseAnalyticsSwift */ = {
			isa = XCSwiftPackageProductDependency;
			package = ABCA39C82A79F97D009447C3 /* XCRemoteSwiftPackageReference "firebase-ios-sdk" */;
			productName = FirebaseAnalyticsSwift;
		};
		ABCA39CE2A79FBB5009447C3 /* FirebaseAuth */ = {
			isa = XCSwiftPackageProductDependency;
			package = ABCA39C82A79F97D009447C3 /* XCRemoteSwiftPackageReference "firebase-ios-sdk" */;
			productName = FirebaseAuth;
		};
		ABF56DF62A7C8B7A00F959DB /* FirebaseFirestore */ = {
			isa = XCSwiftPackageProductDependency;
			package = ABCA39C82A79F97D009447C3 /* XCRemoteSwiftPackageReference "firebase-ios-sdk" */;
			productName = FirebaseFirestore;
		};
		ABF56DF82A7C8B7A00F959DB /* FirebaseFirestoreSwift */ = {
			isa = XCSwiftPackageProductDependency;
			package = ABCA39C82A79F97D009447C3 /* XCRemoteSwiftPackageReference "firebase-ios-sdk" */;
			productName = FirebaseFirestoreSwift;
		};
/* End XCSwiftPackageProductDependency section */
	};
	rootObject = A257D7782A6D707600A4E7BD /* Project object */;
}
