// !$*UTF8*$!
{
	archiveVersion = 1;
	classes = {
	};
	objectVersion = 56;
	objects = {

/* Begin PBXBuildFile section */
		A2459EDE2A57AB8700BF2441 /* TwoCentsApp.swift in Sources */ = {isa = PBXBuildFile; fileRef = A2459EDD2A57AB8700BF2441 /* TwoCentsApp.swift */; };
		A2459EE02A57AB8700BF2441 /* StartupPage.swift in Sources */ = {isa = PBXBuildFile; fileRef = A2459EDF2A57AB8700BF2441 /* StartupPage.swift */; };
		A2459EE22A57AB8900BF2441 /* Assets.xcassets in Resources */ = {isa = PBXBuildFile; fileRef = A2459EE12A57AB8900BF2441 /* Assets.xcassets */; };
		A2459EE52A57AB8900BF2441 /* Preview Assets.xcassets in Resources */ = {isa = PBXBuildFile; fileRef = A2459EE42A57AB8900BF2441 /* Preview Assets.xcassets */; };
		A2459EEF2A57AB8900BF2441 /* TwoCentsTests.swift in Sources */ = {isa = PBXBuildFile; fileRef = A2459EEE2A57AB8900BF2441 /* TwoCentsTests.swift */; };
		A2459EF92A57AB8900BF2441 /* TwoCentsUITests.swift in Sources */ = {isa = PBXBuildFile; fileRef = A2459EF82A57AB8900BF2441 /* TwoCentsUITests.swift */; };
		A2459EFB2A57AB8900BF2441 /* TwoCentsUITestsLaunchTests.swift in Sources */ = {isa = PBXBuildFile; fileRef = A2459EFA2A57AB8900BF2441 /* TwoCentsUITestsLaunchTests.swift */; };
		A2459F092A57B15800BF2441 /* Realm in Frameworks */ = {isa = PBXBuildFile; productRef = A2459F082A57B15800BF2441 /* Realm */; };
		A2459F0B2A57B15800BF2441 /* RealmSwift in Frameworks */ = {isa = PBXBuildFile; productRef = A2459F0A2A57B15800BF2441 /* RealmSwift */; };
		A2459F0E2A57B25A00BF2441 /* User.swift in Sources */ = {isa = PBXBuildFile; fileRef = A2459F0D2A57B25A00BF2441 /* User.swift */; };
/* End PBXBuildFile section */

/* Begin PBXContainerItemProxy section */
		A2459EEB2A57AB8900BF2441 /* PBXContainerItemProxy */ = {
			isa = PBXContainerItemProxy;
			containerPortal = A2459ED22A57AB8700BF2441 /* Project object */;
			proxyType = 1;
			remoteGlobalIDString = A2459ED92A57AB8700BF2441;
			remoteInfo = TwoCents;
		};
		A2459EF52A57AB8900BF2441 /* PBXContainerItemProxy */ = {
			isa = PBXContainerItemProxy;
			containerPortal = A2459ED22A57AB8700BF2441 /* Project object */;
			proxyType = 1;
			remoteGlobalIDString = A2459ED92A57AB8700BF2441;
			remoteInfo = TwoCents;
		};
/* End PBXContainerItemProxy section */

/* Begin PBXFileReference section */
		A2459EDA2A57AB8700BF2441 /* TwoCents.app */ = {isa = PBXFileReference; explicitFileType = wrapper.application; includeInIndex = 0; path = TwoCents.app; sourceTree = BUILT_PRODUCTS_DIR; };
		A2459EDD2A57AB8700BF2441 /* TwoCentsApp.swift */ = {isa = PBXFileReference; lastKnownFileType = sourcecode.swift; path = TwoCentsApp.swift; sourceTree = "<group>"; };
		A2459EDF2A57AB8700BF2441 /* StartupPage.swift */ = {isa = PBXFileReference; lastKnownFileType = sourcecode.swift; path = StartupPage.swift; sourceTree = "<group>"; };
		A2459EE12A57AB8900BF2441 /* Assets.xcassets */ = {isa = PBXFileReference; lastKnownFileType = folder.assetcatalog; path = Assets.xcassets; sourceTree = "<group>"; };
		A2459EE42A57AB8900BF2441 /* Preview Assets.xcassets */ = {isa = PBXFileReference; lastKnownFileType = folder.assetcatalog; path = "Preview Assets.xcassets"; sourceTree = "<group>"; };
		A2459EEA2A57AB8900BF2441 /* TwoCentsTests.xctest */ = {isa = PBXFileReference; explicitFileType = wrapper.cfbundle; includeInIndex = 0; path = TwoCentsTests.xctest; sourceTree = BUILT_PRODUCTS_DIR; };
		A2459EEE2A57AB8900BF2441 /* TwoCentsTests.swift */ = {isa = PBXFileReference; lastKnownFileType = sourcecode.swift; path = TwoCentsTests.swift; sourceTree = "<group>"; };
		A2459EF42A57AB8900BF2441 /* TwoCentsUITests.xctest */ = {isa = PBXFileReference; explicitFileType = wrapper.cfbundle; includeInIndex = 0; path = TwoCentsUITests.xctest; sourceTree = BUILT_PRODUCTS_DIR; };
		A2459EF82A57AB8900BF2441 /* TwoCentsUITests.swift */ = {isa = PBXFileReference; lastKnownFileType = sourcecode.swift; path = TwoCentsUITests.swift; sourceTree = "<group>"; };
		A2459EFA2A57AB8900BF2441 /* TwoCentsUITestsLaunchTests.swift */ = {isa = PBXFileReference; lastKnownFileType = sourcecode.swift; path = TwoCentsUITestsLaunchTests.swift; sourceTree = "<group>"; };
		A2459F0D2A57B25A00BF2441 /* User.swift */ = {isa = PBXFileReference; lastKnownFileType = sourcecode.swift; path = User.swift; sourceTree = "<group>"; };
/* End PBXFileReference section */

/* Begin PBXFrameworksBuildPhase section */
		A2459ED72A57AB8700BF2441 /* Frameworks */ = {
			isa = PBXFrameworksBuildPhase;
			buildActionMask = 2147483647;
			files = (
				A2459F0B2A57B15800BF2441 /* RealmSwift in Frameworks */,
				A2459F092A57B15800BF2441 /* Realm in Frameworks */,
			);
			runOnlyForDeploymentPostprocessing = 0;
		};
		A2459EE72A57AB8900BF2441 /* Frameworks */ = {
			isa = PBXFrameworksBuildPhase;
			buildActionMask = 2147483647;
			files = (
			);
			runOnlyForDeploymentPostprocessing = 0;
		};
		A2459EF12A57AB8900BF2441 /* Frameworks */ = {
			isa = PBXFrameworksBuildPhase;
			buildActionMask = 2147483647;
			files = (
			);
			runOnlyForDeploymentPostprocessing = 0;
		};
/* End PBXFrameworksBuildPhase section */

/* Begin PBXGroup section */
		A2459ED12A57AB8700BF2441 = {
			isa = PBXGroup;
			children = (
				A2459EDC2A57AB8700BF2441 /* TwoCents */,
				A2459EED2A57AB8900BF2441 /* TwoCentsTests */,
				A2459EF72A57AB8900BF2441 /* TwoCentsUITests */,
				A2459EDB2A57AB8700BF2441 /* Products */,
			);
			sourceTree = "<group>";
		};
		A2459EDB2A57AB8700BF2441 /* Products */ = {
			isa = PBXGroup;
			children = (
				A2459EDA2A57AB8700BF2441 /* TwoCents.app */,
				A2459EEA2A57AB8900BF2441 /* TwoCentsTests.xctest */,
				A2459EF42A57AB8900BF2441 /* TwoCentsUITests.xctest */,
			);
			name = Products;
			sourceTree = "<group>";
		};
		A2459EDC2A57AB8700BF2441 /* TwoCents */ = {
			isa = PBXGroup;
			children = (
				A2459F0C2A57B23A00BF2441 /* Schemas */,
				A2459EDD2A57AB8700BF2441 /* TwoCentsApp.swift */,
				A2459EDF2A57AB8700BF2441 /* StartupPage.swift */,
				A2459EE12A57AB8900BF2441 /* Assets.xcassets */,
				A2459EE32A57AB8900BF2441 /* Preview Content */,
			);
			path = TwoCents;
			sourceTree = "<group>";
		};
		A2459EE32A57AB8900BF2441 /* Preview Content */ = {
			isa = PBXGroup;
			children = (
				A2459EE42A57AB8900BF2441 /* Preview Assets.xcassets */,
			);
			path = "Preview Content";
			sourceTree = "<group>";
		};
		A2459EED2A57AB8900BF2441 /* TwoCentsTests */ = {
			isa = PBXGroup;
			children = (
				A2459EEE2A57AB8900BF2441 /* TwoCentsTests.swift */,
			);
			path = TwoCentsTests;
			sourceTree = "<group>";
		};
		A2459EF72A57AB8900BF2441 /* TwoCentsUITests */ = {
			isa = PBXGroup;
			children = (
				A2459EF82A57AB8900BF2441 /* TwoCentsUITests.swift */,
				A2459EFA2A57AB8900BF2441 /* TwoCentsUITestsLaunchTests.swift */,
			);
			path = TwoCentsUITests;
			sourceTree = "<group>";
		};
		A2459F0C2A57B23A00BF2441 /* Schemas */ = {
			isa = PBXGroup;
			children = (
				A2459F0D2A57B25A00BF2441 /* User.swift */,
			);
			path = Schemas;
			sourceTree = "<group>";
		};
/* End PBXGroup section */

/* Begin PBXNativeTarget section */
		A2459ED92A57AB8700BF2441 /* TwoCents */ = {
			isa = PBXNativeTarget;
			buildConfigurationList = A2459EFE2A57AB8900BF2441 /* Build configuration list for PBXNativeTarget "TwoCents" */;
			buildPhases = (
				A2459ED62A57AB8700BF2441 /* Sources */,
				A2459ED72A57AB8700BF2441 /* Frameworks */,
				A2459ED82A57AB8700BF2441 /* Resources */,
			);
			buildRules = (
			);
			dependencies = (
			);
			name = TwoCents;
			packageProductDependencies = (
				A2459F082A57B15800BF2441 /* Realm */,
				A2459F0A2A57B15800BF2441 /* RealmSwift */,
			);
			productName = TwoCents;
			productReference = A2459EDA2A57AB8700BF2441 /* TwoCents.app */;
			productType = "com.apple.product-type.application";
		};
		A2459EE92A57AB8900BF2441 /* TwoCentsTests */ = {
			isa = PBXNativeTarget;
			buildConfigurationList = A2459F012A57AB8900BF2441 /* Build configuration list for PBXNativeTarget "TwoCentsTests" */;
			buildPhases = (
				A2459EE62A57AB8900BF2441 /* Sources */,
				A2459EE72A57AB8900BF2441 /* Frameworks */,
				A2459EE82A57AB8900BF2441 /* Resources */,
			);
			buildRules = (
			);
			dependencies = (
				A2459EEC2A57AB8900BF2441 /* PBXTargetDependency */,
			);
			name = TwoCentsTests;
			productName = TwoCentsTests;
			productReference = A2459EEA2A57AB8900BF2441 /* TwoCentsTests.xctest */;
			productType = "com.apple.product-type.bundle.unit-test";
		};
		A2459EF32A57AB8900BF2441 /* TwoCentsUITests */ = {
			isa = PBXNativeTarget;
			buildConfigurationList = A2459F042A57AB8900BF2441 /* Build configuration list for PBXNativeTarget "TwoCentsUITests" */;
			buildPhases = (
				A2459EF02A57AB8900BF2441 /* Sources */,
				A2459EF12A57AB8900BF2441 /* Frameworks */,
				A2459EF22A57AB8900BF2441 /* Resources */,
			);
			buildRules = (
			);
			dependencies = (
				A2459EF62A57AB8900BF2441 /* PBXTargetDependency */,
			);
			name = TwoCentsUITests;
			productName = TwoCentsUITests;
			productReference = A2459EF42A57AB8900BF2441 /* TwoCentsUITests.xctest */;
			productType = "com.apple.product-type.bundle.ui-testing";
		};
/* End PBXNativeTarget section */

/* Begin PBXProject section */
		A2459ED22A57AB8700BF2441 /* Project object */ = {
			isa = PBXProject;
			attributes = {
				BuildIndependentTargetsInParallel = 1;
				LastSwiftUpdateCheck = 1400;
				LastUpgradeCheck = 1400;
				TargetAttributes = {
					A2459ED92A57AB8700BF2441 = {
						CreatedOnToolsVersion = 14.0.1;
					};
					A2459EE92A57AB8900BF2441 = {
						CreatedOnToolsVersion = 14.0.1;
						TestTargetID = A2459ED92A57AB8700BF2441;
					};
					A2459EF32A57AB8900BF2441 = {
						CreatedOnToolsVersion = 14.0.1;
						TestTargetID = A2459ED92A57AB8700BF2441;
					};
				};
			};
			buildConfigurationList = A2459ED52A57AB8700BF2441 /* Build configuration list for PBXProject "TwoCents" */;
			compatibilityVersion = "Xcode 14.0";
			developmentRegion = en;
			hasScannedForEncodings = 0;
			knownRegions = (
				en,
				Base,
			);
			mainGroup = A2459ED12A57AB8700BF2441;
			packageReferences = (
				A2459F072A57B15800BF2441 /* XCRemoteSwiftPackageReference "realm-swift" */,
			);
			productRefGroup = A2459EDB2A57AB8700BF2441 /* Products */;
			projectDirPath = "";
			projectRoot = "";
			targets = (
				A2459ED92A57AB8700BF2441 /* TwoCents */,
				A2459EE92A57AB8900BF2441 /* TwoCentsTests */,
				A2459EF32A57AB8900BF2441 /* TwoCentsUITests */,
			);
		};
/* End PBXProject section */

/* Begin PBXResourcesBuildPhase section */
		A2459ED82A57AB8700BF2441 /* Resources */ = {
			isa = PBXResourcesBuildPhase;
			buildActionMask = 2147483647;
			files = (
				A2459EE52A57AB8900BF2441 /* Preview Assets.xcassets in Resources */,
				A2459EE22A57AB8900BF2441 /* Assets.xcassets in Resources */,
			);
			runOnlyForDeploymentPostprocessing = 0;
		};
		A2459EE82A57AB8900BF2441 /* Resources */ = {
			isa = PBXResourcesBuildPhase;
			buildActionMask = 2147483647;
			files = (
			);
			runOnlyForDeploymentPostprocessing = 0;
		};
		A2459EF22A57AB8900BF2441 /* Resources */ = {
			isa = PBXResourcesBuildPhase;
			buildActionMask = 2147483647;
			files = (
			);
			runOnlyForDeploymentPostprocessing = 0;
		};
/* End PBXResourcesBuildPhase section */

/* Begin PBXSourcesBuildPhase section */
		A2459ED62A57AB8700BF2441 /* Sources */ = {
			isa = PBXSourcesBuildPhase;
			buildActionMask = 2147483647;
			files = (
				A2459EE02A57AB8700BF2441 /* StartupPage.swift in Sources */,
				A2459EDE2A57AB8700BF2441 /* TwoCentsApp.swift in Sources */,
				A2459F0E2A57B25A00BF2441 /* User.swift in Sources */,
			);
			runOnlyForDeploymentPostprocessing = 0;
		};
		A2459EE62A57AB8900BF2441 /* Sources */ = {
			isa = PBXSourcesBuildPhase;
			buildActionMask = 2147483647;
			files = (
				A2459EEF2A57AB8900BF2441 /* TwoCentsTests.swift in Sources */,
			);
			runOnlyForDeploymentPostprocessing = 0;
		};
		A2459EF02A57AB8900BF2441 /* Sources */ = {
			isa = PBXSourcesBuildPhase;
			buildActionMask = 2147483647;
			files = (
				A2459EFB2A57AB8900BF2441 /* TwoCentsUITestsLaunchTests.swift in Sources */,
				A2459EF92A57AB8900BF2441 /* TwoCentsUITests.swift in Sources */,
			);
			runOnlyForDeploymentPostprocessing = 0;
		};
/* End PBXSourcesBuildPhase section */

/* Begin PBXTargetDependency section */
		A2459EEC2A57AB8900BF2441 /* PBXTargetDependency */ = {
			isa = PBXTargetDependency;
			target = A2459ED92A57AB8700BF2441 /* TwoCents */;
			targetProxy = A2459EEB2A57AB8900BF2441 /* PBXContainerItemProxy */;
		};
		A2459EF62A57AB8900BF2441 /* PBXTargetDependency */ = {
			isa = PBXTargetDependency;
			target = A2459ED92A57AB8700BF2441 /* TwoCents */;
			targetProxy = A2459EF52A57AB8900BF2441 /* PBXContainerItemProxy */;
		};
/* End PBXTargetDependency section */

/* Begin XCBuildConfiguration section */
		A2459EFC2A57AB8900BF2441 /* Debug */ = {
			isa = XCBuildConfiguration;
			buildSettings = {
				ALWAYS_SEARCH_USER_PATHS = NO;
				CLANG_ANALYZER_NONNULL = YES;
				CLANG_ANALYZER_NUMBER_OBJECT_CONVERSION = YES_AGGRESSIVE;
				CLANG_CXX_LANGUAGE_STANDARD = "gnu++20";
				CLANG_ENABLE_MODULES = YES;
				CLANG_ENABLE_OBJC_ARC = YES;
				CLANG_ENABLE_OBJC_WEAK = YES;
				CLANG_WARN_BLOCK_CAPTURE_AUTORELEASING = YES;
				CLANG_WARN_BOOL_CONVERSION = YES;
				CLANG_WARN_COMMA = YES;
				CLANG_WARN_CONSTANT_CONVERSION = YES;
				CLANG_WARN_DEPRECATED_OBJC_IMPLEMENTATIONS = YES;
				CLANG_WARN_DIRECT_OBJC_ISA_USAGE = YES_ERROR;
				CLANG_WARN_DOCUMENTATION_COMMENTS = YES;
				CLANG_WARN_EMPTY_BODY = YES;
				CLANG_WARN_ENUM_CONVERSION = YES;
				CLANG_WARN_INFINITE_RECURSION = YES;
				CLANG_WARN_INT_CONVERSION = YES;
				CLANG_WARN_NON_LITERAL_NULL_CONVERSION = YES;
				CLANG_WARN_OBJC_IMPLICIT_RETAIN_SELF = YES;
				CLANG_WARN_OBJC_LITERAL_CONVERSION = YES;
				CLANG_WARN_OBJC_ROOT_CLASS = YES_ERROR;
				CLANG_WARN_QUOTED_INCLUDE_IN_FRAMEWORK_HEADER = YES;
				CLANG_WARN_RANGE_LOOP_ANALYSIS = YES;
				CLANG_WARN_STRICT_PROTOTYPES = YES;
				CLANG_WARN_SUSPICIOUS_MOVE = YES;
				CLANG_WARN_UNGUARDED_AVAILABILITY = YES_AGGRESSIVE;
				CLANG_WARN_UNREACHABLE_CODE = YES;
				CLANG_WARN__DUPLICATE_METHOD_MATCH = YES;
				COPY_PHASE_STRIP = NO;
				DEBUG_INFORMATION_FORMAT = dwarf;
				ENABLE_STRICT_OBJC_MSGSEND = YES;
				ENABLE_TESTABILITY = YES;
				GCC_C_LANGUAGE_STANDARD = gnu11;
				GCC_DYNAMIC_NO_PIC = NO;
				GCC_NO_COMMON_BLOCKS = YES;
				GCC_OPTIMIZATION_LEVEL = 0;
				GCC_PREPROCESSOR_DEFINITIONS = (
					"DEBUG=1",
					"$(inherited)",
				);
				GCC_WARN_64_TO_32_BIT_CONVERSION = YES;
				GCC_WARN_ABOUT_RETURN_TYPE = YES_ERROR;
				GCC_WARN_UNDECLARED_SELECTOR = YES;
				GCC_WARN_UNINITIALIZED_AUTOS = YES_AGGRESSIVE;
				GCC_WARN_UNUSED_FUNCTION = YES;
				GCC_WARN_UNUSED_VARIABLE = YES;
				IPHONEOS_DEPLOYMENT_TARGET = 16.0;
				MTL_ENABLE_DEBUG_INFO = INCLUDE_SOURCE;
				MTL_FAST_MATH = YES;
				ONLY_ACTIVE_ARCH = YES;
				SDKROOT = iphoneos;
				SWIFT_ACTIVE_COMPILATION_CONDITIONS = DEBUG;
				SWIFT_OPTIMIZATION_LEVEL = "-Onone";
			};
			name = Debug;
		};
		A2459EFD2A57AB8900BF2441 /* Release */ = {
			isa = XCBuildConfiguration;
			buildSettings = {
				ALWAYS_SEARCH_USER_PATHS = NO;
				CLANG_ANALYZER_NONNULL = YES;
				CLANG_ANALYZER_NUMBER_OBJECT_CONVERSION = YES_AGGRESSIVE;
				CLANG_CXX_LANGUAGE_STANDARD = "gnu++20";
				CLANG_ENABLE_MODULES = YES;
				CLANG_ENABLE_OBJC_ARC = YES;
				CLANG_ENABLE_OBJC_WEAK = YES;
				CLANG_WARN_BLOCK_CAPTURE_AUTORELEASING = YES;
				CLANG_WARN_BOOL_CONVERSION = YES;
				CLANG_WARN_COMMA = YES;
				CLANG_WARN_CONSTANT_CONVERSION = YES;
				CLANG_WARN_DEPRECATED_OBJC_IMPLEMENTATIONS = YES;
				CLANG_WARN_DIRECT_OBJC_ISA_USAGE = YES_ERROR;
				CLANG_WARN_DOCUMENTATION_COMMENTS = YES;
				CLANG_WARN_EMPTY_BODY = YES;
				CLANG_WARN_ENUM_CONVERSION = YES;
				CLANG_WARN_INFINITE_RECURSION = YES;
				CLANG_WARN_INT_CONVERSION = YES;
				CLANG_WARN_NON_LITERAL_NULL_CONVERSION = YES;
				CLANG_WARN_OBJC_IMPLICIT_RETAIN_SELF = YES;
				CLANG_WARN_OBJC_LITERAL_CONVERSION = YES;
				CLANG_WARN_OBJC_ROOT_CLASS = YES_ERROR;
				CLANG_WARN_QUOTED_INCLUDE_IN_FRAMEWORK_HEADER = YES;
				CLANG_WARN_RANGE_LOOP_ANALYSIS = YES;
				CLANG_WARN_STRICT_PROTOTYPES = YES;
				CLANG_WARN_SUSPICIOUS_MOVE = YES;
				CLANG_WARN_UNGUARDED_AVAILABILITY = YES_AGGRESSIVE;
				CLANG_WARN_UNREACHABLE_CODE = YES;
				CLANG_WARN__DUPLICATE_METHOD_MATCH = YES;
				COPY_PHASE_STRIP = NO;
				DEBUG_INFORMATION_FORMAT = "dwarf-with-dsym";
				ENABLE_NS_ASSERTIONS = NO;
				ENABLE_STRICT_OBJC_MSGSEND = YES;
				GCC_C_LANGUAGE_STANDARD = gnu11;
				GCC_NO_COMMON_BLOCKS = YES;
				GCC_WARN_64_TO_32_BIT_CONVERSION = YES;
				GCC_WARN_ABOUT_RETURN_TYPE = YES_ERROR;
				GCC_WARN_UNDECLARED_SELECTOR = YES;
				GCC_WARN_UNINITIALIZED_AUTOS = YES_AGGRESSIVE;
				GCC_WARN_UNUSED_FUNCTION = YES;
				GCC_WARN_UNUSED_VARIABLE = YES;
				IPHONEOS_DEPLOYMENT_TARGET = 16.0;
				MTL_ENABLE_DEBUG_INFO = NO;
				MTL_FAST_MATH = YES;
				SDKROOT = iphoneos;
				SWIFT_COMPILATION_MODE = wholemodule;
				SWIFT_OPTIMIZATION_LEVEL = "-O";
				VALIDATE_PRODUCT = YES;
			};
			name = Release;
		};
		A2459EFF2A57AB8900BF2441 /* Debug */ = {
			isa = XCBuildConfiguration;
			buildSettings = {
				ASSETCATALOG_COMPILER_APPICON_NAME = AppIcon;
				ASSETCATALOG_COMPILER_GLOBAL_ACCENT_COLOR_NAME = AccentColor;
				CODE_SIGN_STYLE = Automatic;
				CURRENT_PROJECT_VERSION = 1;
				DEVELOPMENT_ASSET_PATHS = "\"TwoCents/Preview Content\"";
				ENABLE_PREVIEWS = YES;
				GENERATE_INFOPLIST_FILE = YES;
				INFOPLIST_KEY_UIApplicationSceneManifest_Generation = YES;
				INFOPLIST_KEY_UIApplicationSupportsIndirectInputEvents = YES;
				INFOPLIST_KEY_UILaunchScreen_Generation = YES;
				INFOPLIST_KEY_UISupportedInterfaceOrientations_iPad = "UIInterfaceOrientationPortrait UIInterfaceOrientationPortraitUpsideDown UIInterfaceOrientationLandscapeLeft UIInterfaceOrientationLandscapeRight";
				INFOPLIST_KEY_UISupportedInterfaceOrientations_iPhone = "UIInterfaceOrientationPortrait UIInterfaceOrientationLandscapeLeft UIInterfaceOrientationLandscapeRight";
				LD_RUNPATH_SEARCH_PATHS = (
					"$(inherited)",
					"@executable_path/Frameworks",
				);
				MARKETING_VERSION = 1.0;
				PRODUCT_BUNDLE_IDENTIFIER = TwoCents.TwoCents;
				PRODUCT_NAME = "$(TARGET_NAME)";
				SWIFT_EMIT_LOC_STRINGS = YES;
				SWIFT_VERSION = 5.0;
				TARGETED_DEVICE_FAMILY = "1,2";
			};
			name = Debug;
		};
		A2459F002A57AB8900BF2441 /* Release */ = {
			isa = XCBuildConfiguration;
			buildSettings = {
				ASSETCATALOG_COMPILER_APPICON_NAME = AppIcon;
				ASSETCATALOG_COMPILER_GLOBAL_ACCENT_COLOR_NAME = AccentColor;
				CODE_SIGN_STYLE = Automatic;
				CURRENT_PROJECT_VERSION = 1;
				DEVELOPMENT_ASSET_PATHS = "\"TwoCents/Preview Content\"";
				ENABLE_PREVIEWS = YES;
				GENERATE_INFOPLIST_FILE = YES;
				INFOPLIST_KEY_UIApplicationSceneManifest_Generation = YES;
				INFOPLIST_KEY_UIApplicationSupportsIndirectInputEvents = YES;
				INFOPLIST_KEY_UILaunchScreen_Generation = YES;
				INFOPLIST_KEY_UISupportedInterfaceOrientations_iPad = "UIInterfaceOrientationPortrait UIInterfaceOrientationPortraitUpsideDown UIInterfaceOrientationLandscapeLeft UIInterfaceOrientationLandscapeRight";
				INFOPLIST_KEY_UISupportedInterfaceOrientations_iPhone = "UIInterfaceOrientationPortrait UIInterfaceOrientationLandscapeLeft UIInterfaceOrientationLandscapeRight";
				LD_RUNPATH_SEARCH_PATHS = (
					"$(inherited)",
					"@executable_path/Frameworks",
				);
				MARKETING_VERSION = 1.0;
				PRODUCT_BUNDLE_IDENTIFIER = TwoCents.TwoCents;
				PRODUCT_NAME = "$(TARGET_NAME)";
				SWIFT_EMIT_LOC_STRINGS = YES;
				SWIFT_VERSION = 5.0;
				TARGETED_DEVICE_FAMILY = "1,2";
			};
			name = Release;
		};
		A2459F022A57AB8900BF2441 /* Debug */ = {
			isa = XCBuildConfiguration;
			buildSettings = {
				ALWAYS_EMBED_SWIFT_STANDARD_LIBRARIES = YES;
				BUNDLE_LOADER = "$(TEST_HOST)";
				CODE_SIGN_STYLE = Automatic;
				CURRENT_PROJECT_VERSION = 1;
				GENERATE_INFOPLIST_FILE = YES;
				IPHONEOS_DEPLOYMENT_TARGET = 16.0;
				MARKETING_VERSION = 1.0;
				PRODUCT_BUNDLE_IDENTIFIER = TwoCents.TwoCentsTests;
				PRODUCT_NAME = "$(TARGET_NAME)";
				SWIFT_EMIT_LOC_STRINGS = NO;
				SWIFT_VERSION = 5.0;
				TARGETED_DEVICE_FAMILY = "1,2";
				TEST_HOST = "$(BUILT_PRODUCTS_DIR)/TwoCents.app/$(BUNDLE_EXECUTABLE_FOLDER_PATH)/TwoCents";
			};
			name = Debug;
		};
		A2459F032A57AB8900BF2441 /* Release */ = {
			isa = XCBuildConfiguration;
			buildSettings = {
				ALWAYS_EMBED_SWIFT_STANDARD_LIBRARIES = YES;
				BUNDLE_LOADER = "$(TEST_HOST)";
				CODE_SIGN_STYLE = Automatic;
				CURRENT_PROJECT_VERSION = 1;
				GENERATE_INFOPLIST_FILE = YES;
				IPHONEOS_DEPLOYMENT_TARGET = 16.0;
				MARKETING_VERSION = 1.0;
				PRODUCT_BUNDLE_IDENTIFIER = TwoCents.TwoCentsTests;
				PRODUCT_NAME = "$(TARGET_NAME)";
				SWIFT_EMIT_LOC_STRINGS = NO;
				SWIFT_VERSION = 5.0;
				TARGETED_DEVICE_FAMILY = "1,2";
				TEST_HOST = "$(BUILT_PRODUCTS_DIR)/TwoCents.app/$(BUNDLE_EXECUTABLE_FOLDER_PATH)/TwoCents";
			};
			name = Release;
		};
		A2459F052A57AB8900BF2441 /* Debug */ = {
			isa = XCBuildConfiguration;
			buildSettings = {
				ALWAYS_EMBED_SWIFT_STANDARD_LIBRARIES = YES;
				CODE_SIGN_STYLE = Automatic;
				CURRENT_PROJECT_VERSION = 1;
				GENERATE_INFOPLIST_FILE = YES;
				MARKETING_VERSION = 1.0;
				PRODUCT_BUNDLE_IDENTIFIER = TwoCents.TwoCentsUITests;
				PRODUCT_NAME = "$(TARGET_NAME)";
				SWIFT_EMIT_LOC_STRINGS = NO;
				SWIFT_VERSION = 5.0;
				TARGETED_DEVICE_FAMILY = "1,2";
				TEST_TARGET_NAME = TwoCents;
			};
			name = Debug;
		};
		A2459F062A57AB8900BF2441 /* Release */ = {
			isa = XCBuildConfiguration;
			buildSettings = {
				ALWAYS_EMBED_SWIFT_STANDARD_LIBRARIES = YES;
				CODE_SIGN_STYLE = Automatic;
				CURRENT_PROJECT_VERSION = 1;
				GENERATE_INFOPLIST_FILE = YES;
				MARKETING_VERSION = 1.0;
				PRODUCT_BUNDLE_IDENTIFIER = TwoCents.TwoCentsUITests;
				PRODUCT_NAME = "$(TARGET_NAME)";
				SWIFT_EMIT_LOC_STRINGS = NO;
				SWIFT_VERSION = 5.0;
				TARGETED_DEVICE_FAMILY = "1,2";
				TEST_TARGET_NAME = TwoCents;
			};
			name = Release;
		};
/* End XCBuildConfiguration section */

/* Begin XCConfigurationList section */
		A2459ED52A57AB8700BF2441 /* Build configuration list for PBXProject "TwoCents" */ = {
			isa = XCConfigurationList;
			buildConfigurations = (
				A2459EFC2A57AB8900BF2441 /* Debug */,
				A2459EFD2A57AB8900BF2441 /* Release */,
			);
			defaultConfigurationIsVisible = 0;
			defaultConfigurationName = Release;
		};
		A2459EFE2A57AB8900BF2441 /* Build configuration list for PBXNativeTarget "TwoCents" */ = {
			isa = XCConfigurationList;
			buildConfigurations = (
				A2459EFF2A57AB8900BF2441 /* Debug */,
				A2459F002A57AB8900BF2441 /* Release */,
			);
			defaultConfigurationIsVisible = 0;
			defaultConfigurationName = Release;
		};
		A2459F012A57AB8900BF2441 /* Build configuration list for PBXNativeTarget "TwoCentsTests" */ = {
			isa = XCConfigurationList;
			buildConfigurations = (
				A2459F022A57AB8900BF2441 /* Debug */,
				A2459F032A57AB8900BF2441 /* Release */,
			);
			defaultConfigurationIsVisible = 0;
			defaultConfigurationName = Release;
		};
		A2459F042A57AB8900BF2441 /* Build configuration list for PBXNativeTarget "TwoCentsUITests" */ = {
			isa = XCConfigurationList;
			buildConfigurations = (
				A2459F052A57AB8900BF2441 /* Debug */,
				A2459F062A57AB8900BF2441 /* Release */,
			);
			defaultConfigurationIsVisible = 0;
			defaultConfigurationName = Release;
		};
/* End XCConfigurationList section */

/* Begin XCRemoteSwiftPackageReference section */
		A2459F072A57B15800BF2441 /* XCRemoteSwiftPackageReference "realm-swift" */ = {
			isa = XCRemoteSwiftPackageReference;
			repositoryURL = "https://github.com/realm/realm-swift.git";
			requirement = {
				kind = upToNextMajorVersion;
				minimumVersion = 10.41.0;
			};
		};
/* End XCRemoteSwiftPackageReference section */

/* Begin XCSwiftPackageProductDependency section */
		A2459F082A57B15800BF2441 /* Realm */ = {
			isa = XCSwiftPackageProductDependency;
			package = A2459F072A57B15800BF2441 /* XCRemoteSwiftPackageReference "realm-swift" */;
			productName = Realm;
		};
		A2459F0A2A57B15800BF2441 /* RealmSwift */ = {
			isa = XCSwiftPackageProductDependency;
			package = A2459F072A57B15800BF2441 /* XCRemoteSwiftPackageReference "realm-swift" */;
			productName = RealmSwift;
		};
/* End XCSwiftPackageProductDependency section */
	};
	rootObject = A2459ED22A57AB8700BF2441 /* Project object */;
}
